// !$*UTF8*$!
{
	archiveVersion = 1;
	classes = {
	};
	objectVersion = 45;
	objects = {

/* Begin PBXBuildFile section */
		06FF787615992D9657EE00A4 /* btDefaultSoftBodySolver.cpp in Sources */ = {isa = PBXBuildFile; fileRef = 50ED36635AD618BE05673DF6 /* btDefaultSoftBodySolver.cpp */; };
		2E78489625FD23183C1D4150 /* btSoftBody.cpp in Sources */ = {isa = PBXBuildFile; fileRef = 49511A4F423A1FE673E83EC3 /* btSoftBody.cpp */; };
		3CD56BC43D1D40F5494D7EE3 /* btSoftBodyConcaveCollisionAlgorithm.cpp in Sources */ = {isa = PBXBuildFile; fileRef = 60F70DDA7E16153812FE0974 /* btSoftBodyConcaveCollisionAlgorithm.cpp */; };
		0E746F3664A07D711F1C7FB1 /* btSoftBodyHelpers.cpp in Sources */ = {isa = PBXBuildFile; fileRef = 1E0375782326284366AB75A6 /* btSoftBodyHelpers.cpp */; };
		2C9B7DC054270B42455027BD /* btSoftBodyRigidBodyCollisionConfiguration.cpp in Sources */ = {isa = PBXBuildFile; fileRef = 710846F913DD198B094B2427 /* btSoftBodyRigidBodyCollisionConfiguration.cpp */; };
		209001E63A93126B3DE65BF5 /* btSoftRigidCollisionAlgorithm.cpp in Sources */ = {isa = PBXBuildFile; fileRef = 17CF511610DD1DC64F6446DE /* btSoftRigidCollisionAlgorithm.cpp */; };
		60D774854F1A67B663334874 /* btSoftRigidDynamicsWorld.cpp in Sources */ = {isa = PBXBuildFile; fileRef = 31021FE310F00D784F76552A /* btSoftRigidDynamicsWorld.cpp */; };
		5071387D317721EF5BAA1193 /* btSoftSoftCollisionAlgorithm.cpp in Sources */ = {isa = PBXBuildFile; fileRef = 2B8E7F69061E58F40C3A37B7 /* btSoftSoftCollisionAlgorithm.cpp */; };
/* End PBXBuildFile section */

/* Begin PBXFileReference section */
		50ED36635AD618BE05673DF6 /* btDefaultSoftBodySolver.cpp */ = {isa = PBXFileReference; lastKnownFileType = sourcecode.cpp.cpp; name = "btDefaultSoftBodySolver.cpp"; path = "../../src/BulletSoftBody/btDefaultSoftBodySolver.cpp"; sourceTree = "<group>"; };
		45A83A8511792AF97AD3399C /* btDefaultSoftBodySolver.h */ = {isa = PBXFileReference; lastKnownFileType = sourcecode.c.h; name = "btDefaultSoftBodySolver.h"; path = "../../src/BulletSoftBody/btDefaultSoftBodySolver.h"; sourceTree = "<group>"; };
		49511A4F423A1FE673E83EC3 /* btSoftBody.cpp */ = {isa = PBXFileReference; lastKnownFileType = sourcecode.cpp.cpp; name = "btSoftBody.cpp"; path = "../../src/BulletSoftBody/btSoftBody.cpp"; sourceTree = "<group>"; };
		242500192746169A7F38472B /* btSoftBody.h */ = {isa = PBXFileReference; lastKnownFileType = sourcecode.c.h; name = "btSoftBody.h"; path = "../../src/BulletSoftBody/btSoftBody.h"; sourceTree = "<group>"; };
		60F70DDA7E16153812FE0974 /* btSoftBodyConcaveCollisionAlgorithm.cpp */ = {isa = PBXFileReference; lastKnownFileType = sourcecode.cpp.cpp; name = "btSoftBodyConcaveCollisionAlgorithm.cpp"; path = "../../src/BulletSoftBody/btSoftBodyConcaveCollisionAlgorithm.cpp"; sourceTree = "<group>"; };
		0E03738B438506486F196631 /* btSoftBodyConcaveCollisionAlgorithm.h */ = {isa = PBXFileReference; lastKnownFileType = sourcecode.c.h; name = "btSoftBodyConcaveCollisionAlgorithm.h"; path = "../../src/BulletSoftBody/btSoftBodyConcaveCollisionAlgorithm.h"; sourceTree = "<group>"; };
		1FD90BFC03306F4C05477937 /* btSoftBodyData.h */ = {isa = PBXFileReference; lastKnownFileType = sourcecode.c.h; name = "btSoftBodyData.h"; path = "../../src/BulletSoftBody/btSoftBodyData.h"; sourceTree = "<group>"; };
		1E0375782326284366AB75A6 /* btSoftBodyHelpers.cpp */ = {isa = PBXFileReference; lastKnownFileType = sourcecode.cpp.cpp; name = "btSoftBodyHelpers.cpp"; path = "../../src/BulletSoftBody/btSoftBodyHelpers.cpp"; sourceTree = "<group>"; };
		6BB87E0510582483559D6082 /* btSoftBodyHelpers.h */ = {isa = PBXFileReference; lastKnownFileType = sourcecode.c.h; name = "btSoftBodyHelpers.h"; path = "../../src/BulletSoftBody/btSoftBodyHelpers.h"; sourceTree = "<group>"; };
		7DC32FBF26BD7DEB706320AD /* btSoftBodyInternals.h */ = {isa = PBXFileReference; lastKnownFileType = sourcecode.c.h; name = "btSoftBodyInternals.h"; path = "../../src/BulletSoftBody/btSoftBodyInternals.h"; sourceTree = "<group>"; };
		710846F913DD198B094B2427 /* btSoftBodyRigidBodyCollisionConfiguration.cpp */ = {isa = PBXFileReference; lastKnownFileType = sourcecode.cpp.cpp; name = "btSoftBodyRigidBodyCollisionConfiguration.cpp"; path = "../../src/BulletSoftBody/btSoftBodyRigidBodyCollisionConfiguration.cpp"; sourceTree = "<group>"; };
		127167BD29ED2A495FC23A41 /* btSoftBodyRigidBodyCollisionConfiguration.h */ = {isa = PBXFileReference; lastKnownFileType = sourcecode.c.h; name = "btSoftBodyRigidBodyCollisionConfiguration.h"; path = "../../src/BulletSoftBody/btSoftBodyRigidBodyCollisionConfiguration.h"; sourceTree = "<group>"; };
		1F2D6151461735481F3E5D5E /* btSoftBodySolverVertexBuffer.h */ = {isa = PBXFileReference; lastKnownFileType = sourcecode.c.h; name = "btSoftBodySolverVertexBuffer.h"; path = "../../src/BulletSoftBody/btSoftBodySolverVertexBuffer.h"; sourceTree = "<group>"; };
		58DF58D45BB2389B7E5F3DCB /* btSoftBodySolvers.h */ = {isa = PBXFileReference; lastKnownFileType = sourcecode.c.h; name = "btSoftBodySolvers.h"; path = "../../src/BulletSoftBody/btSoftBodySolvers.h"; sourceTree = "<group>"; };
		17CF511610DD1DC64F6446DE /* btSoftRigidCollisionAlgorithm.cpp */ = {isa = PBXFileReference; lastKnownFileType = sourcecode.cpp.cpp; name = "btSoftRigidCollisionAlgorithm.cpp"; path = "../../src/BulletSoftBody/btSoftRigidCollisionAlgorithm.cpp"; sourceTree = "<group>"; };
		4C7E752C503A19316C5F0257 /* btSoftRigidCollisionAlgorithm.h */ = {isa = PBXFileReference; lastKnownFileType = sourcecode.c.h; name = "btSoftRigidCollisionAlgorithm.h"; path = "../../src/BulletSoftBody/btSoftRigidCollisionAlgorithm.h"; sourceTree = "<group>"; };
		31021FE310F00D784F76552A /* btSoftRigidDynamicsWorld.cpp */ = {isa = PBXFileReference; lastKnownFileType = sourcecode.cpp.cpp; name = "btSoftRigidDynamicsWorld.cpp"; path = "../../src/BulletSoftBody/btSoftRigidDynamicsWorld.cpp"; sourceTree = "<group>"; };
		4FF443A800D14B3201113B89 /* btSoftRigidDynamicsWorld.h */ = {isa = PBXFileReference; lastKnownFileType = sourcecode.c.h; name = "btSoftRigidDynamicsWorld.h"; path = "../../src/BulletSoftBody/btSoftRigidDynamicsWorld.h"; sourceTree = "<group>"; };
		2B8E7F69061E58F40C3A37B7 /* btSoftSoftCollisionAlgorithm.cpp */ = {isa = PBXFileReference; lastKnownFileType = sourcecode.cpp.cpp; name = "btSoftSoftCollisionAlgorithm.cpp"; path = "../../src/BulletSoftBody/btSoftSoftCollisionAlgorithm.cpp"; sourceTree = "<group>"; };
		7C107FA731A02CE444AC0D99 /* btSoftSoftCollisionAlgorithm.h */ = {isa = PBXFileReference; lastKnownFileType = sourcecode.c.h; name = "btSoftSoftCollisionAlgorithm.h"; path = "../../src/BulletSoftBody/btSoftSoftCollisionAlgorithm.h"; sourceTree = "<group>"; };
		581D15A6607463CA714A400E /* btSparseSDF.h */ = {isa = PBXFileReference; lastKnownFileType = sourcecode.c.h; name = "btSparseSDF.h"; path = "../../src/BulletSoftBody/btSparseSDF.h"; sourceTree = "<group>"; };
		11F324BF1E6E48F359646009 /* libBulletSoftBody_xcode4_x64_release.a */ = {isa = PBXFileReference; explicitFileType = archive.ar; includeInIndex = 0; name = "libBulletSoftBody_xcode4_x64_release.a"; path = "libBulletSoftBody_xcode4_x64_release.a"; sourceTree = BUILT_PRODUCTS_DIR; };
/* End PBXFileReference section */

/* Begin PBXFrameworksBuildPhase section */
		51BA32B07D2602B62CD15D35 /* Frameworks */ = {
			isa = PBXFrameworksBuildPhase;
			buildActionMask = 2147483647;
			files = (
			);
			runOnlyForDeploymentPostprocessing = 0;
		};
/* End PBXFrameworksBuildPhase section */

/* Begin PBXGroup section */
		57F7261402E321B7270F75CC /* BulletSoftBody */ = {
			isa = PBXGroup;
			children = (
				605C5133095D3C4506B84867 /* src */,
				75EE707B2DCB6BA419B84022 /* Products */,
			);
			name = "BulletSoftBody";
			sourceTree = "<group>";
		};
		605C5133095D3C4506B84867 /* src */ = {
			isa = PBXGroup;
			children = (
				061E33F86D0B1F065CB31A95 /* BulletSoftBody */,
			);
			name = "src";
			sourceTree = "<group>";
		};
		061E33F86D0B1F065CB31A95 /* BulletSoftBody */ = {
			isa = PBXGroup;
			children = (
				50ED36635AD618BE05673DF6 /* btDefaultSoftBodySolver.cpp */,
				45A83A8511792AF97AD3399C /* btDefaultSoftBodySolver.h */,
				49511A4F423A1FE673E83EC3 /* btSoftBody.cpp */,
				242500192746169A7F38472B /* btSoftBody.h */,
				60F70DDA7E16153812FE0974 /* btSoftBodyConcaveCollisionAlgorithm.cpp */,
				0E03738B438506486F196631 /* btSoftBodyConcaveCollisionAlgorithm.h */,
				1FD90BFC03306F4C05477937 /* btSoftBodyData.h */,
				1E0375782326284366AB75A6 /* btSoftBodyHelpers.cpp */,
				6BB87E0510582483559D6082 /* btSoftBodyHelpers.h */,
				7DC32FBF26BD7DEB706320AD /* btSoftBodyInternals.h */,
				710846F913DD198B094B2427 /* btSoftBodyRigidBodyCollisionConfiguration.cpp */,
				127167BD29ED2A495FC23A41 /* btSoftBodyRigidBodyCollisionConfiguration.h */,
				1F2D6151461735481F3E5D5E /* btSoftBodySolverVertexBuffer.h */,
				58DF58D45BB2389B7E5F3DCB /* btSoftBodySolvers.h */,
				17CF511610DD1DC64F6446DE /* btSoftRigidCollisionAlgorithm.cpp */,
				4C7E752C503A19316C5F0257 /* btSoftRigidCollisionAlgorithm.h */,
				31021FE310F00D784F76552A /* btSoftRigidDynamicsWorld.cpp */,
				4FF443A800D14B3201113B89 /* btSoftRigidDynamicsWorld.h */,
				2B8E7F69061E58F40C3A37B7 /* btSoftSoftCollisionAlgorithm.cpp */,
				7C107FA731A02CE444AC0D99 /* btSoftSoftCollisionAlgorithm.h */,
				581D15A6607463CA714A400E /* btSparseSDF.h */,
			);
			name = "BulletSoftBody";
			sourceTree = "<group>";
		};
		75EE707B2DCB6BA419B84022 /* Products */ = {
			isa = PBXGroup;
			children = (
				11F324BF1E6E48F359646009 /* libBulletSoftBody_xcode4_x64_release.a */,
			);
			name = "Products";
			sourceTree = "<group>";
		};
/* End PBXGroup section */

/* Begin PBXNativeTarget section */
		1997252D4076301410786BE3 /* BulletSoftBody */ = {
			isa = PBXNativeTarget;
			buildConfigurationList = 784862A34F2E59D6716F635C /* Build configuration list for PBXNativeTarget "BulletSoftBody" */;
			buildPhases = (
				67F0756C2E4E31291CDF2496 /* Resources */,
				77557E08440A00F710874A3E /* Sources */,
				51BA32B07D2602B62CD15D35 /* Frameworks */,
			);
			buildRules = (
			);
			dependencies = (
			);
			name = "BulletSoftBody";
			productName = "BulletSoftBody";
			productReference = 11F324BF1E6E48F359646009 /* libBulletSoftBody_xcode4_x64_release.a */;
			productType = "com.apple.product-type.library.static";
		};
/* End PBXNativeTarget section */

/* Begin PBXProject section */
		08FB7793FE84155DC02AAC07 /* Project object */ = {
			isa = PBXProject;
			buildConfigurationList = 1DEB928908733DD80010E9CD /* Build configuration list for PBXProject "BulletSoftBody" */;
			compatibilityVersion = "Xcode 3.2";
			hasScannedForEncodings = 1;
			mainGroup = 57F7261402E321B7270F75CC /* BulletSoftBody */;
			projectDirPath = "";
			projectRoot = "";
			targets = (
				1997252D4076301410786BE3 /* libBulletSoftBody_xcode4_x64_release.a */,
			);
		};
/* End PBXProject section */

/* Begin PBXResourcesBuildPhase section */
		67F0756C2E4E31291CDF2496 /* Resources */ = {
			isa = PBXResourcesBuildPhase;
			buildActionMask = 2147483647;
			files = (
			);
			runOnlyForDeploymentPostprocessing = 0;
		};
/* End PBXResourcesBuildPhase section */

/* Begin PBXSourcesBuildPhase section */
		77557E08440A00F710874A3E /* Sources */ = {
			isa = PBXSourcesBuildPhase;
			buildActionMask = 2147483647;
			files = (
				06FF787615992D9657EE00A4 /* btDefaultSoftBodySolver.cpp in Sources */,
				2E78489625FD23183C1D4150 /* btSoftBody.cpp in Sources */,
				3CD56BC43D1D40F5494D7EE3 /* btSoftBodyConcaveCollisionAlgorithm.cpp in Sources */,
				0E746F3664A07D711F1C7FB1 /* btSoftBodyHelpers.cpp in Sources */,
				2C9B7DC054270B42455027BD /* btSoftBodyRigidBodyCollisionConfiguration.cpp in Sources */,
				209001E63A93126B3DE65BF5 /* btSoftRigidCollisionAlgorithm.cpp in Sources */,
				60D774854F1A67B663334874 /* btSoftRigidDynamicsWorld.cpp in Sources */,
				5071387D317721EF5BAA1193 /* btSoftSoftCollisionAlgorithm.cpp in Sources */,
			);
			runOnlyForDeploymentPostprocessing = 0;
		};
/* End PBXSourcesBuildPhase section */

/* Begin PBXVariantGroup section */
/* End PBXVariantGroup section */

/* Begin XCBuildConfiguration section */
		7A3D7C5277D7693C03D65A55 /* Release */ = {
			isa = XCBuildConfiguration;
			buildSettings = {
				ARCHS = "$(ARCHS_STANDARD_32_BIT) $(ARCHS_STANDARD_64_BIT)";
				VALID_ARCHS = "x86_64 i386";
				ALWAYS_SEARCH_USER_PATHS = NO;
				DEBUG_INFORMATION_FORMAT = "dwarf-with-dsym";
				CONFIGURATION_BUILD_DIR = "../../bin";
				GCC_DYNAMIC_NO_PIC = NO;
				GCC_MODEL_TUNING = G5;
				INSTALL_PATH = /usr/local/lib;
				PRODUCT_NAME = "BulletSoftBody_xcode4_x64_release";
			};
			name = "Release";
		};
		676B2C0A4FCE00805EBE2939 /* Debug */ = {
			isa = XCBuildConfiguration;
			buildSettings = {
				ARCHS = "$(ARCHS_STANDARD_32_BIT) $(ARCHS_STANDARD_64_BIT)";
				VALID_ARCHS = "x86_64 i386";
				ALWAYS_SEARCH_USER_PATHS = NO;
				CONFIGURATION_BUILD_DIR = "../../bin";
				GCC_DYNAMIC_NO_PIC = NO;
				GCC_MODEL_TUNING = G5;
				INSTALL_PATH = /usr/local/lib;
				PRODUCT_NAME = "BulletSoftBody_xcode4_x64_debug";
			};
			name = "Debug";
		};
		37DB1D595CAA3E8543D21BA8 /* Release */ = {
			isa = XCBuildConfiguration;
			buildSettings = {
				ARCHS = "$(ARCHS_STANDARD_32_BIT) $(ARCHS_STANDARD_64_BIT)";
				VALID_ARCHS = "x86_64 i386";
				SDKROOT = macosx;
				ARCHS = "x86_64";
				CONFIGURATION_BUILD_DIR = "$(SYMROOT)";
				CONFIGURATION_TEMP_DIR = "$(OBJROOT)";
				GCC_C_LANGUAGE_STANDARD = gnu99;
				GCC_OPTIMIZATION_LEVEL = s;
				GCC_SYMBOLS_PRIVATE_EXTERN = NO;
				GCC_WARN_ABOUT_RETURN_TYPE = YES;
				GCC_WARN_UNUSED_VARIABLE = YES;
				HEADER_SEARCH_PATHS = (
					"../../src",
				);
				OBJROOT = "obj/x64/Release/BulletSoftBody";
				ONLY_ACTIVE_ARCH = NO;
				OTHER_CFLAGS = (
					"-ffast-math",
				);
				STANDARD_C_PLUS_PLUS_LIBRARY_TYPE = static;
				SYMROOT = "../../bin";
			};
			name = "Release";
		};
		61E30708250930A46FB44945 /* Debug */ = {
			isa = XCBuildConfiguration;
			buildSettings = {
				ARCHS = "$(ARCHS_STANDARD_32_BIT) $(ARCHS_STANDARD_64_BIT)";
				VALID_ARCHS = "x86_64 i386";
				SDKROOT = macosx;
				ARCHS = "x86_64";
				CONFIGURATION_BUILD_DIR = "$(SYMROOT)";
				CONFIGURATION_TEMP_DIR = "$(OBJROOT)";
				COPY_PHASE_STRIP = NO;
				GCC_C_LANGUAGE_STANDARD = gnu99;
				GCC_OPTIMIZATION_LEVEL = 0;
				GCC_PREPROCESSOR_DEFINITIONS = (
					"_DEBUG=1",
				);
				GCC_SYMBOLS_PRIVATE_EXTERN = NO;
				GCC_WARN_ABOUT_RETURN_TYPE = YES;
				GCC_WARN_UNUSED_VARIABLE = YES;
				HEADER_SEARCH_PATHS = (
					"../../src",
				);
				OBJROOT = "obj/x64/Debug/BulletSoftBody";
				ONLY_ACTIVE_ARCH = YES;
				OTHER_CFLAGS = (
					"-ffast-math",
				);
				STANDARD_C_PLUS_PLUS_LIBRARY_TYPE = static;
				SYMROOT = "../../bin";
			};
			name = "Debug";
		};
/* End XCBuildConfiguration section */

/* Begin XCConfigurationList section */
		784862A34F2E59D6716F635C /* Build configuration list for PBXNativeTarget "libBulletSoftBody_xcode4_x64_release.a" */ = {
			isa = XCConfigurationList;
			buildConfigurations = (
				7A3D7C5277D7693C03D65A55 /* Release */,
				676B2C0A4FCE00805EBE2939 /* Debug */,
			);
			defaultConfigurationIsVisible = 0;
			defaultConfigurationName = "Release";
		};
		1DEB928908733DD80010E9CD /* Build configuration list for PBXProject "BulletSoftBody" */ = {
			isa = XCConfigurationList;
			buildConfigurations = (
				37DB1D595CAA3E8543D21BA8 /* Release */,
				61E30708250930A46FB44945 /* Debug */,
			);
			defaultConfigurationIsVisible = 0;
			defaultConfigurationName = "Release";
		};
/* End XCConfigurationList section */

	};
	rootObject = 08FB7793FE84155DC02AAC07 /* Project object */;
}
