// !$*UTF8*$!
{
	archiveVersion = 1;
	classes = {
	};
	objectVersion = 45;
	objects = {

/* Begin PBXBuildFile section */
		25F30AC4653A497A0925678D /* btBulletWorldImporter.cpp in Sources */ = {isa = PBXBuildFile; fileRef = 5C8348A70ABC5C374E542932 /* btBulletWorldImporter.cpp */; };
		337A225C789E751B5CCB2334 /* btWorldImporter.cpp in Sources */ = {isa = PBXBuildFile; fileRef = 3AD7007646586A4419FA0EA5 /* btWorldImporter.cpp */; };
/* End PBXBuildFile section */

/* Begin PBXFileReference section */
		5C8348A70ABC5C374E542932 /* btBulletWorldImporter.cpp */ = {isa = PBXFileReference; lastKnownFileType = sourcecode.cpp.cpp; name = "btBulletWorldImporter.cpp"; path = "../../Extras/Serialize/BulletWorldImporter/btBulletWorldImporter.cpp"; sourceTree = "<group>"; };
		6ECA32F869000DA42E04470B /* btBulletWorldImporter.h */ = {isa = PBXFileReference; lastKnownFileType = sourcecode.c.h; name = "btBulletWorldImporter.h"; path = "../../Extras/Serialize/BulletWorldImporter/btBulletWorldImporter.h"; sourceTree = "<group>"; };
		3AD7007646586A4419FA0EA5 /* btWorldImporter.cpp */ = {isa = PBXFileReference; lastKnownFileType = sourcecode.cpp.cpp; name = "btWorldImporter.cpp"; path = "../../Extras/Serialize/BulletWorldImporter/btWorldImporter.cpp"; sourceTree = "<group>"; };
		632A77F43BF100A976AF6FA2 /* btWorldImporter.h */ = {isa = PBXFileReference; lastKnownFileType = sourcecode.c.h; name = "btWorldImporter.h"; path = "../../Extras/Serialize/BulletWorldImporter/btWorldImporter.h"; sourceTree = "<group>"; };
		759A57F07D45405944C640CA /* libBulletWorldImporter_xcode4_x64_release.a */ = {isa = PBXFileReference; explicitFileType = archive.ar; includeInIndex = 0; name = "libBulletWorldImporter_xcode4_x64_release.a"; path = "libBulletWorldImporter_xcode4_x64_release.a"; sourceTree = BUILT_PRODUCTS_DIR; };
/* End PBXFileReference section */

/* Begin PBXFrameworksBuildPhase section */
		00DE2ADE10746587363A3CB4 /* Frameworks */ = {
			isa = PBXFrameworksBuildPhase;
			buildActionMask = 2147483647;
			files = (
			);
			runOnlyForDeploymentPostprocessing = 0;
		};
/* End PBXFrameworksBuildPhase section */

/* Begin PBXGroup section */
		2AB84E5A265129310DA2330F /* BulletWorldImporter */ = {
			isa = PBXGroup;
			children = (
				5E851BE95F5E1DA67FD37F35 /* Extras */,
				3077709D0FF33A7B7FFA00FC /* Products */,
			);
			name = "BulletWorldImporter";
			sourceTree = "<group>";
		};
		5E851BE95F5E1DA67FD37F35 /* Extras */ = {
			isa = PBXGroup;
			children = (
				780E1ECC7FA123F222686F46 /* Serialize */,
			);
			name = "Extras";
			sourceTree = "<group>";
		};
		780E1ECC7FA123F222686F46 /* Serialize */ = {
			isa = PBXGroup;
			children = (
				76E2793A085521CC11996FD4 /* BulletWorldImporter */,
			);
			name = "Serialize";
			sourceTree = "<group>";
		};
		76E2793A085521CC11996FD4 /* BulletWorldImporter */ = {
			isa = PBXGroup;
			children = (
				5C8348A70ABC5C374E542932 /* btBulletWorldImporter.cpp */,
				6ECA32F869000DA42E04470B /* btBulletWorldImporter.h */,
				3AD7007646586A4419FA0EA5 /* btWorldImporter.cpp */,
				632A77F43BF100A976AF6FA2 /* btWorldImporter.h */,
			);
			name = "BulletWorldImporter";
			sourceTree = "<group>";
		};
		3077709D0FF33A7B7FFA00FC /* Products */ = {
			isa = PBXGroup;
			children = (
				759A57F07D45405944C640CA /* libBulletWorldImporter_xcode4_x64_release.a */,
			);
			name = "Products";
			sourceTree = "<group>";
		};
/* End PBXGroup section */

/* Begin PBXNativeTarget section */
		1F3849DF048D5E7309967E5A /* BulletWorldImporter */ = {
			isa = PBXNativeTarget;
			buildConfigurationList = 61A4133E75A5407D56B52537 /* Build configuration list for PBXNativeTarget "BulletWorldImporter" */;
			buildPhases = (
				4EDF489C07CF40067D77435E /* Resources */,
				787B6D24116738A55D5C45A1 /* Sources */,
				00DE2ADE10746587363A3CB4 /* Frameworks */,
			);
			buildRules = (
			);
			dependencies = (
			);
			name = "BulletWorldImporter";
			productName = "BulletWorldImporter";
			productReference = 759A57F07D45405944C640CA /* libBulletWorldImporter_xcode4_x64_release.a */;
			productType = "com.apple.product-type.library.static";
		};
/* End PBXNativeTarget section */

/* Begin PBXProject section */
		08FB7793FE84155DC02AAC07 /* Project object */ = {
			isa = PBXProject;
			buildConfigurationList = 1DEB928908733DD80010E9CD /* Build configuration list for PBXProject "BulletWorldImporter" */;
			compatibilityVersion = "Xcode 3.2";
			hasScannedForEncodings = 1;
			mainGroup = 2AB84E5A265129310DA2330F /* BulletWorldImporter */;
			projectDirPath = "";
			projectRoot = "";
			targets = (
				1F3849DF048D5E7309967E5A /* libBulletWorldImporter_xcode4_x64_release.a */,
			);
		};
/* End PBXProject section */

/* Begin PBXResourcesBuildPhase section */
		4EDF489C07CF40067D77435E /* Resources */ = {
			isa = PBXResourcesBuildPhase;
			buildActionMask = 2147483647;
			files = (
			);
			runOnlyForDeploymentPostprocessing = 0;
		};
/* End PBXResourcesBuildPhase section */

/* Begin PBXSourcesBuildPhase section */
		787B6D24116738A55D5C45A1 /* Sources */ = {
			isa = PBXSourcesBuildPhase;
			buildActionMask = 2147483647;
			files = (
				25F30AC4653A497A0925678D /* btBulletWorldImporter.cpp in Sources */,
				337A225C789E751B5CCB2334 /* btWorldImporter.cpp in Sources */,
			);
			runOnlyForDeploymentPostprocessing = 0;
		};
/* End PBXSourcesBuildPhase section */

/* Begin PBXVariantGroup section */
/* End PBXVariantGroup section */

/* Begin XCBuildConfiguration section */
		40B6150A4B007B5408A723F5 /* Release */ = {
			isa = XCBuildConfiguration;
			buildSettings = {
				ARCHS = "$(ARCHS_STANDARD_32_BIT) $(ARCHS_STANDARD_64_BIT)";
				VALID_ARCHS = "x86_64 i386";
				ALWAYS_SEARCH_USER_PATHS = NO;
				DEBUG_INFORMATION_FORMAT = "dwarf-with-dsym";
				CONFIGURATION_BUILD_DIR = "../../bin";
				GCC_DYNAMIC_NO_PIC = NO;
				GCC_MODEL_TUNING = G5;
				INSTALL_PATH = /usr/local/lib;
				PRODUCT_NAME = "BulletWorldImporter_xcode4_x64_release";
			};
			name = "Release";
		};
		30D2557E7098277903EF5E3E /* Debug */ = {
			isa = XCBuildConfiguration;
			buildSettings = {
				ARCHS = "$(ARCHS_STANDARD_32_BIT) $(ARCHS_STANDARD_64_BIT)";
				VALID_ARCHS = "x86_64 i386";
				ALWAYS_SEARCH_USER_PATHS = NO;
				CONFIGURATION_BUILD_DIR = "../../bin";
				GCC_DYNAMIC_NO_PIC = NO;
				GCC_MODEL_TUNING = G5;
				INSTALL_PATH = /usr/local/lib;
				PRODUCT_NAME = "BulletWorldImporter_xcode4_x64_debug";
			};
			name = "Debug";
		};
		29D720465F7A4E1F084255C9 /* Release */ = {
			isa = XCBuildConfiguration;
			buildSettings = {
				ARCHS = "$(ARCHS_STANDARD_32_BIT) $(ARCHS_STANDARD_64_BIT)";
				VALID_ARCHS = "x86_64 i386";
				SDKROOT = macosx;
				ARCHS = "x86_64";
				CONFIGURATION_BUILD_DIR = "$(SYMROOT)";
				CONFIGURATION_TEMP_DIR = "$(OBJROOT)";
				GCC_C_LANGUAGE_STANDARD = gnu99;
				GCC_OPTIMIZATION_LEVEL = s;
				GCC_SYMBOLS_PRIVATE_EXTERN = NO;
				GCC_WARN_ABOUT_RETURN_TYPE = YES;
				GCC_WARN_UNUSED_VARIABLE = YES;
				HEADER_SEARCH_PATHS = (
					"../../Extras/Serialize/BulletFileLoader",
					"../../src",
				);
				OBJROOT = "obj/x64/Release/BulletWorldImporter";
				ONLY_ACTIVE_ARCH = NO;
				OTHER_CFLAGS = (
					"-ffast-math",
				);
				STANDARD_C_PLUS_PLUS_LIBRARY_TYPE = static;
				SYMROOT = "../../bin";
			};
			name = "Release";
		};
		66C52A9C0C3F373940612B44 /* Debug */ = {
			isa = XCBuildConfiguration;
			buildSettings = {
				ARCHS = "$(ARCHS_STANDARD_32_BIT) $(ARCHS_STANDARD_64_BIT)";
				VALID_ARCHS = "x86_64 i386";
				SDKROOT = macosx;
				ARCHS = "x86_64";
				CONFIGURATION_BUILD_DIR = "$(SYMROOT)";
				CONFIGURATION_TEMP_DIR = "$(OBJROOT)";
				COPY_PHASE_STRIP = NO;
				GCC_C_LANGUAGE_STANDARD = gnu99;
				GCC_OPTIMIZATION_LEVEL = 0;
				GCC_PREPROCESSOR_DEFINITIONS = (
					"_DEBUG=1",
				);
				GCC_SYMBOLS_PRIVATE_EXTERN = NO;
				GCC_WARN_ABOUT_RETURN_TYPE = YES;
				GCC_WARN_UNUSED_VARIABLE = YES;
				HEADER_SEARCH_PATHS = (
					"../../Extras/Serialize/BulletFileLoader",
					"../../src",
				);
				OBJROOT = "obj/x64/Debug/BulletWorldImporter";
				ONLY_ACTIVE_ARCH = YES;
				OTHER_CFLAGS = (
					"-ffast-math",
				);
				STANDARD_C_PLUS_PLUS_LIBRARY_TYPE = static;
				SYMROOT = "../../bin";
			};
			name = "Debug";
		};
/* End XCBuildConfiguration section */

/* Begin XCConfigurationList section */
		61A4133E75A5407D56B52537 /* Build configuration list for PBXNativeTarget "libBulletWorldImporter_xcode4_x64_release.a" */ = {
			isa = XCConfigurationList;
			buildConfigurations = (
				40B6150A4B007B5408A723F5 /* Release */,
				30D2557E7098277903EF5E3E /* Debug */,
			);
			defaultConfigurationIsVisible = 0;
			defaultConfigurationName = "Release";
		};
		1DEB928908733DD80010E9CD /* Build configuration list for PBXProject "BulletWorldImporter" */ = {
			isa = XCConfigurationList;
			buildConfigurations = (
				29D720465F7A4E1F084255C9 /* Release */,
				66C52A9C0C3F373940612B44 /* Debug */,
			);
			defaultConfigurationIsVisible = 0;
			defaultConfigurationName = "Release";
		};
/* End XCConfigurationList section */

	};
	rootObject = 08FB7793FE84155DC02AAC07 /* Project object */;
}
