// !$*UTF8*$!
{
	archiveVersion = 1;
	classes = {
	};
	objectVersion = 45;
	objects = {

/* Begin PBXBuildFile section */
		54FB52E167323BE15FC047F9 /* bChunk.cpp in Sources */ = {isa = PBXBuildFile; fileRef = 5F8E1DE466A96BF92C9D00E5 /* bChunk.cpp */; };
		7ABA50F10E8223831BFE6C40 /* bDNA.cpp in Sources */ = {isa = PBXBuildFile; fileRef = 1DFB644D3B50174C359D7097 /* bDNA.cpp */; };
		45AD7875096A2A4D407D7E0E /* bFile.cpp in Sources */ = {isa = PBXBuildFile; fileRef = 1A352D9E12EA6E3C35E01858 /* bFile.cpp */; };
		403F769336E31A4415CB4DB2 /* btBulletFile.cpp in Sources */ = {isa = PBXBuildFile; fileRef = 53A7032C53D55B674C921BCD /* btBulletFile.cpp */; };
/* End PBXBuildFile section */

/* Begin PBXFileReference section */
		61CD632804536CE2021B58E2 /* bullet.h */ = {isa = PBXFileReference; lastKnownFileType = sourcecode.c.h; name = "bullet.h"; path = "../../Extras/Serialize/BulletFileLoader/autogenerated/bullet.h"; sourceTree = "<group>"; };
		5F8E1DE466A96BF92C9D00E5 /* bChunk.cpp */ = {isa = PBXFileReference; lastKnownFileType = sourcecode.cpp.cpp; name = "bChunk.cpp"; path = "../../Extras/Serialize/BulletFileLoader/bChunk.cpp"; sourceTree = "<group>"; };
		45A907C6197F6E694CAF769D /* bChunk.h */ = {isa = PBXFileReference; lastKnownFileType = sourcecode.c.h; name = "bChunk.h"; path = "../../Extras/Serialize/BulletFileLoader/bChunk.h"; sourceTree = "<group>"; };
		3E3F1EA1715874523E5564BE /* bCommon.h */ = {isa = PBXFileReference; lastKnownFileType = sourcecode.c.h; name = "bCommon.h"; path = "../../Extras/Serialize/BulletFileLoader/bCommon.h"; sourceTree = "<group>"; };
		1DFB644D3B50174C359D7097 /* bDNA.cpp */ = {isa = PBXFileReference; lastKnownFileType = sourcecode.cpp.cpp; name = "bDNA.cpp"; path = "../../Extras/Serialize/BulletFileLoader/bDNA.cpp"; sourceTree = "<group>"; };
		0B77538A1A4C33FD5CC7439E /* bDNA.h */ = {isa = PBXFileReference; lastKnownFileType = sourcecode.c.h; name = "bDNA.h"; path = "../../Extras/Serialize/BulletFileLoader/bDNA.h"; sourceTree = "<group>"; };
		4BDE6FE136CB4F597E8771F1 /* bDefines.h */ = {isa = PBXFileReference; lastKnownFileType = sourcecode.c.h; name = "bDefines.h"; path = "../../Extras/Serialize/BulletFileLoader/bDefines.h"; sourceTree = "<group>"; };
		1A352D9E12EA6E3C35E01858 /* bFile.cpp */ = {isa = PBXFileReference; lastKnownFileType = sourcecode.cpp.cpp; name = "bFile.cpp"; path = "../../Extras/Serialize/BulletFileLoader/bFile.cpp"; sourceTree = "<group>"; };
		7B5404D17161500A7FC16C3F /* bFile.h */ = {isa = PBXFileReference; lastKnownFileType = sourcecode.c.h; name = "bFile.h"; path = "../../Extras/Serialize/BulletFileLoader/bFile.h"; sourceTree = "<group>"; };
		53A7032C53D55B674C921BCD /* btBulletFile.cpp */ = {isa = PBXFileReference; lastKnownFileType = sourcecode.cpp.cpp; name = "btBulletFile.cpp"; path = "../../Extras/Serialize/BulletFileLoader/btBulletFile.cpp"; sourceTree = "<group>"; };
		7C3915EC44324EB62A9E2493 /* btBulletFile.h */ = {isa = PBXFileReference; lastKnownFileType = sourcecode.c.h; name = "btBulletFile.h"; path = "../../Extras/Serialize/BulletFileLoader/btBulletFile.h"; sourceTree = "<group>"; };
		424430302AFF753A4E8451A9 /* libBulletFileLoader_xcode4_x64_release.a */ = {isa = PBXFileReference; explicitFileType = archive.ar; includeInIndex = 0; name = "libBulletFileLoader_xcode4_x64_release.a"; path = "libBulletFileLoader_xcode4_x64_release.a"; sourceTree = BUILT_PRODUCTS_DIR; };
/* End PBXFileReference section */

/* Begin PBXFrameworksBuildPhase section */
		791F79B7167375E266FE69FE /* Frameworks */ = {
			isa = PBXFrameworksBuildPhase;
			buildActionMask = 2147483647;
			files = (
			);
			runOnlyForDeploymentPostprocessing = 0;
		};
/* End PBXFrameworksBuildPhase section */

/* Begin PBXGroup section */
		7DA9790F78BF031F6984009F /* BulletFileLoader */ = {
			isa = PBXGroup;
			children = (
				7B567CF22F8365853E6014B3 /* Extras */,
				454B69B56BD664F855C85B96 /* Products */,
			);
			name = "BulletFileLoader";
			sourceTree = "<group>";
		};
		7B567CF22F8365853E6014B3 /* Extras */ = {
			isa = PBXGroup;
			children = (
				2E8136A732BB1C661DA2204C /* Serialize */,
			);
			name = "Extras";
			sourceTree = "<group>";
		};
		2E8136A732BB1C661DA2204C /* Serialize */ = {
			isa = PBXGroup;
			children = (
				6AF57BC016C90E29596D1409 /* BulletFileLoader */,
			);
			name = "Serialize";
			sourceTree = "<group>";
		};
		6AF57BC016C90E29596D1409 /* BulletFileLoader */ = {
			isa = PBXGroup;
			children = (
				0D976BD57E476E782F4D0122 /* autogenerated */,
				5F8E1DE466A96BF92C9D00E5 /* bChunk.cpp */,
				45A907C6197F6E694CAF769D /* bChunk.h */,
				3E3F1EA1715874523E5564BE /* bCommon.h */,
				1DFB644D3B50174C359D7097 /* bDNA.cpp */,
				0B77538A1A4C33FD5CC7439E /* bDNA.h */,
				4BDE6FE136CB4F597E8771F1 /* bDefines.h */,
				1A352D9E12EA6E3C35E01858 /* bFile.cpp */,
				7B5404D17161500A7FC16C3F /* bFile.h */,
				53A7032C53D55B674C921BCD /* btBulletFile.cpp */,
				7C3915EC44324EB62A9E2493 /* btBulletFile.h */,
			);
			name = "BulletFileLoader";
			sourceTree = "<group>";
		};
		0D976BD57E476E782F4D0122 /* autogenerated */ = {
			isa = PBXGroup;
			children = (
				61CD632804536CE2021B58E2 /* bullet.h */,
			);
			name = "autogenerated";
			sourceTree = "<group>";
		};
		454B69B56BD664F855C85B96 /* Products */ = {
			isa = PBXGroup;
			children = (
				424430302AFF753A4E8451A9 /* libBulletFileLoader_xcode4_x64_release.a */,
			);
			name = "Products";
			sourceTree = "<group>";
		};
/* End PBXGroup section */

/* Begin PBXNativeTarget section */
		3F7724642E061AD20C580422 /* BulletFileLoader */ = {
			isa = PBXNativeTarget;
			buildConfigurationList = 633A19B407EC43E24C050180 /* Build configuration list for PBXNativeTarget "BulletFileLoader" */;
			buildPhases = (
				1071149B0B0F1D4665E352DA /* Resources */,
				05A5421063F42E3B330A68AE /* Sources */,
				791F79B7167375E266FE69FE /* Frameworks */,
			);
			buildRules = (
			);
			dependencies = (
			);
			name = "BulletFileLoader";
			productName = "BulletFileLoader";
			productReference = 424430302AFF753A4E8451A9 /* libBulletFileLoader_xcode4_x64_release.a */;
			productType = "com.apple.product-type.library.static";
		};
/* End PBXNativeTarget section */

/* Begin PBXProject section */
		08FB7793FE84155DC02AAC07 /* Project object */ = {
			isa = PBXProject;
			buildConfigurationList = 1DEB928908733DD80010E9CD /* Build configuration list for PBXProject "BulletFileLoader" */;
			compatibilityVersion = "Xcode 3.2";
			hasScannedForEncodings = 1;
			mainGroup = 7DA9790F78BF031F6984009F /* BulletFileLoader */;
			projectDirPath = "";
			projectRoot = "";
			targets = (
				3F7724642E061AD20C580422 /* libBulletFileLoader_xcode4_x64_release.a */,
			);
		};
/* End PBXProject section */

/* Begin PBXResourcesBuildPhase section */
		1071149B0B0F1D4665E352DA /* Resources */ = {
			isa = PBXResourcesBuildPhase;
			buildActionMask = 2147483647;
			files = (
			);
			runOnlyForDeploymentPostprocessing = 0;
		};
/* End PBXResourcesBuildPhase section */

/* Begin PBXSourcesBuildPhase section */
		05A5421063F42E3B330A68AE /* Sources */ = {
			isa = PBXSourcesBuildPhase;
			buildActionMask = 2147483647;
			files = (
				54FB52E167323BE15FC047F9 /* bChunk.cpp in Sources */,
				7ABA50F10E8223831BFE6C40 /* bDNA.cpp in Sources */,
				45AD7875096A2A4D407D7E0E /* bFile.cpp in Sources */,
				403F769336E31A4415CB4DB2 /* btBulletFile.cpp in Sources */,
			);
			runOnlyForDeploymentPostprocessing = 0;
		};
/* End PBXSourcesBuildPhase section */

/* Begin PBXVariantGroup section */
/* End PBXVariantGroup section */

/* Begin XCBuildConfiguration section */
		674220684548030C222554E9 /* Release */ = {
			isa = XCBuildConfiguration;
			buildSettings = {
				ARCHS = "$(ARCHS_STANDARD_32_BIT) $(ARCHS_STANDARD_64_BIT)";
				VALID_ARCHS = "x86_64 i386";
				ALWAYS_SEARCH_USER_PATHS = NO;
				DEBUG_INFORMATION_FORMAT = "dwarf-with-dsym";
				CONFIGURATION_BUILD_DIR = "../../bin";
				GCC_DYNAMIC_NO_PIC = NO;
				GCC_MODEL_TUNING = G5;
				INSTALL_PATH = /usr/local/lib;
				PRODUCT_NAME = "BulletFileLoader_xcode4_x64_release";
			};
			name = "Release";
		};
		46FE5446412031ED6DD157F7 /* Debug */ = {
			isa = XCBuildConfiguration;
			buildSettings = {
				ARCHS = "$(ARCHS_STANDARD_32_BIT) $(ARCHS_STANDARD_64_BIT)";
				VALID_ARCHS = "x86_64 i386";
				ALWAYS_SEARCH_USER_PATHS = NO;
				CONFIGURATION_BUILD_DIR = "../../bin";
				GCC_DYNAMIC_NO_PIC = NO;
				GCC_MODEL_TUNING = G5;
				INSTALL_PATH = /usr/local/lib;
				PRODUCT_NAME = "BulletFileLoader_xcode4_x64_debug";
			};
			name = "Debug";
		};
		3D180790361616C63AFD4436 /* Release */ = {
			isa = XCBuildConfiguration;
			buildSettings = {
				ARCHS = "$(ARCHS_STANDARD_32_BIT) $(ARCHS_STANDARD_64_BIT)";
				VALID_ARCHS = "x86_64 i386";
				SDKROOT = macosx;
				ARCHS = "x86_64";
				CONFIGURATION_BUILD_DIR = "$(SYMROOT)";
				CONFIGURATION_TEMP_DIR = "$(OBJROOT)";
				GCC_C_LANGUAGE_STANDARD = gnu99;
				GCC_OPTIMIZATION_LEVEL = s;
				GCC_SYMBOLS_PRIVATE_EXTERN = NO;
				GCC_WARN_ABOUT_RETURN_TYPE = YES;
				GCC_WARN_UNUSED_VARIABLE = YES;
				HEADER_SEARCH_PATHS = (
					"../../src",
				);
				OBJROOT = "obj/x64/Release/BulletFileLoader";
				ONLY_ACTIVE_ARCH = NO;
				OTHER_CFLAGS = (
					"-ffast-math",
				);
				STANDARD_C_PLUS_PLUS_LIBRARY_TYPE = static;
				SYMROOT = "../../bin";
			};
			name = "Release";
		};
		29CA403444B408012D871B97 /* Debug */ = {
			isa = XCBuildConfiguration;
			buildSettings = {
				ARCHS = "$(ARCHS_STANDARD_32_BIT) $(ARCHS_STANDARD_64_BIT)";
				VALID_ARCHS = "x86_64 i386";
				SDKROOT = macosx;
				ARCHS = "x86_64";
				CONFIGURATION_BUILD_DIR = "$(SYMROOT)";
				CONFIGURATION_TEMP_DIR = "$(OBJROOT)";
				COPY_PHASE_STRIP = NO;
				GCC_C_LANGUAGE_STANDARD = gnu99;
				GCC_OPTIMIZATION_LEVEL = 0;
				GCC_PREPROCESSOR_DEFINITIONS = (
					"_DEBUG=1",
				);
				GCC_SYMBOLS_PRIVATE_EXTERN = NO;
				GCC_WARN_ABOUT_RETURN_TYPE = YES;
				GCC_WARN_UNUSED_VARIABLE = YES;
				HEADER_SEARCH_PATHS = (
					"../../src",
				);
				OBJROOT = "obj/x64/Debug/BulletFileLoader";
				ONLY_ACTIVE_ARCH = YES;
				OTHER_CFLAGS = (
					"-ffast-math",
				);
				STANDARD_C_PLUS_PLUS_LIBRARY_TYPE = static;
				SYMROOT = "../../bin";
			};
			name = "Debug";
		};
/* End XCBuildConfiguration section */

/* Begin XCConfigurationList section */
		633A19B407EC43E24C050180 /* Build configuration list for PBXNativeTarget "libBulletFileLoader_xcode4_x64_release.a" */ = {
			isa = XCConfigurationList;
			buildConfigurations = (
				674220684548030C222554E9 /* Release */,
				46FE5446412031ED6DD157F7 /* Debug */,
			);
			defaultConfigurationIsVisible = 0;
			defaultConfigurationName = "Release";
		};
		1DEB928908733DD80010E9CD /* Build configuration list for PBXProject "BulletFileLoader" */ = {
			isa = XCConfigurationList;
			buildConfigurations = (
				3D180790361616C63AFD4436 /* Release */,
				29CA403444B408012D871B97 /* Debug */,
			);
			defaultConfigurationIsVisible = 0;
			defaultConfigurationName = "Release";
		};
/* End XCConfigurationList section */

	};
	rootObject = 08FB7793FE84155DC02AAC07 /* Project object */;
}
