// !$*UTF8*$!
{
	archiveVersion = 1;
	classes = {
	};
	objectVersion = 45;
	objects = {

/* Begin PBXBuildFile section */
		28FB16D9307D769613D03F94 /* b3GpuGridBroadphase.cpp in Sources */ = {isa = PBXBuildFile; fileRef = 37176C9A0A0F00A03E4D70FB /* b3GpuGridBroadphase.cpp */; };
		55F3477E587972D73DB830FB /* b3GpuParallelLinearBvh.cpp in Sources */ = {isa = PBXBuildFile; fileRef = 76C67D5F02C160EB256605D2 /* b3GpuParallelLinearBvh.cpp */; };
		5757218747390CF61CAD51B2 /* b3GpuParallelLinearBvhBroadphase.cpp in Sources */ = {isa = PBXBuildFile; fileRef = 7FA75A181B6D3D7A53BF35AA /* b3GpuParallelLinearBvhBroadphase.cpp */; };
		586F67E9205C362C26EB3CB6 /* b3GpuSapBroadphase.cpp in Sources */ = {isa = PBXBuildFile; fileRef = 61876C097F4D3E080299252D /* b3GpuSapBroadphase.cpp */; };
		69394B6F7196317F1A664C20 /* b3OpenCLUtils.cpp in Sources */ = {isa = PBXBuildFile; fileRef = 444A5DEC4CBB35036BC552EB /* b3OpenCLUtils.cpp */; };
		67F65F717B1201A930154A1D /* b3ContactCache.cpp in Sources */ = {isa = PBXBuildFile; fileRef = 1534114040B62864402D7EEA /* b3ContactCache.cpp */; };
		721B4CC749AB024C7DC46760 /* b3ConvexHullContact.cpp in Sources */ = {isa = PBXBuildFile; fileRef = 1FEB2A1A411F62F224C30106 /* b3ConvexHullContact.cpp */; };
		1AF814AC4E2040C61F1A0CCF /* b3GjkEpa.cpp in Sources */ = {isa = PBXBuildFile; fileRef = 420975B16D2349FE51E452FD /* b3GjkEpa.cpp */; };
		0F3642A64DBC0EFB1E536567 /* b3GjkPairDetector.cpp in Sources */ = {isa = PBXBuildFile; fileRef = 0C897DAE64B14A7F583328C2 /* b3GjkPairDetector.cpp */; };
		4E1A31BB228567A301E50D8C /* b3OptimizedBvh.cpp in Sources */ = {isa = PBXBuildFile; fileRef = 366417A81F9F0DD7413879D9 /* b3OptimizedBvh.cpp */; };
		1439504859BC778F72346CF8 /* b3QuantizedBvh.cpp in Sources */ = {isa = PBXBuildFile; fileRef = 4AF26A7938935DA242D27373 /* b3QuantizedBvh.cpp */; };
		356F2DDE000A1C257C134628 /* b3StridingMeshInterface.cpp in Sources */ = {isa = PBXBuildFile; fileRef = 18AD2F6A0ECC002670B6793B /* b3StridingMeshInterface.cpp */; };
		56711BDB52B86D4E433A22BD /* b3TriangleCallback.cpp in Sources */ = {isa = PBXBuildFile; fileRef = 7AD93D2834DF37D12EDC0EC7 /* b3TriangleCallback.cpp */; };
		5EDF058A55A43C5B1C4D37A3 /* b3TriangleIndexVertexArray.cpp in Sources */ = {isa = PBXBuildFile; fileRef = 0F9B0F1C34C9132C481B2120 /* b3TriangleIndexVertexArray.cpp */; };
		3E4762825536670E4989514E /* b3VoronoiSimplexSolver.cpp in Sources */ = {isa = PBXBuildFile; fileRef = 36B809411CF205C54DD1139D /* b3VoronoiSimplexSolver.cpp */; };
		383F6B8455AF094D32B3424F /* b3BoundSearchCL.cpp in Sources */ = {isa = PBXBuildFile; fileRef = 5895425B0EB65E006F5C078B /* b3BoundSearchCL.cpp */; };
		6E2B050E6FD339626675421A /* b3FillCL.cpp in Sources */ = {isa = PBXBuildFile; fileRef = 0AB51E494F1654296E020158 /* b3FillCL.cpp */; };
		4A443F184C2A6B797D711362 /* b3LauncherCL.cpp in Sources */ = {isa = PBXBuildFile; fileRef = 61BC35D6753449510300038B /* b3LauncherCL.cpp */; };
		61546B8B779641033BE53B9D /* b3PrefixScanCL.cpp in Sources */ = {isa = PBXBuildFile; fileRef = 428200FC2D5A013209D73679 /* b3PrefixScanCL.cpp */; };
		37474F51564A50EA5CEF66A7 /* b3PrefixScanFloat4CL.cpp in Sources */ = {isa = PBXBuildFile; fileRef = 338A5A6A0BEF1E55639B78E1 /* b3PrefixScanFloat4CL.cpp */; };
		3595782406D1438615CA0955 /* b3RadixSort32CL.cpp in Sources */ = {isa = PBXBuildFile; fileRef = 3E1F73341AC26A89679E48C3 /* b3RadixSort32CL.cpp */; };
		575868716D3B72061325152D /* b3GpuRaycast.cpp in Sources */ = {isa = PBXBuildFile; fileRef = 025F34F21E2120473C6E0037 /* b3GpuRaycast.cpp */; };
		02A06C26574B077F463A181C /* b3GpuGenericConstraint.cpp in Sources */ = {isa = PBXBuildFile; fileRef = 3F8D530F3B00344F5F094DDF /* b3GpuGenericConstraint.cpp */; };
		7795172C763D2EBA3EDE0296 /* b3GpuJacobiContactSolver.cpp in Sources */ = {isa = PBXBuildFile; fileRef = 275C0A7A7091623F27AE413A /* b3GpuJacobiContactSolver.cpp */; };
		15635499103C757849056B35 /* b3GpuNarrowPhase.cpp in Sources */ = {isa = PBXBuildFile; fileRef = 180C666E744B161904395E4F /* b3GpuNarrowPhase.cpp */; };
		0CD7297D7BC96C3266AC5815 /* b3GpuPgsConstraintSolver.cpp in Sources */ = {isa = PBXBuildFile; fileRef = 56EB015438AA319B48426911 /* b3GpuPgsConstraintSolver.cpp */; };
		779A2D2B06FC0DEC23AD4371 /* b3GpuPgsContactSolver.cpp in Sources */ = {isa = PBXBuildFile; fileRef = 06A94E451FB006427B4E753E /* b3GpuPgsContactSolver.cpp */; };
		37EB53BE062E4399077B4FBA /* b3GpuRigidBodyPipeline.cpp in Sources */ = {isa = PBXBuildFile; fileRef = 650A169E62EF77E8367F5A27 /* b3GpuRigidBodyPipeline.cpp */; };
		43315C4A3F630A86234E7226 /* b3Solver.cpp in Sources */ = {isa = PBXBuildFile; fileRef = 40781B816C59586C41C44A21 /* b3Solver.cpp */; };
		643C359D666E51DA62D04880 /* clew.c in Sources */ = {isa = PBXBuildFile; fileRef = 5F2F191773901C6A122816F9 /* clew.c */; };
/* End PBXBuildFile section */

/* Begin PBXFileReference section */
		1E10339F11F90B5539DD00CB /* b3GpuBroadphaseInterface.h */ = {isa = PBXFileReference; lastKnownFileType = sourcecode.c.h; name = "b3GpuBroadphaseInterface.h"; path = "../../src/Bullet3OpenCL/BroadphaseCollision/b3GpuBroadphaseInterface.h"; sourceTree = "<group>"; };
		37176C9A0A0F00A03E4D70FB /* b3GpuGridBroadphase.cpp */ = {isa = PBXFileReference; lastKnownFileType = sourcecode.cpp.cpp; name = "b3GpuGridBroadphase.cpp"; path = "../../src/Bullet3OpenCL/BroadphaseCollision/b3GpuGridBroadphase.cpp"; sourceTree = "<group>"; };
		295D51A618F256DA3023011C /* b3GpuGridBroadphase.h */ = {isa = PBXFileReference; lastKnownFileType = sourcecode.c.h; name = "b3GpuGridBroadphase.h"; path = "../../src/Bullet3OpenCL/BroadphaseCollision/b3GpuGridBroadphase.h"; sourceTree = "<group>"; };
		76C67D5F02C160EB256605D2 /* b3GpuParallelLinearBvh.cpp */ = {isa = PBXFileReference; lastKnownFileType = sourcecode.cpp.cpp; name = "b3GpuParallelLinearBvh.cpp"; path = "../../src/Bullet3OpenCL/BroadphaseCollision/b3GpuParallelLinearBvh.cpp"; sourceTree = "<group>"; };
		4E2F2F8E29A9174D7B467164 /* b3GpuParallelLinearBvh.h */ = {isa = PBXFileReference; lastKnownFileType = sourcecode.c.h; name = "b3GpuParallelLinearBvh.h"; path = "../../src/Bullet3OpenCL/BroadphaseCollision/b3GpuParallelLinearBvh.h"; sourceTree = "<group>"; };
		7FA75A181B6D3D7A53BF35AA /* b3GpuParallelLinearBvhBroadphase.cpp */ = {isa = PBXFileReference; lastKnownFileType = sourcecode.cpp.cpp; name = "b3GpuParallelLinearBvhBroadphase.cpp"; path = "../../src/Bullet3OpenCL/BroadphaseCollision/b3GpuParallelLinearBvhBroadphase.cpp"; sourceTree = "<group>"; };
		217459103E1778D72A2B042A /* b3GpuParallelLinearBvhBroadphase.h */ = {isa = PBXFileReference; lastKnownFileType = sourcecode.c.h; name = "b3GpuParallelLinearBvhBroadphase.h"; path = "../../src/Bullet3OpenCL/BroadphaseCollision/b3GpuParallelLinearBvhBroadphase.h"; sourceTree = "<group>"; };
		61876C097F4D3E080299252D /* b3GpuSapBroadphase.cpp */ = {isa = PBXFileReference; lastKnownFileType = sourcecode.cpp.cpp; name = "b3GpuSapBroadphase.cpp"; path = "../../src/Bullet3OpenCL/BroadphaseCollision/b3GpuSapBroadphase.cpp"; sourceTree = "<group>"; };
		5754561324595A4306966FEE /* b3GpuSapBroadphase.h */ = {isa = PBXFileReference; lastKnownFileType = sourcecode.c.h; name = "b3GpuSapBroadphase.h"; path = "../../src/Bullet3OpenCL/BroadphaseCollision/b3GpuSapBroadphase.h"; sourceTree = "<group>"; };
		337E27C23EFA23A357046A0F /* b3SapAabb.h */ = {isa = PBXFileReference; lastKnownFileType = sourcecode.c.h; name = "b3SapAabb.h"; path = "../../src/Bullet3OpenCL/BroadphaseCollision/b3SapAabb.h"; sourceTree = "<group>"; };
		201C148A10872E4C215303D5 /* gridBroadphaseKernels.h */ = {isa = PBXFileReference; lastKnownFileType = sourcecode.c.h; name = "gridBroadphaseKernels.h"; path = "../../src/Bullet3OpenCL/BroadphaseCollision/kernels/gridBroadphaseKernels.h"; sourceTree = "<group>"; };
		3CA1792121E02F902BB85DD6 /* parallelLinearBvhKernels.h */ = {isa = PBXFileReference; lastKnownFileType = sourcecode.c.h; name = "parallelLinearBvhKernels.h"; path = "../../src/Bullet3OpenCL/BroadphaseCollision/kernels/parallelLinearBvhKernels.h"; sourceTree = "<group>"; };
		19DD375C1578166702263E45 /* sapKernels.h */ = {isa = PBXFileReference; lastKnownFileType = sourcecode.c.h; name = "sapKernels.h"; path = "../../src/Bullet3OpenCL/BroadphaseCollision/kernels/sapKernels.h"; sourceTree = "<group>"; };
		12F54EA34AFE135E2B650930 /* b3OpenCLInclude.h */ = {isa = PBXFileReference; lastKnownFileType = sourcecode.c.h; name = "b3OpenCLInclude.h"; path = "../../src/Bullet3OpenCL/Initialize/b3OpenCLInclude.h"; sourceTree = "<group>"; };
		444A5DEC4CBB35036BC552EB /* b3OpenCLUtils.cpp */ = {isa = PBXFileReference; lastKnownFileType = sourcecode.cpp.cpp; name = "b3OpenCLUtils.cpp"; path = "../../src/Bullet3OpenCL/Initialize/b3OpenCLUtils.cpp"; sourceTree = "<group>"; };
		49C2656418BF29395FE73D41 /* b3OpenCLUtils.h */ = {isa = PBXFileReference; lastKnownFileType = sourcecode.c.h; name = "b3OpenCLUtils.h"; path = "../../src/Bullet3OpenCL/Initialize/b3OpenCLUtils.h"; sourceTree = "<group>"; };
		2B0E51824B347A6E4E2312D1 /* b3BvhInfo.h */ = {isa = PBXFileReference; lastKnownFileType = sourcecode.c.h; name = "b3BvhInfo.h"; path = "../../src/Bullet3OpenCL/NarrowphaseCollision/b3BvhInfo.h"; sourceTree = "<group>"; };
		1534114040B62864402D7EEA /* b3ContactCache.cpp */ = {isa = PBXFileReference; lastKnownFileType = sourcecode.cpp.cpp; name = "b3ContactCache.cpp"; path = "../../src/Bullet3OpenCL/NarrowphaseCollision/b3ContactCache.cpp"; sourceTree = "<group>"; };
		437B63D2794736775AC4036D /* b3ContactCache.h */ = {isa = PBXFileReference; lastKnownFileType = sourcecode.c.h; name = "b3ContactCache.h"; path = "../../src/Bullet3OpenCL/NarrowphaseCollision/b3ContactCache.h"; sourceTree = "<group>"; };
		1FEB2A1A411F62F224C30106 /* b3ConvexHullContact.cpp */ = {isa = PBXFileReference; lastKnownFileType = sourcecode.cpp.cpp; name = "b3ConvexHullContact.cpp"; path = "../../src/Bullet3OpenCL/NarrowphaseCollision/b3ConvexHullContact.cpp"; sourceTree = "<group>"; };
		6DF72116518E71590FF2049F /* b3ConvexHullContact.h */ = {isa = PBXFileReference; lastKnownFileType = sourcecode.c.h; name = "b3ConvexHullContact.h"; path = "../../src/Bullet3OpenCL/NarrowphaseCollision/b3ConvexHullContact.h"; sourceTree = "<group>"; };
		6F71719B382075BC4A0A1334 /* b3ConvexPolyhedronCL.h */ = {isa = PBXFileReference; lastKnownFileType = sourcecode.c.h; name = "b3ConvexPolyhedronCL.h"; path = "../../src/Bullet3OpenCL/NarrowphaseCollision/b3ConvexPolyhedronCL.h"; sourceTree = "<group>"; };
		420975B16D2349FE51E452FD /* b3GjkEpa.cpp */ = {isa = PBXFileReference; lastKnownFileType = sourcecode.cpp.cpp; name = "b3GjkEpa.cpp"; path = "../../src/Bullet3OpenCL/NarrowphaseCollision/b3GjkEpa.cpp"; sourceTree = "<group>"; };
		7A6D348D560100BB1AEF50AE /* b3GjkEpa.h */ = {isa = PBXFileReference; lastKnownFileType = sourcecode.c.h; name = "b3GjkEpa.h"; path = "../../src/Bullet3OpenCL/NarrowphaseCollision/b3GjkEpa.h"; sourceTree = "<group>"; };
		0C897DAE64B14A7F583328C2 /* b3GjkPairDetector.cpp */ = {isa = PBXFileReference; lastKnownFileType = sourcecode.cpp.cpp; name = "b3GjkPairDetector.cpp"; path = "../../src/Bullet3OpenCL/NarrowphaseCollision/b3GjkPairDetector.cpp"; sourceTree = "<group>"; };
		682C22FE7022542B13B105CC /* b3GjkPairDetector.h */ = {isa = PBXFileReference; lastKnownFileType = sourcecode.c.h; name = "b3GjkPairDetector.h"; path = "../../src/Bullet3OpenCL/NarrowphaseCollision/b3GjkPairDetector.h"; sourceTree = "<group>"; };
		366417A81F9F0DD7413879D9 /* b3OptimizedBvh.cpp */ = {isa = PBXFileReference; lastKnownFileType = sourcecode.cpp.cpp; name = "b3OptimizedBvh.cpp"; path = "../../src/Bullet3OpenCL/NarrowphaseCollision/b3OptimizedBvh.cpp"; sourceTree = "<group>"; };
		6446448D27F9634D11A7085D /* b3OptimizedBvh.h */ = {isa = PBXFileReference; lastKnownFileType = sourcecode.c.h; name = "b3OptimizedBvh.h"; path = "../../src/Bullet3OpenCL/NarrowphaseCollision/b3OptimizedBvh.h"; sourceTree = "<group>"; };
		4AF26A7938935DA242D27373 /* b3QuantizedBvh.cpp */ = {isa = PBXFileReference; lastKnownFileType = sourcecode.cpp.cpp; name = "b3QuantizedBvh.cpp"; path = "../../src/Bullet3OpenCL/NarrowphaseCollision/b3QuantizedBvh.cpp"; sourceTree = "<group>"; };
		31534EC640CA26B8226F3F9D /* b3QuantizedBvh.h */ = {isa = PBXFileReference; lastKnownFileType = sourcecode.c.h; name = "b3QuantizedBvh.h"; path = "../../src/Bullet3OpenCL/NarrowphaseCollision/b3QuantizedBvh.h"; sourceTree = "<group>"; };
		18AD2F6A0ECC002670B6793B /* b3StridingMeshInterface.cpp */ = {isa = PBXFileReference; lastKnownFileType = sourcecode.cpp.cpp; name = "b3StridingMeshInterface.cpp"; path = "../../src/Bullet3OpenCL/NarrowphaseCollision/b3StridingMeshInterface.cpp"; sourceTree = "<group>"; };
		103448AB7287085F29DB1FBF /* b3StridingMeshInterface.h */ = {isa = PBXFileReference; lastKnownFileType = sourcecode.c.h; name = "b3StridingMeshInterface.h"; path = "../../src/Bullet3OpenCL/NarrowphaseCollision/b3StridingMeshInterface.h"; sourceTree = "<group>"; };
		419E0A3002B67C4D2D337E33 /* b3SupportMappings.h */ = {isa = PBXFileReference; lastKnownFileType = sourcecode.c.h; name = "b3SupportMappings.h"; path = "../../src/Bullet3OpenCL/NarrowphaseCollision/b3SupportMappings.h"; sourceTree = "<group>"; };
		7AD93D2834DF37D12EDC0EC7 /* b3TriangleCallback.cpp */ = {isa = PBXFileReference; lastKnownFileType = sourcecode.cpp.cpp; name = "b3TriangleCallback.cpp"; path = "../../src/Bullet3OpenCL/NarrowphaseCollision/b3TriangleCallback.cpp"; sourceTree = "<group>"; };
		34114C2A711A1C7753A05967 /* b3TriangleCallback.h */ = {isa = PBXFileReference; lastKnownFileType = sourcecode.c.h; name = "b3TriangleCallback.h"; path = "../../src/Bullet3OpenCL/NarrowphaseCollision/b3TriangleCallback.h"; sourceTree = "<group>"; };
		0F9B0F1C34C9132C481B2120 /* b3TriangleIndexVertexArray.cpp */ = {isa = PBXFileReference; lastKnownFileType = sourcecode.cpp.cpp; name = "b3TriangleIndexVertexArray.cpp"; path = "../../src/Bullet3OpenCL/NarrowphaseCollision/b3TriangleIndexVertexArray.cpp"; sourceTree = "<group>"; };
		6F014F1E67145D79592F3625 /* b3TriangleIndexVertexArray.h */ = {isa = PBXFileReference; lastKnownFileType = sourcecode.c.h; name = "b3TriangleIndexVertexArray.h"; path = "../../src/Bullet3OpenCL/NarrowphaseCollision/b3TriangleIndexVertexArray.h"; sourceTree = "<group>"; };
		71C77E627BA06761277A4A38 /* b3VectorFloat4.h */ = {isa = PBXFileReference; lastKnownFileType = sourcecode.c.h; name = "b3VectorFloat4.h"; path = "../../src/Bullet3OpenCL/NarrowphaseCollision/b3VectorFloat4.h"; sourceTree = "<group>"; };
		36B809411CF205C54DD1139D /* b3VoronoiSimplexSolver.cpp */ = {isa = PBXFileReference; lastKnownFileType = sourcecode.cpp.cpp; name = "b3VoronoiSimplexSolver.cpp"; path = "../../src/Bullet3OpenCL/NarrowphaseCollision/b3VoronoiSimplexSolver.cpp"; sourceTree = "<group>"; };
		7D354DAA7DE74AFD2B0E3868 /* b3VoronoiSimplexSolver.h */ = {isa = PBXFileReference; lastKnownFileType = sourcecode.c.h; name = "b3VoronoiSimplexSolver.h"; path = "../../src/Bullet3OpenCL/NarrowphaseCollision/b3VoronoiSimplexSolver.h"; sourceTree = "<group>"; };
		189F17BE73644A3C65E81F9C /* bvhTraversal.h */ = {isa = PBXFileReference; lastKnownFileType = sourcecode.c.h; name = "bvhTraversal.h"; path = "../../src/Bullet3OpenCL/NarrowphaseCollision/kernels/bvhTraversal.h"; sourceTree = "<group>"; };
		5814365F56C54B61511E4456 /* mprKernels.h */ = {isa = PBXFileReference; lastKnownFileType = sourcecode.c.h; name = "mprKernels.h"; path = "../../src/Bullet3OpenCL/NarrowphaseCollision/kernels/mprKernels.h"; sourceTree = "<group>"; };
		0A6F3D5E1F6404FF26AC766B /* primitiveContacts.h */ = {isa = PBXFileReference; lastKnownFileType = sourcecode.c.h; name = "primitiveContacts.h"; path = "../../src/Bullet3OpenCL/NarrowphaseCollision/kernels/primitiveContacts.h"; sourceTree = "<group>"; };
		208F3452051627F41451586B /* satClipHullContacts.h */ = {isa = PBXFileReference; lastKnownFileType = sourcecode.c.h; name = "satClipHullContacts.h"; path = "../../src/Bullet3OpenCL/NarrowphaseCollision/kernels/satClipHullContacts.h"; sourceTree = "<group>"; };
		16F15DDC550566E425A51DF0 /* satConcaveKernels.h */ = {isa = PBXFileReference; lastKnownFileType = sourcecode.c.h; name = "satConcaveKernels.h"; path = "../../src/Bullet3OpenCL/NarrowphaseCollision/kernels/satConcaveKernels.h"; sourceTree = "<group>"; };
		213B3B1B6AB07DCA0DD617CB /* satKernels.h */ = {isa = PBXFileReference; lastKnownFileType = sourcecode.c.h; name = "satKernels.h"; path = "../../src/Bullet3OpenCL/NarrowphaseCollision/kernels/satKernels.h"; sourceTree = "<group>"; };
		5895425B0EB65E006F5C078B /* b3BoundSearchCL.cpp */ = {isa = PBXFileReference; lastKnownFileType = sourcecode.cpp.cpp; name = "b3BoundSearchCL.cpp"; path = "../../src/Bullet3OpenCL/ParallelPrimitives/b3BoundSearchCL.cpp"; sourceTree = "<group>"; };
		6BBE239519DB2B6243161978 /* b3BoundSearchCL.h */ = {isa = PBXFileReference; lastKnownFileType = sourcecode.c.h; name = "b3BoundSearchCL.h"; path = "../../src/Bullet3OpenCL/ParallelPrimitives/b3BoundSearchCL.h"; sourceTree = "<group>"; };
		25713A0261160CE655A3574D /* b3BufferInfoCL.h */ = {isa = PBXFileReference; lastKnownFileType = sourcecode.c.h; name = "b3BufferInfoCL.h"; path = "../../src/Bullet3OpenCL/ParallelPrimitives/b3BufferInfoCL.h"; sourceTree = "<group>"; };
		0AB51E494F1654296E020158 /* b3FillCL.cpp */ = {isa = PBXFileReference; lastKnownFileType = sourcecode.cpp.cpp; name = "b3FillCL.cpp"; path = "../../src/Bullet3OpenCL/ParallelPrimitives/b3FillCL.cpp"; sourceTree = "<group>"; };
		638943E66E38449753FF1CBB /* b3FillCL.h */ = {isa = PBXFileReference; lastKnownFileType = sourcecode.c.h; name = "b3FillCL.h"; path = "../../src/Bullet3OpenCL/ParallelPrimitives/b3FillCL.h"; sourceTree = "<group>"; };
		61BC35D6753449510300038B /* b3LauncherCL.cpp */ = {isa = PBXFileReference; lastKnownFileType = sourcecode.cpp.cpp; name = "b3LauncherCL.cpp"; path = "../../src/Bullet3OpenCL/ParallelPrimitives/b3LauncherCL.cpp"; sourceTree = "<group>"; };
		0AD87C2A48A102C5770C7572 /* b3LauncherCL.h */ = {isa = PBXFileReference; lastKnownFileType = sourcecode.c.h; name = "b3LauncherCL.h"; path = "../../src/Bullet3OpenCL/ParallelPrimitives/b3LauncherCL.h"; sourceTree = "<group>"; };
		24723AD1762E526916906224 /* b3OpenCLArray.h */ = {isa = PBXFileReference; lastKnownFileType = sourcecode.c.h; name = "b3OpenCLArray.h"; path = "../../src/Bullet3OpenCL/ParallelPrimitives/b3OpenCLArray.h"; sourceTree = "<group>"; };
		428200FC2D5A013209D73679 /* b3PrefixScanCL.cpp */ = {isa = PBXFileReference; lastKnownFileType = sourcecode.cpp.cpp; name = "b3PrefixScanCL.cpp"; path = "../../src/Bullet3OpenCL/ParallelPrimitives/b3PrefixScanCL.cpp"; sourceTree = "<group>"; };
		4713416C30C91C8E3EFC4FA2 /* b3PrefixScanCL.h */ = {isa = PBXFileReference; lastKnownFileType = sourcecode.c.h; name = "b3PrefixScanCL.h"; path = "../../src/Bullet3OpenCL/ParallelPrimitives/b3PrefixScanCL.h"; sourceTree = "<group>"; };
		338A5A6A0BEF1E55639B78E1 /* b3PrefixScanFloat4CL.cpp */ = {isa = PBXFileReference; lastKnownFileType = sourcecode.cpp.cpp; name = "b3PrefixScanFloat4CL.cpp"; path = "../../src/Bullet3OpenCL/ParallelPrimitives/b3PrefixScanFloat4CL.cpp"; sourceTree = "<group>"; };
		79176DD559954AC37BAE0099 /* b3PrefixScanFloat4CL.h */ = {isa = PBXFileReference; lastKnownFileType = sourcecode.c.h; name = "b3PrefixScanFloat4CL.h"; path = "../../src/Bullet3OpenCL/ParallelPrimitives/b3PrefixScanFloat4CL.h"; sourceTree = "<group>"; };
		3E1F73341AC26A89679E48C3 /* b3RadixSort32CL.cpp */ = {isa = PBXFileReference; lastKnownFileType = sourcecode.cpp.cpp; name = "b3RadixSort32CL.cpp"; path = "../../src/Bullet3OpenCL/ParallelPrimitives/b3RadixSort32CL.cpp"; sourceTree = "<group>"; };
		48CD13912A4D41AE0F626EFB /* b3RadixSort32CL.h */ = {isa = PBXFileReference; lastKnownFileType = sourcecode.c.h; name = "b3RadixSort32CL.h"; path = "../../src/Bullet3OpenCL/ParallelPrimitives/b3RadixSort32CL.h"; sourceTree = "<group>"; };
		40AC6F9A21727A1F208C7AFE /* BoundSearchKernelsCL.h */ = {isa = PBXFileReference; lastKnownFileType = sourcecode.c.h; name = "BoundSearchKernelsCL.h"; path = "../../src/Bullet3OpenCL/ParallelPrimitives/kernels/BoundSearchKernelsCL.h"; sourceTree = "<group>"; };
		571A0AA42BE6246F7970435F /* CopyKernelsCL.h */ = {isa = PBXFileReference; lastKnownFileType = sourcecode.c.h; name = "CopyKernelsCL.h"; path = "../../src/Bullet3OpenCL/ParallelPrimitives/kernels/CopyKernelsCL.h"; sourceTree = "<group>"; };
		2F6B52F305835DD560065A12 /* FillKernelsCL.h */ = {isa = PBXFileReference; lastKnownFileType = sourcecode.c.h; name = "FillKernelsCL.h"; path = "../../src/Bullet3OpenCL/ParallelPrimitives/kernels/FillKernelsCL.h"; sourceTree = "<group>"; };
		0389511E0D101C4938E82749 /* PrefixScanKernelsCL.h */ = {isa = PBXFileReference; lastKnownFileType = sourcecode.c.h; name = "PrefixScanKernelsCL.h"; path = "../../src/Bullet3OpenCL/ParallelPrimitives/kernels/PrefixScanKernelsCL.h"; sourceTree = "<group>"; };
		45456543127A44986F7C3EB3 /* PrefixScanKernelsFloat4CL.h */ = {isa = PBXFileReference; lastKnownFileType = sourcecode.c.h; name = "PrefixScanKernelsFloat4CL.h"; path = "../../src/Bullet3OpenCL/ParallelPrimitives/kernels/PrefixScanKernelsFloat4CL.h"; sourceTree = "<group>"; };
		68B4292842084C0570B932C6 /* RadixSort32KernelsCL.h */ = {isa = PBXFileReference; lastKnownFileType = sourcecode.c.h; name = "RadixSort32KernelsCL.h"; path = "../../src/Bullet3OpenCL/ParallelPrimitives/kernels/RadixSort32KernelsCL.h"; sourceTree = "<group>"; };
		025F34F21E2120473C6E0037 /* b3GpuRaycast.cpp */ = {isa = PBXFileReference; lastKnownFileType = sourcecode.cpp.cpp; name = "b3GpuRaycast.cpp"; path = "../../src/Bullet3OpenCL/Raycast/b3GpuRaycast.cpp"; sourceTree = "<group>"; };
		78DC71EE7AF77D312F613054 /* b3GpuRaycast.h */ = {isa = PBXFileReference; lastKnownFileType = sourcecode.c.h; name = "b3GpuRaycast.h"; path = "../../src/Bullet3OpenCL/Raycast/b3GpuRaycast.h"; sourceTree = "<group>"; };
		50A704FA70C935CF491079F8 /* rayCastKernels.h */ = {isa = PBXFileReference; lastKnownFileType = sourcecode.c.h; name = "rayCastKernels.h"; path = "../../src/Bullet3OpenCL/Raycast/kernels/rayCastKernels.h"; sourceTree = "<group>"; };
		241B0D007BC166854C854BE9 /* b3GpuConstraint4.h */ = {isa = PBXFileReference; lastKnownFileType = sourcecode.c.h; name = "b3GpuConstraint4.h"; path = "../../src/Bullet3OpenCL/RigidBody/b3GpuConstraint4.h"; sourceTree = "<group>"; };
		3F8D530F3B00344F5F094DDF /* b3GpuGenericConstraint.cpp */ = {isa = PBXFileReference; lastKnownFileType = sourcecode.cpp.cpp; name = "b3GpuGenericConstraint.cpp"; path = "../../src/Bullet3OpenCL/RigidBody/b3GpuGenericConstraint.cpp"; sourceTree = "<group>"; };
		0F99450D7A450080024527A4 /* b3GpuGenericConstraint.h */ = {isa = PBXFileReference; lastKnownFileType = sourcecode.c.h; name = "b3GpuGenericConstraint.h"; path = "../../src/Bullet3OpenCL/RigidBody/b3GpuGenericConstraint.h"; sourceTree = "<group>"; };
		275C0A7A7091623F27AE413A /* b3GpuJacobiContactSolver.cpp */ = {isa = PBXFileReference; lastKnownFileType = sourcecode.cpp.cpp; name = "b3GpuJacobiContactSolver.cpp"; path = "../../src/Bullet3OpenCL/RigidBody/b3GpuJacobiContactSolver.cpp"; sourceTree = "<group>"; };
		628539D2316A3E5771BC1014 /* b3GpuJacobiContactSolver.h */ = {isa = PBXFileReference; lastKnownFileType = sourcecode.c.h; name = "b3GpuJacobiContactSolver.h"; path = "../../src/Bullet3OpenCL/RigidBody/b3GpuJacobiContactSolver.h"; sourceTree = "<group>"; };
		180C666E744B161904395E4F /* b3GpuNarrowPhase.cpp */ = {isa = PBXFileReference; lastKnownFileType = sourcecode.cpp.cpp; name = "b3GpuNarrowPhase.cpp"; path = "../../src/Bullet3OpenCL/RigidBody/b3GpuNarrowPhase.cpp"; sourceTree = "<group>"; };
		799C22922809176B1B5D0D2C /* b3GpuNarrowPhase.h */ = {isa = PBXFileReference; lastKnownFileType = sourcecode.c.h; name = "b3GpuNarrowPhase.h"; path = "../../src/Bullet3OpenCL/RigidBody/b3GpuNarrowPhase.h"; sourceTree = "<group>"; };
		57B018B92F6F3DA60E2A1B7D /* b3GpuNarrowPhaseInternalData.h */ = {isa = PBXFileReference; lastKnownFileType = sourcecode.c.h; name = "b3GpuNarrowPhaseInternalData.h"; path = "../../src/Bullet3OpenCL/RigidBody/b3GpuNarrowPhaseInternalData.h"; sourceTree = "<group>"; };
		56EB015438AA319B48426911 /* b3GpuPgsConstraintSolver.cpp */ = {isa = PBXFileReference; lastKnownFileType = sourcecode.cpp.cpp; name = "b3GpuPgsConstraintSolver.cpp"; path = "../../src/Bullet3OpenCL/RigidBody/b3GpuPgsConstraintSolver.cpp"; sourceTree = "<group>"; };
		4F8930C42FA30B9442063AF0 /* b3GpuPgsConstraintSolver.h */ = {isa = PBXFileReference; lastKnownFileType = sourcecode.c.h; name = "b3GpuPgsConstraintSolver.h"; path = "../../src/Bullet3OpenCL/RigidBody/b3GpuPgsConstraintSolver.h"; sourceTree = "<group>"; };
		06A94E451FB006427B4E753E /* b3GpuPgsContactSolver.cpp */ = {isa = PBXFileReference; lastKnownFileType = sourcecode.cpp.cpp; name = "b3GpuPgsContactSolver.cpp"; path = "../../src/Bullet3OpenCL/RigidBody/b3GpuPgsContactSolver.cpp"; sourceTree = "<group>"; };
		4CE63CA730D723877C520D22 /* b3GpuPgsContactSolver.h */ = {isa = PBXFileReference; lastKnownFileType = sourcecode.c.h; name = "b3GpuPgsContactSolver.h"; path = "../../src/Bullet3OpenCL/RigidBody/b3GpuPgsContactSolver.h"; sourceTree = "<group>"; };
		650A169E62EF77E8367F5A27 /* b3GpuRigidBodyPipeline.cpp */ = {isa = PBXFileReference; lastKnownFileType = sourcecode.cpp.cpp; name = "b3GpuRigidBodyPipeline.cpp"; path = "../../src/Bullet3OpenCL/RigidBody/b3GpuRigidBodyPipeline.cpp"; sourceTree = "<group>"; };
		6F310F73508E5BA758021612 /* b3GpuRigidBodyPipeline.h */ = {isa = PBXFileReference; lastKnownFileType = sourcecode.c.h; name = "b3GpuRigidBodyPipeline.h"; path = "../../src/Bullet3OpenCL/RigidBody/b3GpuRigidBodyPipeline.h"; sourceTree = "<group>"; };
		16DC7A2F4E7D7CC453EB12AF /* b3GpuRigidBodyPipelineInternalData.h */ = {isa = PBXFileReference; lastKnownFileType = sourcecode.c.h; name = "b3GpuRigidBodyPipelineInternalData.h"; path = "../../src/Bullet3OpenCL/RigidBody/b3GpuRigidBodyPipelineInternalData.h"; sourceTree = "<group>"; };
		54AC0E314F961E1912216D26 /* b3GpuSolverBody.h */ = {isa = PBXFileReference; lastKnownFileType = sourcecode.c.h; name = "b3GpuSolverBody.h"; path = "../../src/Bullet3OpenCL/RigidBody/b3GpuSolverBody.h"; sourceTree = "<group>"; };
		604E606D3C551A272D261BD1 /* b3GpuSolverConstraint.h */ = {isa = PBXFileReference; lastKnownFileType = sourcecode.c.h; name = "b3GpuSolverConstraint.h"; path = "../../src/Bullet3OpenCL/RigidBody/b3GpuSolverConstraint.h"; sourceTree = "<group>"; };
		40781B816C59586C41C44A21 /* b3Solver.cpp */ = {isa = PBXFileReference; lastKnownFileType = sourcecode.cpp.cpp; name = "b3Solver.cpp"; path = "../../src/Bullet3OpenCL/RigidBody/b3Solver.cpp"; sourceTree = "<group>"; };
		5BC6266555F156BA70415621 /* b3Solver.h */ = {isa = PBXFileReference; lastKnownFileType = sourcecode.c.h; name = "b3Solver.h"; path = "../../src/Bullet3OpenCL/RigidBody/b3Solver.h"; sourceTree = "<group>"; };
		31A61A906D6136C1448B3B72 /* batchingKernels.h */ = {isa = PBXFileReference; lastKnownFileType = sourcecode.c.h; name = "batchingKernels.h"; path = "../../src/Bullet3OpenCL/RigidBody/kernels/batchingKernels.h"; sourceTree = "<group>"; };
		724112C20F7027FC29C37A92 /* batchingKernelsNew.h */ = {isa = PBXFileReference; lastKnownFileType = sourcecode.c.h; name = "batchingKernelsNew.h"; path = "../../src/Bullet3OpenCL/RigidBody/kernels/batchingKernelsNew.h"; sourceTree = "<group>"; };
		23DB26FA68811D1C58C05DB9 /* integrateKernel.h */ = {isa = PBXFileReference; lastKnownFileType = sourcecode.c.h; name = "integrateKernel.h"; path = "../../src/Bullet3OpenCL/RigidBody/kernels/integrateKernel.h"; sourceTree = "<group>"; };
		511A1DD06B8E612B52EB7820 /* jointSolver.h */ = {isa = PBXFileReference; lastKnownFileType = sourcecode.c.h; name = "jointSolver.h"; path = "../../src/Bullet3OpenCL/RigidBody/kernels/jointSolver.h"; sourceTree = "<group>"; };
		0A8B61662CA44B06326328AF /* solveContact.h */ = {isa = PBXFileReference; lastKnownFileType = sourcecode.c.h; name = "solveContact.h"; path = "../../src/Bullet3OpenCL/RigidBody/kernels/solveContact.h"; sourceTree = "<group>"; };
		1CEA062778DB7AC5238B1B5D /* solveFriction.h */ = {isa = PBXFileReference; lastKnownFileType = sourcecode.c.h; name = "solveFriction.h"; path = "../../src/Bullet3OpenCL/RigidBody/kernels/solveFriction.h"; sourceTree = "<group>"; };
		02845317499715797C122161 /* solverSetup.h */ = {isa = PBXFileReference; lastKnownFileType = sourcecode.c.h; name = "solverSetup.h"; path = "../../src/Bullet3OpenCL/RigidBody/kernels/solverSetup.h"; sourceTree = "<group>"; };
		6C92231001C406473ACF06A7 /* solverSetup2.h */ = {isa = PBXFileReference; lastKnownFileType = sourcecode.c.h; name = "solverSetup2.h"; path = "../../src/Bullet3OpenCL/RigidBody/kernels/solverSetup2.h"; sourceTree = "<group>"; };
		563332185A6409B4400E764D /* solverUtils.h */ = {isa = PBXFileReference; lastKnownFileType = sourcecode.c.h; name = "solverUtils.h"; path = "../../src/Bullet3OpenCL/RigidBody/kernels/solverUtils.h"; sourceTree = "<group>"; };
		56F257FA00056DC55E113256 /* updateAabbsKernel.h */ = {isa = PBXFileReference; lastKnownFileType = sourcecode.c.h; name = "updateAabbsKernel.h"; path = "../../src/Bullet3OpenCL/RigidBody/kernels/updateAabbsKernel.h"; sourceTree = "<group>"; };
		5F2F191773901C6A122816F9 /* clew.c */ = {isa = PBXFileReference; lastKnownFileType = sourcecode.c.c; name = "clew.c"; path = "../../src/clew/clew.c"; sourceTree = "<group>"; };
		717C0C61500457CB6F595722 /* clew.h */ = {isa = PBXFileReference; lastKnownFileType = sourcecode.c.h; name = "clew.h"; path = "../../src/clew/clew.h"; sourceTree = "<group>"; };
		4470417C4B223EA34A967939 /* libBullet3OpenCL_clew_xcode4_x64_release.a */ = {isa = PBXFileReference; explicitFileType = archive.ar; includeInIndex = 0; name = "libBullet3OpenCL_clew_xcode4_x64_release.a"; path = "libBullet3OpenCL_clew_xcode4_x64_release.a"; sourceTree = BUILT_PRODUCTS_DIR; };
/* End PBXFileReference section */

/* Begin PBXFrameworksBuildPhase section */
		67C431EE2E16501278845469 /* Frameworks */ = {
			isa = PBXFrameworksBuildPhase;
			buildActionMask = 2147483647;
			files = (
			);
			runOnlyForDeploymentPostprocessing = 0;
		};
/* End PBXFrameworksBuildPhase section */

/* Begin PBXGroup section */
		7EE456B06B39781154284C94 /* Bullet3OpenCL_clew */ = {
			isa = PBXGroup;
			children = (
				08C024F30666266273C45DE1 /* src */,
				149F61F11B9F72554795131C /* Products */,
			);
			name = "Bullet3OpenCL_clew";
			sourceTree = "<group>";
		};
		08C024F30666266273C45DE1 /* src */ = {
			isa = PBXGroup;
			children = (
				0AED783D0B7D6E6F44560266 /* Bullet3OpenCL */,
				5090519B3C88152E3D680CD2 /* clew */,
			);
			name = "src";
			sourceTree = "<group>";
		};
		0AED783D0B7D6E6F44560266 /* Bullet3OpenCL */ = {
			isa = PBXGroup;
			children = (
				351A44791A697CF153A6746B /* BroadphaseCollision */,
				5A734C8960E70B7564C74C98 /* Initialize */,
				37B565A53AFB683A3EF43BB6 /* NarrowphaseCollision */,
				4CF868D124E623B23466501B /* ParallelPrimitives */,
				65AB440141170D806B486345 /* Raycast */,
				35DE113142565BA1555F5187 /* RigidBody */,
			);
			name = "Bullet3OpenCL";
			sourceTree = "<group>";
		};
		351A44791A697CF153A6746B /* BroadphaseCollision */ = {
			isa = PBXGroup;
			children = (
				1E10339F11F90B5539DD00CB /* b3GpuBroadphaseInterface.h */,
				37176C9A0A0F00A03E4D70FB /* b3GpuGridBroadphase.cpp */,
				295D51A618F256DA3023011C /* b3GpuGridBroadphase.h */,
				76C67D5F02C160EB256605D2 /* b3GpuParallelLinearBvh.cpp */,
				4E2F2F8E29A9174D7B467164 /* b3GpuParallelLinearBvh.h */,
				7FA75A181B6D3D7A53BF35AA /* b3GpuParallelLinearBvhBroadphase.cpp */,
				217459103E1778D72A2B042A /* b3GpuParallelLinearBvhBroadphase.h */,
				61876C097F4D3E080299252D /* b3GpuSapBroadphase.cpp */,
				5754561324595A4306966FEE /* b3GpuSapBroadphase.h */,
				337E27C23EFA23A357046A0F /* b3SapAabb.h */,
				39DE370956766D5713061C20 /* kernels */,
			);
			name = "BroadphaseCollision";
			sourceTree = "<group>";
		};
		39DE370956766D5713061C20 /* kernels */ = {
			isa = PBXGroup;
			children = (
				201C148A10872E4C215303D5 /* gridBroadphaseKernels.h */,
				3CA1792121E02F902BB85DD6 /* parallelLinearBvhKernels.h */,
				19DD375C1578166702263E45 /* sapKernels.h */,
			);
			name = "kernels";
			sourceTree = "<group>";
		};
		5A734C8960E70B7564C74C98 /* Initialize */ = {
			isa = PBXGroup;
			children = (
				12F54EA34AFE135E2B650930 /* b3OpenCLInclude.h */,
				444A5DEC4CBB35036BC552EB /* b3OpenCLUtils.cpp */,
				49C2656418BF29395FE73D41 /* b3OpenCLUtils.h */,
			);
			name = "Initialize";
			sourceTree = "<group>";
		};
		37B565A53AFB683A3EF43BB6 /* NarrowphaseCollision */ = {
			isa = PBXGroup;
			children = (
				2B0E51824B347A6E4E2312D1 /* b3BvhInfo.h */,
				1534114040B62864402D7EEA /* b3ContactCache.cpp */,
				437B63D2794736775AC4036D /* b3ContactCache.h */,
				1FEB2A1A411F62F224C30106 /* b3ConvexHullContact.cpp */,
				6DF72116518E71590FF2049F /* b3ConvexHullContact.h */,
				6F71719B382075BC4A0A1334 /* b3ConvexPolyhedronCL.h */,
				420975B16D2349FE51E452FD /* b3GjkEpa.cpp */,
				7A6D348D560100BB1AEF50AE /* b3GjkEpa.h */,
				0C897DAE64B14A7F583328C2 /* b3GjkPairDetector.cpp */,
				682C22FE7022542B13B105CC /* b3GjkPairDetector.h */,
				366417A81F9F0DD7413879D9 /* b3OptimizedBvh.cpp */,
				6446448D27F9634D11A7085D /* b3OptimizedBvh.h */,
				4AF26A7938935DA242D27373 /* b3QuantizedBvh.cpp */,
				31534EC640CA26B8226F3F9D /* b3QuantizedBvh.h */,
				18AD2F6A0ECC002670B6793B /* b3StridingMeshInterface.cpp */,
				103448AB7287085F29DB1FBF /* b3StridingMeshInterface.h */,
				419E0A3002B67C4D2D337E33 /* b3SupportMappings.h */,
				7AD93D2834DF37D12EDC0EC7 /* b3TriangleCallback.cpp */,
				34114C2A711A1C7753A05967 /* b3TriangleCallback.h */,
				0F9B0F1C34C9132C481B2120 /* b3TriangleIndexVertexArray.cpp */,
				6F014F1E67145D79592F3625 /* b3TriangleIndexVertexArray.h */,
				71C77E627BA06761277A4A38 /* b3VectorFloat4.h */,
				36B809411CF205C54DD1139D /* b3VoronoiSimplexSolver.cpp */,
				7D354DAA7DE74AFD2B0E3868 /* b3VoronoiSimplexSolver.h */,
				529560801B684C975A472B3E /* kernels */,
			);
			name = "NarrowphaseCollision";
			sourceTree = "<group>";
		};
		529560801B684C975A472B3E /* kernels */ = {
			isa = PBXGroup;
			children = (
				189F17BE73644A3C65E81F9C /* bvhTraversal.h */,
				5814365F56C54B61511E4456 /* mprKernels.h */,
				0A6F3D5E1F6404FF26AC766B /* primitiveContacts.h */,
				208F3452051627F41451586B /* satClipHullContacts.h */,
				16F15DDC550566E425A51DF0 /* satConcaveKernels.h */,
				213B3B1B6AB07DCA0DD617CB /* satKernels.h */,
			);
			name = "kernels";
			sourceTree = "<group>";
		};
		4CF868D124E623B23466501B /* ParallelPrimitives */ = {
			isa = PBXGroup;
			children = (
				5895425B0EB65E006F5C078B /* b3BoundSearchCL.cpp */,
				6BBE239519DB2B6243161978 /* b3BoundSearchCL.h */,
				25713A0261160CE655A3574D /* b3BufferInfoCL.h */,
				0AB51E494F1654296E020158 /* b3FillCL.cpp */,
				638943E66E38449753FF1CBB /* b3FillCL.h */,
				61BC35D6753449510300038B /* b3LauncherCL.cpp */,
				0AD87C2A48A102C5770C7572 /* b3LauncherCL.h */,
				24723AD1762E526916906224 /* b3OpenCLArray.h */,
				428200FC2D5A013209D73679 /* b3PrefixScanCL.cpp */,
				4713416C30C91C8E3EFC4FA2 /* b3PrefixScanCL.h */,
				338A5A6A0BEF1E55639B78E1 /* b3PrefixScanFloat4CL.cpp */,
				79176DD559954AC37BAE0099 /* b3PrefixScanFloat4CL.h */,
				3E1F73341AC26A89679E48C3 /* b3RadixSort32CL.cpp */,
				48CD13912A4D41AE0F626EFB /* b3RadixSort32CL.h */,
				3A4923E743D36B86543D7D3B /* kernels */,
			);
			name = "ParallelPrimitives";
			sourceTree = "<group>";
		};
		3A4923E743D36B86543D7D3B /* kernels */ = {
			isa = PBXGroup;
			children = (
				40AC6F9A21727A1F208C7AFE /* BoundSearchKernelsCL.h */,
				571A0AA42BE6246F7970435F /* CopyKernelsCL.h */,
				2F6B52F305835DD560065A12 /* FillKernelsCL.h */,
				0389511E0D101C4938E82749 /* PrefixScanKernelsCL.h */,
				45456543127A44986F7C3EB3 /* PrefixScanKernelsFloat4CL.h */,
				68B4292842084C0570B932C6 /* RadixSort32KernelsCL.h */,
			);
			name = "kernels";
			sourceTree = "<group>";
		};
		65AB440141170D806B486345 /* Raycast */ = {
			isa = PBXGroup;
			children = (
				025F34F21E2120473C6E0037 /* b3GpuRaycast.cpp */,
				78DC71EE7AF77D312F613054 /* b3GpuRaycast.h */,
				1AA21C07247E76A238034E78 /* kernels */,
			);
			name = "Raycast";
			sourceTree = "<group>";
		};
		1AA21C07247E76A238034E78 /* kernels */ = {
			isa = PBXGroup;
			children = (
				50A704FA70C935CF491079F8 /* rayCastKernels.h */,
			);
			name = "kernels";
			sourceTree = "<group>";
		};
		35DE113142565BA1555F5187 /* RigidBody */ = {
			isa = PBXGroup;
			children = (
				241B0D007BC166854C854BE9 /* b3GpuConstraint4.h */,
				3F8D530F3B00344F5F094DDF /* b3GpuGenericConstraint.cpp */,
				0F99450D7A450080024527A4 /* b3GpuGenericConstraint.h */,
				275C0A7A7091623F27AE413A /* b3GpuJacobiContactSolver.cpp */,
				628539D2316A3E5771BC1014 /* b3GpuJacobiContactSolver.h */,
				180C666E744B161904395E4F /* b3GpuNarrowPhase.cpp */,
				799C22922809176B1B5D0D2C /* b3GpuNarrowPhase.h */,
				57B018B92F6F3DA60E2A1B7D /* b3GpuNarrowPhaseInternalData.h */,
				56EB015438AA319B48426911 /* b3GpuPgsConstraintSolver.cpp */,
				4F8930C42FA30B9442063AF0 /* b3GpuPgsConstraintSolver.h */,
				06A94E451FB006427B4E753E /* b3GpuPgsContactSolver.cpp */,
				4CE63CA730D723877C520D22 /* b3GpuPgsContactSolver.h */,
				650A169E62EF77E8367F5A27 /* b3GpuRigidBodyPipeline.cpp */,
				6F310F73508E5BA758021612 /* b3GpuRigidBodyPipeline.h */,
				16DC7A2F4E7D7CC453EB12AF /* b3GpuRigidBodyPipelineInternalData.h */,
				54AC0E314F961E1912216D26 /* b3GpuSolverBody.h */,
				604E606D3C551A272D261BD1 /* b3GpuSolverConstraint.h */,
				40781B816C59586C41C44A21 /* b3Solver.cpp */,
				5BC6266555F156BA70415621 /* b3Solver.h */,
				4E702FC0041C59A047CB696A /* kernels */,
			);
			name = "RigidBody";
			sourceTree = "<group>";
		};
		4E702FC0041C59A047CB696A /* kernels */ = {
			isa = PBXGroup;
			children = (
				31A61A906D6136C1448B3B72 /* batchingKernels.h */,
				724112C20F7027FC29C37A92 /* batchingKernelsNew.h */,
				23DB26FA68811D1C58C05DB9 /* integrateKernel.h */,
				511A1DD06B8E612B52EB7820 /* jointSolver.h */,
				0A8B61662CA44B06326328AF /* solveContact.h */,
				1CEA062778DB7AC5238B1B5D /* solveFriction.h */,
				02845317499715797C122161 /* solverSetup.h */,
				6C92231001C406473ACF06A7 /* solverSetup2.h */,
				563332185A6409B4400E764D /* solverUtils.h */,
				56F257FA00056DC55E113256 /* updateAabbsKernel.h */,
			);
			name = "kernels";
			sourceTree = "<group>";
		};
		5090519B3C88152E3D680CD2 /* clew */ = {
			isa = PBXGroup;
			children = (
				5F2F191773901C6A122816F9 /* clew.c */,
				717C0C61500457CB6F595722 /* clew.h */,
			);
			name = "clew";
			sourceTree = "<group>";
		};
		149F61F11B9F72554795131C /* Products */ = {
			isa = PBXGroup;
			children = (
				4470417C4B223EA34A967939 /* libBullet3OpenCL_clew_xcode4_x64_release.a */,
			);
			name = "Products";
			sourceTree = "<group>";
		};
/* End PBXGroup section */

/* Begin PBXNativeTarget section */
		29D574774F7103F018713ECF /* Bullet3OpenCL_clew */ = {
			isa = PBXNativeTarget;
			buildConfigurationList = 3D8372F542CA141B30784340 /* Build configuration list for PBXNativeTarget "Bullet3OpenCL_clew" */;
			buildPhases = (
				241D095B562D307D064D5C1C /* Resources */,
				376C502F585C1D015B7433F0 /* Sources */,
				67C431EE2E16501278845469 /* Frameworks */,
			);
			buildRules = (
			);
			dependencies = (
			);
			name = "Bullet3OpenCL_clew";
			productName = "Bullet3OpenCL_clew";
			productReference = 4470417C4B223EA34A967939 /* libBullet3OpenCL_clew_xcode4_x64_release.a */;
			productType = "com.apple.product-type.library.static";
		};
/* End PBXNativeTarget section */

/* Begin PBXProject section */
		08FB7793FE84155DC02AAC07 /* Project object */ = {
			isa = PBXProject;
			buildConfigurationList = 1DEB928908733DD80010E9CD /* Build configuration list for PBXProject "Bullet3OpenCL_clew" */;
			compatibilityVersion = "Xcode 3.2";
			hasScannedForEncodings = 1;
			mainGroup = 7EE456B06B39781154284C94 /* Bullet3OpenCL_clew */;
			projectDirPath = "";
			projectRoot = "";
			targets = (
				29D574774F7103F018713ECF /* libBullet3OpenCL_clew_xcode4_x64_release.a */,
			);
		};
/* End PBXProject section */

/* Begin PBXResourcesBuildPhase section */
		241D095B562D307D064D5C1C /* Resources */ = {
			isa = PBXResourcesBuildPhase;
			buildActionMask = 2147483647;
			files = (
			);
			runOnlyForDeploymentPostprocessing = 0;
		};
/* End PBXResourcesBuildPhase section */

/* Begin PBXSourcesBuildPhase section */
		376C502F585C1D015B7433F0 /* Sources */ = {
			isa = PBXSourcesBuildPhase;
			buildActionMask = 2147483647;
			files = (
				28FB16D9307D769613D03F94 /* b3GpuGridBroadphase.cpp in Sources */,
				55F3477E587972D73DB830FB /* b3GpuParallelLinearBvh.cpp in Sources */,
				5757218747390CF61CAD51B2 /* b3GpuParallelLinearBvhBroadphase.cpp in Sources */,
				586F67E9205C362C26EB3CB6 /* b3GpuSapBroadphase.cpp in Sources */,
				69394B6F7196317F1A664C20 /* b3OpenCLUtils.cpp in Sources */,
				67F65F717B1201A930154A1D /* b3ContactCache.cpp in Sources */,
				721B4CC749AB024C7DC46760 /* b3ConvexHullContact.cpp in Sources */,
				1AF814AC4E2040C61F1A0CCF /* b3GjkEpa.cpp in Sources */,
				0F3642A64DBC0EFB1E536567 /* b3GjkPairDetector.cpp in Sources */,
				4E1A31BB228567A301E50D8C /* b3OptimizedBvh.cpp in Sources */,
				1439504859BC778F72346CF8 /* b3QuantizedBvh.cpp in Sources */,
				356F2DDE000A1C257C134628 /* b3StridingMeshInterface.cpp in Sources */,
				56711BDB52B86D4E433A22BD /* b3TriangleCallback.cpp in Sources */,
				5EDF058A55A43C5B1C4D37A3 /* b3TriangleIndexVertexArray.cpp in Sources */,
				3E4762825536670E4989514E /* b3VoronoiSimplexSolver.cpp in Sources */,
				383F6B8455AF094D32B3424F /* b3BoundSearchCL.cpp in Sources */,
				6E2B050E6FD339626675421A /* b3FillCL.cpp in Sources */,
				4A443F184C2A6B797D711362 /* b3LauncherCL.cpp in Sources */,
				61546B8B779641033BE53B9D /* b3PrefixScanCL.cpp in Sources */,
				37474F51564A50EA5CEF66A7 /* b3PrefixScanFloat4CL.cpp in Sources */,
				3595782406D1438615CA0955 /* b3RadixSort32CL.cpp in Sources */,
				575868716D3B72061325152D /* b3GpuRaycast.cpp in Sources */,
				02A06C26574B077F463A181C /* b3GpuGenericConstraint.cpp in Sources */,
				7795172C763D2EBA3EDE0296 /* b3GpuJacobiContactSolver.cpp in Sources */,
				15635499103C757849056B35 /* b3GpuNarrowPhase.cpp in Sources */,
				0CD7297D7BC96C3266AC5815 /* b3GpuPgsConstraintSolver.cpp in Sources */,
				779A2D2B06FC0DEC23AD4371 /* b3GpuPgsContactSolver.cpp in Sources */,
				37EB53BE062E4399077B4FBA /* b3GpuRigidBodyPipeline.cpp in Sources */,
				43315C4A3F630A86234E7226 /* b3Solver.cpp in Sources */,
				643C359D666E51DA62D04880 /* clew.c in Sources */,
			);
			runOnlyForDeploymentPostprocessing = 0;
		};
/* End PBXSourcesBuildPhase section */

/* Begin PBXVariantGroup section */
/* End PBXVariantGroup section */

/* Begin XCBuildConfiguration section */
		561D0CE076A44316115F094A /* Release */ = {
			isa = XCBuildConfiguration;
			buildSettings = {
				ARCHS = "$(ARCHS_STANDARD_32_BIT) $(ARCHS_STANDARD_64_BIT)";
				VALID_ARCHS = "x86_64 i386";
				ALWAYS_SEARCH_USER_PATHS = NO;
				DEBUG_INFORMATION_FORMAT = "dwarf-with-dsym";
				CONFIGURATION_BUILD_DIR = "../../bin";
				GCC_DYNAMIC_NO_PIC = NO;
				GCC_MODEL_TUNING = G5;
				INSTALL_PATH = /usr/local/lib;
				PRODUCT_NAME = "Bullet3OpenCL_clew_xcode4_x64_release";
			};
			name = "Release";
		};
		3DEB3F6267B5355D28A83509 /* Debug */ = {
			isa = XCBuildConfiguration;
			buildSettings = {
				ARCHS = "$(ARCHS_STANDARD_32_BIT) $(ARCHS_STANDARD_64_BIT)";
				VALID_ARCHS = "x86_64 i386";
				ALWAYS_SEARCH_USER_PATHS = NO;
				CONFIGURATION_BUILD_DIR = "../../bin";
				GCC_DYNAMIC_NO_PIC = NO;
				GCC_MODEL_TUNING = G5;
				INSTALL_PATH = /usr/local/lib;
				PRODUCT_NAME = "Bullet3OpenCL_clew_xcode4_x64_debug";
			};
			name = "Debug";
		};
		729B3EA75F20693535CF68FB /* Release */ = {
			isa = XCBuildConfiguration;
			buildSettings = {
				ARCHS = "$(ARCHS_STANDARD_32_BIT) $(ARCHS_STANDARD_64_BIT)";
				VALID_ARCHS = "x86_64 i386";
				SDKROOT = macosx;
				ARCHS = "x86_64";
				CONFIGURATION_BUILD_DIR = "$(SYMROOT)";
				CONFIGURATION_TEMP_DIR = "$(OBJROOT)";
				GCC_C_LANGUAGE_STANDARD = gnu99;
				GCC_OPTIMIZATION_LEVEL = s;
				GCC_PREPROCESSOR_DEFINITIONS = (
					"B3_USE_CLEW",
				);
				GCC_SYMBOLS_PRIVATE_EXTERN = NO;
				GCC_WARN_ABOUT_RETURN_TYPE = YES;
				GCC_WARN_UNUSED_VARIABLE = YES;
				HEADER_SEARCH_PATHS = (
					"../../src/clew",
					"../../src/Bullet3OpenCL",
					"../../src",
				);
				OBJROOT = "obj/x64/Release/Bullet3OpenCL_clew";
				ONLY_ACTIVE_ARCH = NO;
				OTHER_CFLAGS = (
					"-ffast-math",
				);
				STANDARD_C_PLUS_PLUS_LIBRARY_TYPE = static;
				SYMROOT = "../../bin";
			};
			name = "Release";
		};
		745D274B461F49BB2F113EF3 /* Debug */ = {
			isa = XCBuildConfiguration;
			buildSettings = {
				ARCHS = "$(ARCHS_STANDARD_32_BIT) $(ARCHS_STANDARD_64_BIT)";
				VALID_ARCHS = "x86_64 i386";
				SDKROOT = macosx;
				ARCHS = "x86_64";
				CONFIGURATION_BUILD_DIR = "$(SYMROOT)";
				CONFIGURATION_TEMP_DIR = "$(OBJROOT)";
				COPY_PHASE_STRIP = NO;
				GCC_C_LANGUAGE_STANDARD = gnu99;
				GCC_OPTIMIZATION_LEVEL = 0;
				GCC_PREPROCESSOR_DEFINITIONS = (
					"_DEBUG=1",
					"B3_USE_CLEW",
				);
				GCC_SYMBOLS_PRIVATE_EXTERN = NO;
				GCC_WARN_ABOUT_RETURN_TYPE = YES;
				GCC_WARN_UNUSED_VARIABLE = YES;
				HEADER_SEARCH_PATHS = (
					"../../src/clew",
					"../../src/Bullet3OpenCL",
					"../../src",
				);
				OBJROOT = "obj/x64/Debug/Bullet3OpenCL_clew";
				ONLY_ACTIVE_ARCH = YES;
				OTHER_CFLAGS = (
					"-ffast-math",
				);
				STANDARD_C_PLUS_PLUS_LIBRARY_TYPE = static;
				SYMROOT = "../../bin";
			};
			name = "Debug";
		};
/* End XCBuildConfiguration section */

/* Begin XCConfigurationList section */
		3D8372F542CA141B30784340 /* Build configuration list for PBXNativeTarget "libBullet3OpenCL_clew_xcode4_x64_release.a" */ = {
			isa = XCConfigurationList;
			buildConfigurations = (
				561D0CE076A44316115F094A /* Release */,
				3DEB3F6267B5355D28A83509 /* Debug */,
			);
			defaultConfigurationIsVisible = 0;
			defaultConfigurationName = "Release";
		};
		1DEB928908733DD80010E9CD /* Build configuration list for PBXProject "Bullet3OpenCL_clew" */ = {
			isa = XCConfigurationList;
			buildConfigurations = (
				729B3EA75F20693535CF68FB /* Release */,
				745D274B461F49BB2F113EF3 /* Debug */,
			);
			defaultConfigurationIsVisible = 0;
			defaultConfigurationName = "Release";
		};
/* End XCConfigurationList section */

	};
	rootObject = 08FB7793FE84155DC02AAC07 /* Project object */;
}
