// !$*UTF8*$!
{
	archiveVersion = 1;
	classes = {
	};
	objectVersion = 45;
	objects = {

/* Begin PBXBuildFile section */
		1D9B4AB27FC44EC91B6F2C3A /* Pendulum.cpp in Sources */ = {isa = PBXBuildFile; fileRef = 7A1B27B835EA50A737BF692B /* Pendulum.cpp */; };
		48D949F6597F514B38995E62 /* libBulletDynamics.a in Frameworks */ = {isa = PBXBuildFile; fileRef = 2AC9303E5D9D1DDF273D3F2F /* libBulletDynamics.a */; };
		350047C3567F315962016AB2 /* libBulletCollision.a in Frameworks */ = {isa = PBXBuildFile; fileRef = 124A735B6909522722C47F39 /* libBulletCollision.a */; };
		3EC26A7620C1647E22620C9C /* libLinearMath.a in Frameworks */ = {isa = PBXBuildFile; fileRef = 04144C3E37DA6DA86F0B72D4 /* libLinearMath.a */; };
		3EBE57F729686E0650793DBA /* libgtest.a in Frameworks */ = {isa = PBXBuildFile; fileRef = 3F5C40C41B8765D17FB96BFB /* libgtest.a */; };
/* End PBXBuildFile section */

/* Begin PBXContainerItemProxy section */
		010F353D748C48BF1F74066C /* PBXContainerItemProxy */ = {
			isa = PBXContainerItemProxy;
			containerPortal = 481B199664D62DC76F216EC2 /* BulletDynamics.xcodeproj */;
			proxyType = 2;
			remoteGlobalIDString = 1FF31C047FD466150A2F2FD1;
			remoteInfo = "libBulletDynamics_xcode4_x64_release.a";
		};
		26C3693D5EB757571909415B /* PBXContainerItemProxy */ = {
			isa = PBXContainerItemProxy;
			containerPortal = 481B199664D62DC76F216EC2 /* BulletDynamics.xcodeproj */;
			proxyType = 1;
			remoteGlobalIDString = 4E8F23C7082008DA21894E5C;
			remoteInfo = "libBulletDynamics_xcode4_x64_release.a";
		};
		252960397A8337784C7550CA /* PBXContainerItemProxy */ = {
			isa = PBXContainerItemProxy;
			containerPortal = 2F997F302FB8095349903414 /* BulletCollision.xcodeproj */;
			proxyType = 2;
			remoteGlobalIDString = 356C502E0A8C03B3091960DD;
			remoteInfo = "libBulletCollision_xcode4_x64_release.a";
		};
		328344115C122FA05B9D411D /* PBXContainerItemProxy */ = {
			isa = PBXContainerItemProxy;
			containerPortal = 2F997F302FB8095349903414 /* BulletCollision.xcodeproj */;
			proxyType = 1;
			remoteGlobalIDString = 0EC95E1E15B267834BEE31C3;
			remoteInfo = "libBulletCollision_xcode4_x64_release.a";
		};
		6A47161C091A160615897742 /* PBXContainerItemProxy */ = {
			isa = PBXContainerItemProxy;
			containerPortal = 05D519F6732F1A70566F311D /* LinearMath.xcodeproj */;
			proxyType = 2;
			remoteGlobalIDString = 1D277880288E092B250C5202;
			remoteInfo = "libLinearMath_xcode4_x64_release.a";
		};
		38290D1254CB67D9178B6710 /* PBXContainerItemProxy */ = {
			isa = PBXContainerItemProxy;
			containerPortal = 05D519F6732F1A70566F311D /* LinearMath.xcodeproj */;
			proxyType = 1;
			remoteGlobalIDString = 2FE65F4C3695056D50052CF8;
			remoteInfo = "libLinearMath_xcode4_x64_release.a";
		};
		3DC42C2B6AA65A9840F138B9 /* PBXContainerItemProxy */ = {
			isa = PBXContainerItemProxy;
			containerPortal = 57AA5A527963798D3DF52B60 /* gtest.xcodeproj */;
			proxyType = 2;
			remoteGlobalIDString = 4D9E62095DBE747F466A0659;
			remoteInfo = "libgtest_xcode4_x64_release.a";
		};
		7A15158449F3148C74A715A2 /* PBXContainerItemProxy */ = {
			isa = PBXContainerItemProxy;
			containerPortal = 57AA5A527963798D3DF52B60 /* gtest.xcodeproj */;
			proxyType = 1;
			remoteGlobalIDString = 444B3117109A23BD72540652;
			remoteInfo = "libgtest_xcode4_x64_release.a";
		};
/* End PBXContainerItemProxy section */

/* Begin PBXFileReference section */
		7A1B27B835EA50A737BF692B /* Pendulum.cpp */ = {isa = PBXFileReference; lastKnownFileType = sourcecode.cpp.cpp; name = "Pendulum.cpp"; path = "../../examples/MultiBody/Pendulum.cpp"; sourceTree = "<group>"; };
		35BD0CA72F955F6F77597D25 /* pendulum_gold.h */ = {isa = PBXFileReference; lastKnownFileType = sourcecode.c.h; name = "pendulum_gold.h"; path = "../../examples/MultiBody/pendulum_gold.h"; sourceTree = "<group>"; };
		46EA5D376B242ADC5E343E1F /* Test_BulletDynamics_xcode4_x64_release */ = {isa = PBXFileReference; explicitFileType = "compiled.mach-o.executable"; includeInIndex = 0; name = "Test_BulletDynamics_xcode4_x64_release"; path = "Test_BulletDynamics_xcode4_x64_release"; sourceTree = BUILT_PRODUCTS_DIR; };
		481B199664D62DC76F216EC2 /* BulletDynamics.xcodeproj */ = {isa = PBXFileReference; lastKnownFileType = "wrapper.pb-project"; name = "BulletDynamics.xcodeproj"; path = "BulletDynamics.xcodeproj"; sourceTree = SOURCE_ROOT; };
		2F997F302FB8095349903414 /* BulletCollision.xcodeproj */ = {isa = PBXFileReference; lastKnownFileType = "wrapper.pb-project"; name = "BulletCollision.xcodeproj"; path = "BulletCollision.xcodeproj"; sourceTree = SOURCE_ROOT; };
		05D519F6732F1A70566F311D /* LinearMath.xcodeproj */ = {isa = PBXFileReference; lastKnownFileType = "wrapper.pb-project"; name = "LinearMath.xcodeproj"; path = "LinearMath.xcodeproj"; sourceTree = SOURCE_ROOT; };
		57AA5A527963798D3DF52B60 /* gtest.xcodeproj */ = {isa = PBXFileReference; lastKnownFileType = "wrapper.pb-project"; name = "gtest.xcodeproj"; path = "gtest.xcodeproj"; sourceTree = SOURCE_ROOT; };
/* End PBXFileReference section */

/* Begin PBXFrameworksBuildPhase section */
		3CDD046307DA0CB362C12D09 /* Frameworks */ = {
			isa = PBXFrameworksBuildPhase;
			buildActionMask = 2147483647;
			files = (
				48D949F6597F514B38995E62 /* libBulletDynamics.a in Frameworks */,
				350047C3567F315962016AB2 /* libBulletCollision.a in Frameworks */,
				3EC26A7620C1647E22620C9C /* libLinearMath.a in Frameworks */,
				3EBE57F729686E0650793DBA /* libgtest.a in Frameworks */,
			);
			runOnlyForDeploymentPostprocessing = 0;
		};
/* End PBXFrameworksBuildPhase section */

/* Begin PBXGroup section */
		7D5E3DF20AC7453354A146E2 /* Test_BulletDynamics */ = {
			isa = PBXGroup;
			children = (
				2C653742097D0118002462A4 /* examples */,
				09C11B7537174F09007E699A /* Products */,
				2C36295E16BF601805B06D02 /* Projects */,
			);
			name = "Test_BulletDynamics";
			sourceTree = "<group>";
		};
		2C653742097D0118002462A4 /* examples */ = {
			isa = PBXGroup;
			children = (
				21063C3F4C5F79B036CC0D09 /* MultiBody */,
			);
			name = "examples";
			sourceTree = "<group>";
		};
		21063C3F4C5F79B036CC0D09 /* MultiBody */ = {
			isa = PBXGroup;
			children = (
				7A1B27B835EA50A737BF692B /* Pendulum.cpp */,
				35BD0CA72F955F6F77597D25 /* pendulum_gold.h */,
			);
			name = "MultiBody";
			sourceTree = "<group>";
		};
		09C11B7537174F09007E699A /* Products */ = {
			isa = PBXGroup;
			children = (
				46EA5D376B242ADC5E343E1F /* Test_BulletDynamics_xcode4_x64_release */,
			);
			name = "Products";
			sourceTree = "<group>";
		};
		2C36295E16BF601805B06D02 /* Projects */ = {
			isa = PBXGroup;
			children = (
				481B199664D62DC76F216EC2 /* BulletDynamics.xcodeproj */,
				2F997F302FB8095349903414 /* BulletCollision.xcodeproj */,
				05D519F6732F1A70566F311D /* LinearMath.xcodeproj */,
				57AA5A527963798D3DF52B60 /* gtest.xcodeproj */,
			);
			name = "Projects";
			sourceTree = "<group>";
		};
		728268AD42057D2D4ED464D5 /* Products */ = {
			isa = PBXGroup;
			children = (
				2AC9303E5D9D1DDF273D3F2F /* libBulletDynamics.a */,
			);
			name = Products;
			sourceTree = "<group>";
		};
		463378080AEF55AD601A76A0 /* Products */ = {
			isa = PBXGroup;
			children = (
				124A735B6909522722C47F39 /* libBulletCollision.a */,
			);
			name = Products;
			sourceTree = "<group>";
		};
		3B71295C07FF015A46C34AB9 /* Products */ = {
			isa = PBXGroup;
			children = (
				04144C3E37DA6DA86F0B72D4 /* libLinearMath.a */,
			);
			name = Products;
			sourceTree = "<group>";
		};
		7BCC4ACF109126C36D45754F /* Products */ = {
			isa = PBXGroup;
			children = (
				3F5C40C41B8765D17FB96BFB /* libgtest.a */,
			);
			name = Products;
			sourceTree = "<group>";
		};
/* End PBXGroup section */

/* Begin PBXNativeTarget section */
		047C0D5C225E086722A11F71 /* Test_BulletDynamics */ = {
			isa = PBXNativeTarget;
			buildConfigurationList = 1EC275486F4D4A9B35051574 /* Build configuration list for PBXNativeTarget "Test_BulletDynamics" */;
			buildPhases = (
				168903C9055D553C64EC6DE5 /* Resources */,
				0C2219565FC858AB5505683D /* Sources */,
				3CDD046307DA0CB362C12D09 /* Frameworks */,
			);
			buildRules = (
			);
			dependencies = (
				6AE01F992F68127973055FDB /* PBXTargetDependency */,
				0F3563E43955346E42AD2B6B /* PBXTargetDependency */,
				65CE4E000F42688C78BD57D5 /* PBXTargetDependency */,
				5F6C5E0A7AF9214C1DD06E85 /* PBXTargetDependency */,
			);
			name = "Test_BulletDynamics";
			productInstallPath = "$(HOME)/bin";
			productName = "Test_BulletDynamics";
			productReference = 46EA5D376B242ADC5E343E1F /* Test_BulletDynamics_xcode4_x64_release */;
			productType = "com.apple.product-type.tool";
		};
/* End PBXNativeTarget section */

/* Begin PBXProject section */
		08FB7793FE84155DC02AAC07 /* Project object */ = {
			isa = PBXProject;
			buildConfigurationList = 1DEB928908733DD80010E9CD /* Build configuration list for PBXProject "Test_BulletDynamics" */;
			compatibilityVersion = "Xcode 3.2";
			hasScannedForEncodings = 1;
			mainGroup = 7D5E3DF20AC7453354A146E2 /* Test_BulletDynamics */;
			projectDirPath = "";
			projectReferences = (
				{
					ProductGroup = 728268AD42057D2D4ED464D5 /* Products */;
					ProjectRef = 481B199664D62DC76F216EC2 /* BulletDynamics.xcodeproj */;
				},
				{
					ProductGroup = 463378080AEF55AD601A76A0 /* Products */;
					ProjectRef = 2F997F302FB8095349903414 /* BulletCollision.xcodeproj */;
				},
				{
					ProductGroup = 3B71295C07FF015A46C34AB9 /* Products */;
					ProjectRef = 05D519F6732F1A70566F311D /* LinearMath.xcodeproj */;
				},
				{
					ProductGroup = 7BCC4ACF109126C36D45754F /* Products */;
					ProjectRef = 57AA5A527963798D3DF52B60 /* gtest.xcodeproj */;
				},
			);
			projectRoot = "";
			targets = (
				047C0D5C225E086722A11F71 /* Test_BulletDynamics_xcode4_x64_release */,
			);
		};
/* End PBXProject section */

/* Begin PBXReferenceProxy section */
		2AC9303E5D9D1DDF273D3F2F /* libBulletDynamics.a */ = {
			isa = PBXReferenceProxy;
			fileType = archive.ar;
			path = "../../bin/libBulletDynamics.a";
			remoteRef = 010F353D748C48BF1F74066C /* PBXContainerItemProxy */;
			sourceTree = BUILT_PRODUCTS_DIR;
		};
		124A735B6909522722C47F39 /* libBulletCollision.a */ = {
			isa = PBXReferenceProxy;
			fileType = archive.ar;
			path = "../../bin/libBulletCollision.a";
			remoteRef = 252960397A8337784C7550CA /* PBXContainerItemProxy */;
			sourceTree = BUILT_PRODUCTS_DIR;
		};
		04144C3E37DA6DA86F0B72D4 /* libLinearMath.a */ = {
			isa = PBXReferenceProxy;
			fileType = archive.ar;
			path = "../../bin/libLinearMath.a";
			remoteRef = 6A47161C091A160615897742 /* PBXContainerItemProxy */;
			sourceTree = BUILT_PRODUCTS_DIR;
		};
		3F5C40C41B8765D17FB96BFB /* libgtest.a */ = {
			isa = PBXReferenceProxy;
			fileType = archive.ar;
			path = "../../bin/libgtest.a";
			remoteRef = 3DC42C2B6AA65A9840F138B9 /* PBXContainerItemProxy */;
			sourceTree = BUILT_PRODUCTS_DIR;
		};
/* End PBXReferenceProxy section */

/* Begin PBXResourcesBuildPhase section */
		168903C9055D553C64EC6DE5 /* Resources */ = {
			isa = PBXResourcesBuildPhase;
			buildActionMask = 2147483647;
			files = (
			);
			runOnlyForDeploymentPostprocessing = 0;
		};
/* End PBXResourcesBuildPhase section */

/* Begin PBXSourcesBuildPhase section */
		0C2219565FC858AB5505683D /* Sources */ = {
			isa = PBXSourcesBuildPhase;
			buildActionMask = 2147483647;
			files = (
				1D9B4AB27FC44EC91B6F2C3A /* Pendulum.cpp in Sources */,
			);
			runOnlyForDeploymentPostprocessing = 0;
		};
/* End PBXSourcesBuildPhase section */

/* Begin PBXVariantGroup section */
/* End PBXVariantGroup section */

/* Begin PBXTargetDependency section */
		6AE01F992F68127973055FDB /* PBXTargetDependency */ = {
			isa = PBXTargetDependency;
			name = "libBulletDynamics.a";
			targetProxy = 26C3693D5EB757571909415B /* PBXContainerItemProxy */;
		};
		0F3563E43955346E42AD2B6B /* PBXTargetDependency */ = {
			isa = PBXTargetDependency;
			name = "libBulletCollision.a";
			targetProxy = 328344115C122FA05B9D411D /* PBXContainerItemProxy */;
		};
		65CE4E000F42688C78BD57D5 /* PBXTargetDependency */ = {
			isa = PBXTargetDependency;
			name = "libLinearMath.a";
			targetProxy = 38290D1254CB67D9178B6710 /* PBXContainerItemProxy */;
		};
		5F6C5E0A7AF9214C1DD06E85 /* PBXTargetDependency */ = {
			isa = PBXTargetDependency;
			name = "libgtest.a";
			targetProxy = 7A15158449F3148C74A715A2 /* PBXContainerItemProxy */;
		};
/* End PBXTargetDependency section */

/* Begin XCBuildConfiguration section */
		09137522295B414A67BB3580 /* Release */ = {
			isa = XCBuildConfiguration;
			buildSettings = {
				ARCHS = "$(ARCHS_STANDARD_32_BIT) $(ARCHS_STANDARD_64_BIT)";
				VALID_ARCHS = "x86_64 i386";
				ALWAYS_SEARCH_USER_PATHS = NO;
				DEBUG_INFORMATION_FORMAT = "dwarf-with-dsym";
				CONFIGURATION_BUILD_DIR = "../../bin";
				GCC_DYNAMIC_NO_PIC = NO;
				GCC_MODEL_TUNING = G5;
				INSTALL_PATH = /usr/local/bin;
				PRODUCT_NAME = "Test_BulletDynamics_xcode4_x64_release";
			};
			name = "Release";
		};
		38070C2C53F03BB25241609E /* Debug */ = {
			isa = XCBuildConfiguration;
			buildSettings = {
				ARCHS = "$(ARCHS_STANDARD_32_BIT) $(ARCHS_STANDARD_64_BIT)";
				VALID_ARCHS = "x86_64 i386";
				ALWAYS_SEARCH_USER_PATHS = NO;
				CONFIGURATION_BUILD_DIR = "../../bin";
				GCC_DYNAMIC_NO_PIC = NO;
				GCC_MODEL_TUNING = G5;
				INSTALL_PATH = /usr/local/bin;
				PRODUCT_NAME = "Test_BulletDynamics_xcode4_x64_debug";
			};
			name = "Debug";
		};
		11F106CE4C3748B4457508E0 /* Release */ = {
			isa = XCBuildConfiguration;
			buildSettings = {
				ARCHS = "$(ARCHS_STANDARD_32_BIT) $(ARCHS_STANDARD_64_BIT)";
				VALID_ARCHS = "x86_64 i386";
				SDKROOT = macosx;
				ARCHS = "x86_64";
				CONFIGURATION_BUILD_DIR = "$(SYMROOT)";
				CONFIGURATION_TEMP_DIR = "$(OBJROOT)";
				GCC_C_LANGUAGE_STANDARD = gnu99;
				GCC_OPTIMIZATION_LEVEL = s;
				GCC_PREPROCESSOR_DEFINITIONS = (
					"USE_GTEST",
				);
				GCC_SYMBOLS_PRIVATE_EXTERN = NO;
				GCC_WARN_ABOUT_RETURN_TYPE = YES;
				GCC_WARN_UNUSED_VARIABLE = YES;
				HEADER_SEARCH_PATHS = (
					"../../test/BulletDynamics/pendulum",
					"../../src",
					"../../test/gtest-1.7.0/include",
				);
				OBJROOT = "obj/x64/Release/Test_BulletDynamics";
				ONLY_ACTIVE_ARCH = NO;
				OTHER_CFLAGS = (
					"-ffast-math",
				);
				STANDARD_C_PLUS_PLUS_LIBRARY_TYPE = static;
				SYMROOT = "../../bin";
			};
			name = "Release";
		};
		40C95D6120C570197A9F795F /* Debug */ = {
			isa = XCBuildConfiguration;
			buildSettings = {
				ARCHS = "$(ARCHS_STANDARD_32_BIT) $(ARCHS_STANDARD_64_BIT)";
				VALID_ARCHS = "x86_64 i386";
				SDKROOT = macosx;
				ARCHS = "x86_64";
				CONFIGURATION_BUILD_DIR = "$(SYMROOT)";
				CONFIGURATION_TEMP_DIR = "$(OBJROOT)";
				COPY_PHASE_STRIP = NO;
				GCC_C_LANGUAGE_STANDARD = gnu99;
				GCC_OPTIMIZATION_LEVEL = 0;
				GCC_PREPROCESSOR_DEFINITIONS = (
					"_DEBUG=1",
					"USE_GTEST",
				);
				GCC_SYMBOLS_PRIVATE_EXTERN = NO;
				GCC_WARN_ABOUT_RETURN_TYPE = YES;
				GCC_WARN_UNUSED_VARIABLE = YES;
				HEADER_SEARCH_PATHS = (
					"../../test/BulletDynamics/pendulum",
					"../../src",
					"../../test/gtest-1.7.0/include",
				);
				OBJROOT = "obj/x64/Debug/Test_BulletDynamics";
				ONLY_ACTIVE_ARCH = YES;
				OTHER_CFLAGS = (
					"-ffast-math",
				);
				STANDARD_C_PLUS_PLUS_LIBRARY_TYPE = static;
				SYMROOT = "../../bin";
			};
			name = "Debug";
		};
/* End XCBuildConfiguration section */

/* Begin XCConfigurationList section */
		1EC275486F4D4A9B35051574 /* Build configuration list for PBXNativeTarget "Test_BulletDynamics_xcode4_x64_release" */ = {
			isa = XCConfigurationList;
			buildConfigurations = (
				09137522295B414A67BB3580 /* Release */,
				38070C2C53F03BB25241609E /* Debug */,
			);
			defaultConfigurationIsVisible = 0;
			defaultConfigurationName = "Release";
		};
		1DEB928908733DD80010E9CD /* Build configuration list for PBXProject "Test_BulletDynamics" */ = {
			isa = XCConfigurationList;
			buildConfigurations = (
				11F106CE4C3748B4457508E0 /* Release */,
				40C95D6120C570197A9F795F /* Debug */,
			);
			defaultConfigurationIsVisible = 0;
			defaultConfigurationName = "Release";
		};
/* End XCConfigurationList section */

	};
	rootObject = 08FB7793FE84155DC02AAC07 /* Project object */;
}
