// !$*UTF8*$!
{
	archiveVersion = 1;
	classes = {
	};
	objectVersion = 46;
	objects = {

/* Begin PBXBuildFile section */
		0A4414015FE13BD14E886F26 /* libgtest_xcode4_x64_debug.a in Frameworks */ = {isa = PBXBuildFile; fileRef = 74F27C344A8A4F9374394F84 /* libgtest_xcode4_x64_debug.a */; };
		12C14344496B2EA449EB20FC /* libBulletInverseDynamicsUtils_xcode4_x64_debug.a in Frameworks */ = {isa = PBXBuildFile; fileRef = 1E6737AA0A4B73B570E54B25 /* libBulletInverseDynamicsUtils_xcode4_x64_debug.a */; };
		29FE099A6EB6799265D249F1 /* libBullet3Common_xcode4_x64_debug.a in Frameworks */ = {isa = PBXBuildFile; fileRef = 1C264146752D6A5F19CC31EA /* libBullet3Common_xcode4_x64_debug.a */; };
		34FC49550D2C019D172F1ABE /* libBulletInverseDynamics_xcode4_x64_debug.a in Frameworks */ = {isa = PBXBuildFile; fileRef = 2F645D377FF14AF00FFC72C6 /* libBulletInverseDynamics_xcode4_x64_debug.a */; };
		45E805553A8F1428012A24C3 /* libLinearMath_xcode4_x64_debug.a in Frameworks */ = {isa = PBXBuildFile; fileRef = 1B0F79E938C662BF0D307CC6 /* libLinearMath_xcode4_x64_debug.a */; };
		7F0521E964AF3824675A750E /* test_invdyn_kinematics.cpp in Sources */ = {isa = PBXBuildFile; fileRef = 480419B364A73D5E7FA82884 /* test_invdyn_kinematics.cpp */; };
/* End PBXBuildFile section */

/* Begin PBXContainerItemProxy section */
		09330F5C71F60E126BA74F8A /* PBXContainerItemProxy */ = {
			isa = PBXContainerItemProxy;
			containerPortal = 396279E67016458A16BD569A /* Bullet3Common.xcodeproj */;
			proxyType = 2;
			remoteGlobalIDString = 7286400C7A6B293022187975;
			remoteInfo = libBullet3Common_xcode4_x64_release.a;
		};
		0AAD244277AC5EDC758B25DF /* PBXContainerItemProxy */ = {
			isa = PBXContainerItemProxy;
			containerPortal = 396279E67016458A16BD569A /* Bullet3Common.xcodeproj */;
			proxyType = 1;
			remoteGlobalIDString = 21A04AE25B811749672F45CC;
			remoteInfo = libBullet3Common_xcode4_x64_release.a;
		};
		16E2562272B770F642F920C7 /* PBXContainerItemProxy */ = {
			isa = PBXContainerItemProxy;
			containerPortal = 1B8D637E14407DC40DCA08FD /* LinearMath.xcodeproj */;
			proxyType = 2;
			remoteGlobalIDString = 1D277880288E092B250C5202;
			remoteInfo = libLinearMath_xcode4_x64_release.a;
		};
		18C81B1307E34EA4728132BA /* PBXContainerItemProxy */ = {
			isa = PBXContainerItemProxy;
			containerPortal = 1B8D637E14407DC40DCA08FD /* LinearMath.xcodeproj */;
			proxyType = 1;
			remoteGlobalIDString = 2FE65F4C3695056D50052CF8;
			remoteInfo = libLinearMath_xcode4_x64_release.a;
		};
		193E651A365D361400E2201B /* PBXContainerItemProxy */ = {
			isa = PBXContainerItemProxy;
			containerPortal = 270557AD320B042B3E8724A0 /* BulletInverseDynamics.xcodeproj */;
			proxyType = 1;
			remoteGlobalIDString = 723D031050126B2E2EC44FA9;
			remoteInfo = libBulletInverseDynamics_xcode4_x64_release.a;
		};
		46E84E0018F17FBD0E7A0A60 /* PBXContainerItemProxy */ = {
			isa = PBXContainerItemProxy;
			containerPortal = 33D424B24B4B30E7213D60C4 /* BulletInverseDynamicsUtils.xcodeproj */;
			proxyType = 2;
			remoteGlobalIDString = 3355120926282A4861EA0951;
			remoteInfo = libBulletInverseDynamicsUtils_xcode4_x64_release.a;
		};
		4ED13C8A28A63FFB7DA62B0B /* PBXContainerItemProxy */ = {
			isa = PBXContainerItemProxy;
			containerPortal = 270557AD320B042B3E8724A0 /* BulletInverseDynamics.xcodeproj */;
			proxyType = 2;
			remoteGlobalIDString = 243F4C9E442046E829E23BF3;
			remoteInfo = libBulletInverseDynamics_xcode4_x64_release.a;
		};
		509C4D9262616CFC497D64F2 /* PBXContainerItemProxy */ = {
			isa = PBXContainerItemProxy;
			containerPortal = 33D424B24B4B30E7213D60C4 /* BulletInverseDynamicsUtils.xcodeproj */;
			proxyType = 1;
			remoteGlobalIDString = 2F5640DB767735C751FD63E0;
			remoteInfo = libBulletInverseDynamicsUtils_xcode4_x64_release.a;
		};
		53036D653870001869253BA7 /* PBXContainerItemProxy */ = {
			isa = PBXContainerItemProxy;
			containerPortal = 087B65D868466CC66F953D08 /* gtest.xcodeproj */;
			proxyType = 1;
			remoteGlobalIDString = 444B3117109A23BD72540652;
			remoteInfo = libgtest_xcode4_x64_release.a;
		};
		725F479C5C56374120E063E5 /* PBXContainerItemProxy */ = {
			isa = PBXContainerItemProxy;
			containerPortal = 087B65D868466CC66F953D08 /* gtest.xcodeproj */;
			proxyType = 2;
			remoteGlobalIDString = 4D9E62095DBE747F466A0659;
			remoteInfo = libgtest_xcode4_x64_release.a;
		};
/* End PBXContainerItemProxy section */

/* Begin PBXFileReference section */
		087B65D868466CC66F953D08 /* gtest.xcodeproj */ = {isa = PBXFileReference; lastKnownFileType = "wrapper.pb-project"; path = gtest.xcodeproj; sourceTree = SOURCE_ROOT; };
		1B8D637E14407DC40DCA08FD /* LinearMath.xcodeproj */ = {isa = PBXFileReference; lastKnownFileType = "wrapper.pb-project"; path = LinearMath.xcodeproj; sourceTree = SOURCE_ROOT; };
		270557AD320B042B3E8724A0 /* BulletInverseDynamics.xcodeproj */ = {isa = PBXFileReference; lastKnownFileType = "wrapper.pb-project"; path = BulletInverseDynamics.xcodeproj; sourceTree = SOURCE_ROOT; };
		33D424B24B4B30E7213D60C4 /* BulletInverseDynamicsUtils.xcodeproj */ = {isa = PBXFileReference; lastKnownFileType = "wrapper.pb-project"; path = BulletInverseDynamicsUtils.xcodeproj; sourceTree = SOURCE_ROOT; };
		34A165385B0958100CD57DAA /* Test_InverseDynamicsKinematics_xcode4_x64_debug */ = {isa = PBXFileReference; explicitFileType = "compiled.mach-o.executable"; includeInIndex = 0; path = Test_InverseDynamicsKinematics_xcode4_x64_debug; sourceTree = BUILT_PRODUCTS_DIR; };
		396279E67016458A16BD569A /* Bullet3Common.xcodeproj */ = {isa = PBXFileReference; lastKnownFileType = "wrapper.pb-project"; path = Bullet3Common.xcodeproj; sourceTree = SOURCE_ROOT; };
		480419B364A73D5E7FA82884 /* test_invdyn_kinematics.cpp */ = {isa = PBXFileReference; lastKnownFileType = sourcecode.cpp.cpp; name = test_invdyn_kinematics.cpp; path = ../../test/InverseDynamics/test_invdyn_kinematics.cpp; sourceTree = "<group>"; };
/* End PBXFileReference section */

/* Begin PBXFrameworksBuildPhase section */
		5CFF2702241C518B05CF6A05 /* Frameworks */ = {
			isa = PBXFrameworksBuildPhase;
			buildActionMask = 2147483647;
			files = (
				12C14344496B2EA449EB20FC /* libBulletInverseDynamicsUtils_xcode4_x64_debug.a in Frameworks */,
				34FC49550D2C019D172F1ABE /* libBulletInverseDynamics_xcode4_x64_debug.a in Frameworks */,
				29FE099A6EB6799265D249F1 /* libBullet3Common_xcode4_x64_debug.a in Frameworks */,
				45E805553A8F1428012A24C3 /* libLinearMath_xcode4_x64_debug.a in Frameworks */,
				0A4414015FE13BD14E886F26 /* libgtest_xcode4_x64_debug.a in Frameworks */,
			);
			runOnlyForDeploymentPostprocessing = 0;
		};
/* End PBXFrameworksBuildPhase section */

/* Begin PBXGroup section */
		0B1136437DF11727166554E0 /* Products */ = {
			isa = PBXGroup;
			children = (
				34A165385B0958100CD57DAA /* Test_InverseDynamicsKinematics_xcode4_x64_debug */,
			);
			name = Products;
			sourceTree = "<group>";
		};
		1A3A5C901D157A4D71EB21E8 /* Products */ = {
			isa = PBXGroup;
			children = (
				1E6737AA0A4B73B570E54B25 /* libBulletInverseDynamicsUtils_xcode4_x64_debug.a */,
			);
			name = Products;
			sourceTree = "<group>";
		};
		1C84439F0C35243D392D6679 /* InverseDynamics */ = {
			isa = PBXGroup;
			children = (
				480419B364A73D5E7FA82884 /* test_invdyn_kinematics.cpp */,
			);
			name = InverseDynamics;
			sourceTree = "<group>";
		};
		2A405EAE25B276F353A701D9 /* Products */ = {
			isa = PBXGroup;
			children = (
				74F27C344A8A4F9374394F84 /* libgtest_xcode4_x64_debug.a */,
			);
			name = Products;
			sourceTree = "<group>";
		};
		459E251938C256B455953509 /* Test_InverseDynamicsKinematics */ = {
			isa = PBXGroup;
			children = (
				7E9705B9622C3D006D875047 /* test */,
				0B1136437DF11727166554E0 /* Products */,
				651B75DF215A4D9B301F4F83 /* Projects */,
			);
			name = Test_InverseDynamicsKinematics;
			sourceTree = "<group>";
		};
		52266B16318130D45A0F44E4 /* Products */ = {
			isa = PBXGroup;
			children = (
				1C264146752D6A5F19CC31EA /* libBullet3Common_xcode4_x64_debug.a */,
			);
			name = Products;
			sourceTree = "<group>";
		};
		651B75DF215A4D9B301F4F83 /* Projects */ = {
			isa = PBXGroup;
			children = (
				33D424B24B4B30E7213D60C4 /* BulletInverseDynamicsUtils.xcodeproj */,
				270557AD320B042B3E8724A0 /* BulletInverseDynamics.xcodeproj */,
				396279E67016458A16BD569A /* Bullet3Common.xcodeproj */,
				1B8D637E14407DC40DCA08FD /* LinearMath.xcodeproj */,
				087B65D868466CC66F953D08 /* gtest.xcodeproj */,
			);
			name = Projects;
			sourceTree = "<group>";
		};
		7880481D740B0FDC3F7611FC /* Products */ = {
			isa = PBXGroup;
			children = (
				2F645D377FF14AF00FFC72C6 /* libBulletInverseDynamics_xcode4_x64_debug.a */,
			);
			name = Products;
			sourceTree = "<group>";
		};
		7E2800AA39B73AE71949449E /* Products */ = {
			isa = PBXGroup;
			children = (
				1B0F79E938C662BF0D307CC6 /* libLinearMath_xcode4_x64_debug.a */,
			);
			name = Products;
			sourceTree = "<group>";
		};
		7E9705B9622C3D006D875047 /* test */ = {
			isa = PBXGroup;
			children = (
				1C84439F0C35243D392D6679 /* InverseDynamics */,
			);
			name = test;
			sourceTree = "<group>";
		};
/* End PBXGroup section */

/* Begin PBXNativeTarget section */
		3CB055185620759B42EA1EE5 /* Test_InverseDynamicsKinematics */ = {
			isa = PBXNativeTarget;
			buildConfigurationList = 43C07A596CD068575F01795D /* Build configuration list for PBXNativeTarget "Test_InverseDynamicsKinematics" */;
			buildPhases = (
				69434EAD483809A32FC7406F /* Resources */,
				5A951DFC4AFA739076AB76FB /* Sources */,
				5CFF2702241C518B05CF6A05 /* Frameworks */,
			);
			buildRules = (
			);
			dependencies = (
				52C47E1124226804148F3B9F /* PBXTargetDependency */,
				6BCC3E5F72567AD1317533A7 /* PBXTargetDependency */,
				00E2323D78383A3730600E57 /* PBXTargetDependency */,
				57024DF13C5F120B17137006 /* PBXTargetDependency */,
				6E777EFD4CAC59442F9F2AB8 /* PBXTargetDependency */,
			);
			name = Test_InverseDynamicsKinematics;
			productInstallPath = "$(HOME)/bin";
			productName = Test_InverseDynamicsKinematics;
			productReference = 34A165385B0958100CD57DAA /* Test_InverseDynamicsKinematics_xcode4_x64_debug */;
			productType = "com.apple.product-type.tool";
		};
/* End PBXNativeTarget section */

/* Begin PBXProject section */
		08FB7793FE84155DC02AAC07 /* Project object */ = {
			isa = PBXProject;
			attributes = {
			};
			buildConfigurationList = 1DEB928908733DD80010E9CD /* Build configuration list for PBXProject "Test_InverseDynamicsKinematics" */;
			compatibilityVersion = "Xcode 3.2";
			developmentRegion = English;
			hasScannedForEncodings = 1;
			knownRegions = (
				en,
			);
			mainGroup = 459E251938C256B455953509 /* Test_InverseDynamicsKinematics */;
			projectDirPath = "";
			projectReferences = (
				{
					ProductGroup = 52266B16318130D45A0F44E4 /* Products */;
					ProjectRef = 396279E67016458A16BD569A /* Bullet3Common.xcodeproj */;
				},
				{
					ProductGroup = 7880481D740B0FDC3F7611FC /* Products */;
					ProjectRef = 270557AD320B042B3E8724A0 /* BulletInverseDynamics.xcodeproj */;
				},
				{
					ProductGroup = 1A3A5C901D157A4D71EB21E8 /* Products */;
					ProjectRef = 33D424B24B4B30E7213D60C4 /* BulletInverseDynamicsUtils.xcodeproj */;
				},
				{
					ProductGroup = 2A405EAE25B276F353A701D9 /* Products */;
					ProjectRef = 087B65D868466CC66F953D08 /* gtest.xcodeproj */;
				},
				{
					ProductGroup = 7E2800AA39B73AE71949449E /* Products */;
					ProjectRef = 1B8D637E14407DC40DCA08FD /* LinearMath.xcodeproj */;
				},
			);
			projectRoot = "";
			targets = (
				3CB055185620759B42EA1EE5 /* Test_InverseDynamicsKinematics */,
			);
		};
/* End PBXProject section */

/* Begin PBXReferenceProxy section */
		1B0F79E938C662BF0D307CC6 /* libLinearMath_xcode4_x64_debug.a */ = {
			isa = PBXReferenceProxy;
			fileType = archive.ar;
			path = libLinearMath_xcode4_x64_debug.a;
			remoteRef = 16E2562272B770F642F920C7 /* PBXContainerItemProxy */;
			sourceTree = BUILT_PRODUCTS_DIR;
		};
		1C264146752D6A5F19CC31EA /* libBullet3Common_xcode4_x64_debug.a */ = {
			isa = PBXReferenceProxy;
			fileType = archive.ar;
			path = libBullet3Common_xcode4_x64_debug.a;
			remoteRef = 09330F5C71F60E126BA74F8A /* PBXContainerItemProxy */;
			sourceTree = BUILT_PRODUCTS_DIR;
		};
		1E6737AA0A4B73B570E54B25 /* libBulletInverseDynamicsUtils_xcode4_x64_debug.a */ = {
			isa = PBXReferenceProxy;
			fileType = archive.ar;
			path = libBulletInverseDynamicsUtils_xcode4_x64_debug.a;
			remoteRef = 46E84E0018F17FBD0E7A0A60 /* PBXContainerItemProxy */;
			sourceTree = BUILT_PRODUCTS_DIR;
		};
		2F645D377FF14AF00FFC72C6 /* libBulletInverseDynamics_xcode4_x64_debug.a */ = {
			isa = PBXReferenceProxy;
			fileType = archive.ar;
			path = libBulletInverseDynamics_xcode4_x64_debug.a;
			remoteRef = 4ED13C8A28A63FFB7DA62B0B /* PBXContainerItemProxy */;
			sourceTree = BUILT_PRODUCTS_DIR;
		};
		74F27C344A8A4F9374394F84 /* libgtest_xcode4_x64_debug.a */ = {
			isa = PBXReferenceProxy;
			fileType = archive.ar;
			path = libgtest_xcode4_x64_debug.a;
			remoteRef = 725F479C5C56374120E063E5 /* PBXContainerItemProxy */;
			sourceTree = BUILT_PRODUCTS_DIR;
		};
/* End PBXReferenceProxy section */

/* Begin PBXResourcesBuildPhase section */
		69434EAD483809A32FC7406F /* Resources */ = {
			isa = PBXResourcesBuildPhase;
			buildActionMask = 2147483647;
			files = (
			);
			runOnlyForDeploymentPostprocessing = 0;
		};
/* End PBXResourcesBuildPhase section */

/* Begin PBXSourcesBuildPhase section */
		5A951DFC4AFA739076AB76FB /* Sources */ = {
			isa = PBXSourcesBuildPhase;
			buildActionMask = 2147483647;
			files = (
				7F0521E964AF3824675A750E /* test_invdyn_kinematics.cpp in Sources */,
			);
			runOnlyForDeploymentPostprocessing = 0;
		};
/* End PBXSourcesBuildPhase section */

/* Begin PBXTargetDependency section */
		00E2323D78383A3730600E57 /* PBXTargetDependency */ = {
			isa = PBXTargetDependency;
			name = libBullet3Common.a;
			targetProxy = 0AAD244277AC5EDC758B25DF /* PBXContainerItemProxy */;
		};
		52C47E1124226804148F3B9F /* PBXTargetDependency */ = {
			isa = PBXTargetDependency;
			name = libBulletInverseDynamicsUtils.a;
			targetProxy = 509C4D9262616CFC497D64F2 /* PBXContainerItemProxy */;
		};
		57024DF13C5F120B17137006 /* PBXTargetDependency */ = {
			isa = PBXTargetDependency;
			name = libLinearMath.a;
			targetProxy = 18C81B1307E34EA4728132BA /* PBXContainerItemProxy */;
		};
		6BCC3E5F72567AD1317533A7 /* PBXTargetDependency */ = {
			isa = PBXTargetDependency;
			name = libBulletInverseDynamics.a;
			targetProxy = 193E651A365D361400E2201B /* PBXContainerItemProxy */;
		};
		6E777EFD4CAC59442F9F2AB8 /* PBXTargetDependency */ = {
			isa = PBXTargetDependency;
			name = libgtest.a;
			targetProxy = 53036D653870001869253BA7 /* PBXContainerItemProxy */;
		};
/* End PBXTargetDependency section */

/* Begin XCBuildConfiguration section */
		15A7328755D550875A564542 /* Debug */ = {
			isa = XCBuildConfiguration;
			buildSettings = {
				ARCHS = x86_64;
				CONFIGURATION_BUILD_DIR = "$(SYMROOT)";
				CONFIGURATION_TEMP_DIR = "$(OBJROOT)";
				COPY_PHASE_STRIP = NO;
				GCC_C_LANGUAGE_STANDARD = gnu99;
				GCC_OPTIMIZATION_LEVEL = 0;
				GCC_PREPROCESSOR_DEFINITIONS = "_DEBUG=1";
				GCC_SYMBOLS_PRIVATE_EXTERN = NO;
				GCC_WARN_ABOUT_RETURN_TYPE = YES;
				GCC_WARN_UNUSED_VARIABLE = YES;
				HEADER_SEARCH_PATHS = (
					../../test/InverseDynamics,
					../../src,
					../../examples/InverseDynamics,
					../../Extras/InverseDynamics,
					"../../test/gtest-1.7.0/include",
				);
				OBJROOT = obj/x64/Debug/Test_InverseDynamicsKinematics;
				ONLY_ACTIVE_ARCH = YES;
				OTHER_CFLAGS = "-ffast-math";
				SDKROOT = macosx;
				STANDARD_C_PLUS_PLUS_LIBRARY_TYPE = static;
				SYMROOT = ../../bin;
				VALID_ARCHS = "x86_64 i386";
			};
			name = Debug;
		};
		44FA195D50FB32B678984B6B /* Release */ = {
			isa = XCBuildConfiguration;
			buildSettings = {
				ALWAYS_SEARCH_USER_PATHS = NO;
				ARCHS = (
					"$(ARCHS_STANDARD_32_BIT)",
					"$(ARCHS_STANDARD_64_BIT)",
				);
				CONFIGURATION_BUILD_DIR = ../../bin;
				DEBUG_INFORMATION_FORMAT = "dwarf-with-dsym";
				GCC_DYNAMIC_NO_PIC = NO;
				GCC_MODEL_TUNING = G5;
				INSTALL_PATH = /usr/local/bin;
				PRODUCT_NAME = Test_InverseDynamicsKinematics_xcode4_x64_release;
				VALID_ARCHS = "x86_64 i386";
			};
			name = Release;
		};
		740734CE42DA18837BD36E03 /* Debug */ = {
			isa = XCBuildConfiguration;
			buildSettings = {
				ALWAYS_SEARCH_USER_PATHS = NO;
				ARCHS = (
					"$(ARCHS_STANDARD_32_BIT)",
					"$(ARCHS_STANDARD_64_BIT)",
				);
				CONFIGURATION_BUILD_DIR = ../../bin;
				GCC_DYNAMIC_NO_PIC = NO;
				GCC_MODEL_TUNING = G5;
				INSTALL_PATH = /usr/local/bin;
				PRODUCT_NAME = Test_InverseDynamicsKinematics_xcode4_x64_debug;
				VALID_ARCHS = "x86_64 i386";
			};
			name = Debug;
		};
		7D2F51C0195F47403E0018FE /* Release */ = {
			isa = XCBuildConfiguration;
			buildSettings = {
				ARCHS = x86_64;
				CONFIGURATION_BUILD_DIR = "$(SYMROOT)";
				CONFIGURATION_TEMP_DIR = "$(OBJROOT)";
				GCC_C_LANGUAGE_STANDARD = gnu99;
				GCC_OPTIMIZATION_LEVEL = s;
				GCC_SYMBOLS_PRIVATE_EXTERN = NO;
				GCC_WARN_ABOUT_RETURN_TYPE = YES;
				GCC_WARN_UNUSED_VARIABLE = YES;
				HEADER_SEARCH_PATHS = (
					../../test/InverseDynamics,
					../../src,
					../../examples/InverseDynamics,
					../../Extras/InverseDynamics,
					"../../test/gtest-1.7.0/include",
				);
				OBJROOT = obj/x64/Release/Test_InverseDynamicsKinematics;
				ONLY_ACTIVE_ARCH = NO;
				OTHER_CFLAGS = "-ffast-math";
				SDKROOT = macosx;
				STANDARD_C_PLUS_PLUS_LIBRARY_TYPE = static;
				SYMROOT = ../../bin;
				VALID_ARCHS = "x86_64 i386";
			};
			name = Release;
		};
/* End XCBuildConfiguration section */

/* Begin XCConfigurationList section */
		1DEB928908733DD80010E9CD /* Build configuration list for PBXProject "Test_InverseDynamicsKinematics" */ = {
			isa = XCConfigurationList;
			buildConfigurations = (
				7D2F51C0195F47403E0018FE /* Release */,
				15A7328755D550875A564542 /* Debug */,
			);
			defaultConfigurationIsVisible = 0;
			defaultConfigurationName = Release;
		};
		43C07A596CD068575F01795D /* Build configuration list for PBXNativeTarget "Test_InverseDynamicsKinematics" */ = {
			isa = XCConfigurationList;
			buildConfigurations = (
				44FA195D50FB32B678984B6B /* Release */,
				740734CE42DA18837BD36E03 /* Debug */,
			);
			defaultConfigurationIsVisible = 0;
			defaultConfigurationName = Release;
		};
/* End XCConfigurationList section */
	};
	rootObject = 08FB7793FE84155DC02AAC07 /* Project object */;
}
