// !$*UTF8*$!
{
	archiveVersion = 1;
	classes = {
	};
	objectVersion = 45;
	objects = {

/* Begin PBXBuildFile section */
		1765246A4E8459F164C20F17 /* TestList.cpp in Sources */ = {isa = PBXBuildFile; fileRef = 44782CB522EF284811187285 /* TestList.cpp */; };
		4C7A64C83995084D1A712C11 /* Test_3x3getRot.cpp in Sources */ = {isa = PBXBuildFile; fileRef = 44C83AB75AA326842BEB6B4F /* Test_3x3getRot.cpp */; };
		368E5F77089C67D301C00086 /* Test_3x3mulM.cpp in Sources */ = {isa = PBXBuildFile; fileRef = 2514647A17A014FD070456F4 /* Test_3x3mulM.cpp */; };
		3A88413929A32DBB03BD20E3 /* Test_3x3mulM1M2.cpp in Sources */ = {isa = PBXBuildFile; fileRef = 25ED7664522919275E194AC8 /* Test_3x3mulM1M2.cpp */; };
		49085FD27D475DDB7AF668EE /* Test_3x3mulMV.cpp in Sources */ = {isa = PBXBuildFile; fileRef = 7CDA6DB64D7963B30E5C5D7B /* Test_3x3mulMV.cpp */; };
		285C51A55A343BC2684A601E /* Test_3x3mulVM.cpp in Sources */ = {isa = PBXBuildFile; fileRef = 5C2314FC440A29B61532285B /* Test_3x3mulVM.cpp */; };
		43301DF7006A6D26688327CB /* Test_3x3setRot.cpp in Sources */ = {isa = PBXBuildFile; fileRef = 77DA416E2A7052AD170A2139 /* Test_3x3setRot.cpp */; };
		39F9316F2A717A4954396F90 /* Test_3x3timesTranspose.cpp in Sources */ = {isa = PBXBuildFile; fileRef = 524158F614D751AB658277C7 /* Test_3x3timesTranspose.cpp */; };
		6F4A20E742582DFB3BDF54A3 /* Test_3x3transpose.cpp in Sources */ = {isa = PBXBuildFile; fileRef = 34494D5B36BC7D0B5E391122 /* Test_3x3transpose.cpp */; };
		7B952B3B3F7C7CD7172E64DB /* Test_3x3transposeTimes.cpp in Sources */ = {isa = PBXBuildFile; fileRef = 073F55C905C22063563A2857 /* Test_3x3transposeTimes.cpp */; };
		547028FC6183139D59E6221A /* Test_btDbvt.cpp in Sources */ = {isa = PBXBuildFile; fileRef = 34373D0E6CC86F752342776D /* Test_btDbvt.cpp */; };
		13603762259C49D57B1E0353 /* Test_dot3.cpp in Sources */ = {isa = PBXBuildFile; fileRef = 17BF08D43E8C60022E0D7418 /* Test_dot3.cpp */; };
		0982515E0A332BE00CC252AB /* Test_maxdot.cpp in Sources */ = {isa = PBXBuildFile; fileRef = 1331113D5E362DE5503C23C3 /* Test_maxdot.cpp */; };
		0C1A0614464E2F0A44B63611 /* Test_mindot.cpp in Sources */ = {isa = PBXBuildFile; fileRef = 040260773B4D4E026FCB297F /* Test_mindot.cpp */; };
		43D02AD6720328957E551CC8 /* Test_qtdot.cpp in Sources */ = {isa = PBXBuildFile; fileRef = 24663C7D4BE87F8105912C46 /* Test_qtdot.cpp */; };
		29F3221674E3792505912A8B /* Test_qtmul.cpp in Sources */ = {isa = PBXBuildFile; fileRef = 573A364B121F3285541B5FD3 /* Test_qtmul.cpp */; };
		7CDA0C472CB728EC2E604B7E /* Test_qtmulQV3.cpp in Sources */ = {isa = PBXBuildFile; fileRef = 781A7B93103C5A681AB5752B /* Test_qtmulQV3.cpp */; };
		4FA65AC413EB3F172C902C9E /* Test_qtmulV3Q.cpp in Sources */ = {isa = PBXBuildFile; fileRef = 2DD44A5B3DF0660971B46D68 /* Test_qtmulV3Q.cpp */; };
		56786C16387714920FE533BA /* Test_qtnorm.cpp in Sources */ = {isa = PBXBuildFile; fileRef = 6C3E0C372A0279AE252E041A /* Test_qtnorm.cpp */; };
		1331273E7B551D5F70414182 /* Test_quat_aos_neon.cpp in Sources */ = {isa = PBXBuildFile; fileRef = 2BF7781538436056333B763C /* Test_quat_aos_neon.cpp */; };
		0F9D3D3C5396582C6B03191C /* Test_v3cross.cpp in Sources */ = {isa = PBXBuildFile; fileRef = 75E66D3332D7718965474663 /* Test_v3cross.cpp */; };
		797D3079131D10EF5A8C470A /* Test_v3div.cpp in Sources */ = {isa = PBXBuildFile; fileRef = 1CAA6E0C7A74150A44972069 /* Test_v3div.cpp */; };
		014E56F83C715FDF56B54096 /* Test_v3dot.cpp in Sources */ = {isa = PBXBuildFile; fileRef = 770117A50F1A093E4F395A9F /* Test_v3dot.cpp */; };
		4F6F0899103F4DCD616F4521 /* Test_v3interp.cpp in Sources */ = {isa = PBXBuildFile; fileRef = 47ED225A5FFF6F555F17014C /* Test_v3interp.cpp */; };
		6C615A6C6BE46C6D78FB5510 /* Test_v3lerp.cpp in Sources */ = {isa = PBXBuildFile; fileRef = 67EB287B63917A456D570C17 /* Test_v3lerp.cpp */; };
		6F8924A238D5399044EF3BAE /* Test_v3norm.cpp in Sources */ = {isa = PBXBuildFile; fileRef = 3AD118D83050124872AC32D3 /* Test_v3norm.cpp */; };
		43F26D190A4A10CD13FD5639 /* Test_v3rotate.cpp in Sources */ = {isa = PBXBuildFile; fileRef = 73170C541DAE169F5A402CDA /* Test_v3rotate.cpp */; };
		08FA13257A937AA8653840D2 /* Test_v3sdiv.cpp in Sources */ = {isa = PBXBuildFile; fileRef = 09A1432E34CE6977178E026C /* Test_v3sdiv.cpp */; };
		0635129F2CD6366D65AA226B /* Test_v3skew.cpp in Sources */ = {isa = PBXBuildFile; fileRef = 03BB2AFC2A0548AA2EBE58A4 /* Test_v3skew.cpp */; };
		608A3DC5721345206C6F0E89 /* Test_v3triple.cpp in Sources */ = {isa = PBXBuildFile; fileRef = 78113DA402FE29ED1AD60538 /* Test_v3triple.cpp */; };
		556F14561D312AF35B21549D /* Utils.cpp in Sources */ = {isa = PBXBuildFile; fileRef = 78D44F5A3F8E338968115B30 /* Utils.cpp */; };
		18F84B8E69C5158C4A741E1C /* main.cpp in Sources */ = {isa = PBXBuildFile; fileRef = 72A811B26A2F5F5A1C04624C /* main.cpp */; };
		7E27643223A674CD68E46978 /* libBulletDynamics.a in Frameworks */ = {isa = PBXBuildFile; fileRef = 099336FA058249475CF83813 /* libBulletDynamics.a */; };
		73D728E770E84DB464AE5FBD /* libBulletCollision.a in Frameworks */ = {isa = PBXBuildFile; fileRef = 732A00F0474524E22C220040 /* libBulletCollision.a */; };
		47AF731901735ACA21826F19 /* libLinearMath.a in Frameworks */ = {isa = PBXBuildFile; fileRef = 6107136D685B63D82E7108E0 /* libLinearMath.a */; };
/* End PBXBuildFile section */

/* Begin PBXContainerItemProxy section */
		247738E812A52B1526470EFB /* PBXContainerItemProxy */ = {
			isa = PBXContainerItemProxy;
			containerPortal = 1A6A62FE128D74CC00D52B09 /* BulletDynamics.xcodeproj */;
			proxyType = 2;
			remoteGlobalIDString = 1FF31C047FD466150A2F2FD1;
			remoteInfo = "libBulletDynamics_xcode4_x64_release.a";
		};
		332A37CB175E3EA40C980D3E /* PBXContainerItemProxy */ = {
			isa = PBXContainerItemProxy;
			containerPortal = 1A6A62FE128D74CC00D52B09 /* BulletDynamics.xcodeproj */;
			proxyType = 1;
			remoteGlobalIDString = 4E8F23C7082008DA21894E5C;
			remoteInfo = "libBulletDynamics_xcode4_x64_release.a";
		};
		7D1C61194A1F6BC17C5540E8 /* PBXContainerItemProxy */ = {
			isa = PBXContainerItemProxy;
			containerPortal = 49F05B221EB37A9E3E304159 /* BulletCollision.xcodeproj */;
			proxyType = 2;
			remoteGlobalIDString = 356C502E0A8C03B3091960DD;
			remoteInfo = "libBulletCollision_xcode4_x64_release.a";
		};
		51EE68C775214ED32780003B /* PBXContainerItemProxy */ = {
			isa = PBXContainerItemProxy;
			containerPortal = 49F05B221EB37A9E3E304159 /* BulletCollision.xcodeproj */;
			proxyType = 1;
			remoteGlobalIDString = 0EC95E1E15B267834BEE31C3;
			remoteInfo = "libBulletCollision_xcode4_x64_release.a";
		};
		1BFD085604B44CD423512A9F /* PBXContainerItemProxy */ = {
			isa = PBXContainerItemProxy;
			containerPortal = 20AF42EC40B73085771C5D47 /* LinearMath.xcodeproj */;
			proxyType = 2;
			remoteGlobalIDString = 1D277880288E092B250C5202;
			remoteInfo = "libLinearMath_xcode4_x64_release.a";
		};
		4E433E432BB048AB72DE540F /* PBXContainerItemProxy */ = {
			isa = PBXContainerItemProxy;
			containerPortal = 20AF42EC40B73085771C5D47 /* LinearMath.xcodeproj */;
			proxyType = 1;
			remoteGlobalIDString = 2FE65F4C3695056D50052CF8;
			remoteInfo = "libLinearMath_xcode4_x64_release.a";
		};
/* End PBXContainerItemProxy section */

/* Begin PBXFileReference section */
		44782CB522EF284811187285 /* TestList.cpp */ = {isa = PBXFileReference; lastKnownFileType = sourcecode.cpp.cpp; name = "TestList.cpp"; path = "../../test/Bullet2/Source/TestList.cpp"; sourceTree = "<group>"; };
		47E1082201AC7398350E6024 /* TestList.h */ = {isa = PBXFileReference; lastKnownFileType = sourcecode.c.h; name = "TestList.h"; path = "../../test/Bullet2/Source/TestList.h"; sourceTree = "<group>"; };
		44C83AB75AA326842BEB6B4F /* Test_3x3getRot.cpp */ = {isa = PBXFileReference; lastKnownFileType = sourcecode.cpp.cpp; name = "Test_3x3getRot.cpp"; path = "../../test/Bullet2/Source/Tests/Test_3x3getRot.cpp"; sourceTree = "<group>"; };
		5071388731447D32128A30F5 /* Test_3x3getRot.h */ = {isa = PBXFileReference; lastKnownFileType = sourcecode.c.h; name = "Test_3x3getRot.h"; path = "../../test/Bullet2/Source/Tests/Test_3x3getRot.h"; sourceTree = "<group>"; };
		2514647A17A014FD070456F4 /* Test_3x3mulM.cpp */ = {isa = PBXFileReference; lastKnownFileType = sourcecode.cpp.cpp; name = "Test_3x3mulM.cpp"; path = "../../test/Bullet2/Source/Tests/Test_3x3mulM.cpp"; sourceTree = "<group>"; };
		1B5F396A72E95A4B262F70EA /* Test_3x3mulM.h */ = {isa = PBXFileReference; lastKnownFileType = sourcecode.c.h; name = "Test_3x3mulM.h"; path = "../../test/Bullet2/Source/Tests/Test_3x3mulM.h"; sourceTree = "<group>"; };
		25ED7664522919275E194AC8 /* Test_3x3mulM1M2.cpp */ = {isa = PBXFileReference; lastKnownFileType = sourcecode.cpp.cpp; name = "Test_3x3mulM1M2.cpp"; path = "../../test/Bullet2/Source/Tests/Test_3x3mulM1M2.cpp"; sourceTree = "<group>"; };
		33DD032F2338555F01897BD7 /* Test_3x3mulM1M2.h */ = {isa = PBXFileReference; lastKnownFileType = sourcecode.c.h; name = "Test_3x3mulM1M2.h"; path = "../../test/Bullet2/Source/Tests/Test_3x3mulM1M2.h"; sourceTree = "<group>"; };
		7CDA6DB64D7963B30E5C5D7B /* Test_3x3mulMV.cpp */ = {isa = PBXFileReference; lastKnownFileType = sourcecode.cpp.cpp; name = "Test_3x3mulMV.cpp"; path = "../../test/Bullet2/Source/Tests/Test_3x3mulMV.cpp"; sourceTree = "<group>"; };
		7184408E46773C024EED3382 /* Test_3x3mulMV.h */ = {isa = PBXFileReference; lastKnownFileType = sourcecode.c.h; name = "Test_3x3mulMV.h"; path = "../../test/Bullet2/Source/Tests/Test_3x3mulMV.h"; sourceTree = "<group>"; };
		5C2314FC440A29B61532285B /* Test_3x3mulVM.cpp */ = {isa = PBXFileReference; lastKnownFileType = sourcecode.cpp.cpp; name = "Test_3x3mulVM.cpp"; path = "../../test/Bullet2/Source/Tests/Test_3x3mulVM.cpp"; sourceTree = "<group>"; };
		5BA148664F003AE07AA91D5D /* Test_3x3mulVM.h */ = {isa = PBXFileReference; lastKnownFileType = sourcecode.c.h; name = "Test_3x3mulVM.h"; path = "../../test/Bullet2/Source/Tests/Test_3x3mulVM.h"; sourceTree = "<group>"; };
		77DA416E2A7052AD170A2139 /* Test_3x3setRot.cpp */ = {isa = PBXFileReference; lastKnownFileType = sourcecode.cpp.cpp; name = "Test_3x3setRot.cpp"; path = "../../test/Bullet2/Source/Tests/Test_3x3setRot.cpp"; sourceTree = "<group>"; };
		31F03BAD6416772A72533CC1 /* Test_3x3setRot.h */ = {isa = PBXFileReference; lastKnownFileType = sourcecode.c.h; name = "Test_3x3setRot.h"; path = "../../test/Bullet2/Source/Tests/Test_3x3setRot.h"; sourceTree = "<group>"; };
		524158F614D751AB658277C7 /* Test_3x3timesTranspose.cpp */ = {isa = PBXFileReference; lastKnownFileType = sourcecode.cpp.cpp; name = "Test_3x3timesTranspose.cpp"; path = "../../test/Bullet2/Source/Tests/Test_3x3timesTranspose.cpp"; sourceTree = "<group>"; };
		5BB75C1C6307678234BB7C9F /* Test_3x3timesTranspose.h */ = {isa = PBXFileReference; lastKnownFileType = sourcecode.c.h; name = "Test_3x3timesTranspose.h"; path = "../../test/Bullet2/Source/Tests/Test_3x3timesTranspose.h"; sourceTree = "<group>"; };
		34494D5B36BC7D0B5E391122 /* Test_3x3transpose.cpp */ = {isa = PBXFileReference; lastKnownFileType = sourcecode.cpp.cpp; name = "Test_3x3transpose.cpp"; path = "../../test/Bullet2/Source/Tests/Test_3x3transpose.cpp"; sourceTree = "<group>"; };
		5975155908CF0138283565D3 /* Test_3x3transpose.h */ = {isa = PBXFileReference; lastKnownFileType = sourcecode.c.h; name = "Test_3x3transpose.h"; path = "../../test/Bullet2/Source/Tests/Test_3x3transpose.h"; sourceTree = "<group>"; };
		073F55C905C22063563A2857 /* Test_3x3transposeTimes.cpp */ = {isa = PBXFileReference; lastKnownFileType = sourcecode.cpp.cpp; name = "Test_3x3transposeTimes.cpp"; path = "../../test/Bullet2/Source/Tests/Test_3x3transposeTimes.cpp"; sourceTree = "<group>"; };
		731717DD502E3AFC12700CC0 /* Test_3x3transposeTimes.h */ = {isa = PBXFileReference; lastKnownFileType = sourcecode.c.h; name = "Test_3x3transposeTimes.h"; path = "../../test/Bullet2/Source/Tests/Test_3x3transposeTimes.h"; sourceTree = "<group>"; };
		34373D0E6CC86F752342776D /* Test_btDbvt.cpp */ = {isa = PBXFileReference; lastKnownFileType = sourcecode.cpp.cpp; name = "Test_btDbvt.cpp"; path = "../../test/Bullet2/Source/Tests/Test_btDbvt.cpp"; sourceTree = "<group>"; };
		5A2B65067BCE2B847FC77419 /* Test_btDbvt.h */ = {isa = PBXFileReference; lastKnownFileType = sourcecode.c.h; name = "Test_btDbvt.h"; path = "../../test/Bullet2/Source/Tests/Test_btDbvt.h"; sourceTree = "<group>"; };
		17BF08D43E8C60022E0D7418 /* Test_dot3.cpp */ = {isa = PBXFileReference; lastKnownFileType = sourcecode.cpp.cpp; name = "Test_dot3.cpp"; path = "../../test/Bullet2/Source/Tests/Test_dot3.cpp"; sourceTree = "<group>"; };
		7EB273AB70EC30C841306CF4 /* Test_dot3.h */ = {isa = PBXFileReference; lastKnownFileType = sourcecode.c.h; name = "Test_dot3.h"; path = "../../test/Bullet2/Source/Tests/Test_dot3.h"; sourceTree = "<group>"; };
		1331113D5E362DE5503C23C3 /* Test_maxdot.cpp */ = {isa = PBXFileReference; lastKnownFileType = sourcecode.cpp.cpp; name = "Test_maxdot.cpp"; path = "../../test/Bullet2/Source/Tests/Test_maxdot.cpp"; sourceTree = "<group>"; };
		7861598202A94D1476976078 /* Test_maxdot.h */ = {isa = PBXFileReference; lastKnownFileType = sourcecode.c.h; name = "Test_maxdot.h"; path = "../../test/Bullet2/Source/Tests/Test_maxdot.h"; sourceTree = "<group>"; };
		040260773B4D4E026FCB297F /* Test_mindot.cpp */ = {isa = PBXFileReference; lastKnownFileType = sourcecode.cpp.cpp; name = "Test_mindot.cpp"; path = "../../test/Bullet2/Source/Tests/Test_mindot.cpp"; sourceTree = "<group>"; };
		494854D3236C31327D291B78 /* Test_mindot.h */ = {isa = PBXFileReference; lastKnownFileType = sourcecode.c.h; name = "Test_mindot.h"; path = "../../test/Bullet2/Source/Tests/Test_mindot.h"; sourceTree = "<group>"; };
		24663C7D4BE87F8105912C46 /* Test_qtdot.cpp */ = {isa = PBXFileReference; lastKnownFileType = sourcecode.cpp.cpp; name = "Test_qtdot.cpp"; path = "../../test/Bullet2/Source/Tests/Test_qtdot.cpp"; sourceTree = "<group>"; };
		2B380E1F2BB501D81ED07F0B /* Test_qtdot.h */ = {isa = PBXFileReference; lastKnownFileType = sourcecode.c.h; name = "Test_qtdot.h"; path = "../../test/Bullet2/Source/Tests/Test_qtdot.h"; sourceTree = "<group>"; };
		573A364B121F3285541B5FD3 /* Test_qtmul.cpp */ = {isa = PBXFileReference; lastKnownFileType = sourcecode.cpp.cpp; name = "Test_qtmul.cpp"; path = "../../test/Bullet2/Source/Tests/Test_qtmul.cpp"; sourceTree = "<group>"; };
		2E9833BF66A61D306C177D49 /* Test_qtmul.h */ = {isa = PBXFileReference; lastKnownFileType = sourcecode.c.h; name = "Test_qtmul.h"; path = "../../test/Bullet2/Source/Tests/Test_qtmul.h"; sourceTree = "<group>"; };
		781A7B93103C5A681AB5752B /* Test_qtmulQV3.cpp */ = {isa = PBXFileReference; lastKnownFileType = sourcecode.cpp.cpp; name = "Test_qtmulQV3.cpp"; path = "../../test/Bullet2/Source/Tests/Test_qtmulQV3.cpp"; sourceTree = "<group>"; };
		7212224E6DA8645316FF0046 /* Test_qtmulQV3.h */ = {isa = PBXFileReference; lastKnownFileType = sourcecode.c.h; name = "Test_qtmulQV3.h"; path = "../../test/Bullet2/Source/Tests/Test_qtmulQV3.h"; sourceTree = "<group>"; };
		2DD44A5B3DF0660971B46D68 /* Test_qtmulV3Q.cpp */ = {isa = PBXFileReference; lastKnownFileType = sourcecode.cpp.cpp; name = "Test_qtmulV3Q.cpp"; path = "../../test/Bullet2/Source/Tests/Test_qtmulV3Q.cpp"; sourceTree = "<group>"; };
		53C749843468577E3FBD4713 /* Test_qtmulV3Q.h */ = {isa = PBXFileReference; lastKnownFileType = sourcecode.c.h; name = "Test_qtmulV3Q.h"; path = "../../test/Bullet2/Source/Tests/Test_qtmulV3Q.h"; sourceTree = "<group>"; };
		6C3E0C372A0279AE252E041A /* Test_qtnorm.cpp */ = {isa = PBXFileReference; lastKnownFileType = sourcecode.cpp.cpp; name = "Test_qtnorm.cpp"; path = "../../test/Bullet2/Source/Tests/Test_qtnorm.cpp"; sourceTree = "<group>"; };
		083C3F2E739C252F6074019F /* Test_qtnorm.h */ = {isa = PBXFileReference; lastKnownFileType = sourcecode.c.h; name = "Test_qtnorm.h"; path = "../../test/Bullet2/Source/Tests/Test_qtnorm.h"; sourceTree = "<group>"; };
		2BF7781538436056333B763C /* Test_quat_aos_neon.cpp */ = {isa = PBXFileReference; lastKnownFileType = sourcecode.cpp.cpp; name = "Test_quat_aos_neon.cpp"; path = "../../test/Bullet2/Source/Tests/Test_quat_aos_neon.cpp"; sourceTree = "<group>"; };
		41A47C3F2BED0B4E5088226E /* Test_quat_aos_neon.h */ = {isa = PBXFileReference; lastKnownFileType = sourcecode.c.h; name = "Test_quat_aos_neon.h"; path = "../../test/Bullet2/Source/Tests/Test_quat_aos_neon.h"; sourceTree = "<group>"; };
		75E66D3332D7718965474663 /* Test_v3cross.cpp */ = {isa = PBXFileReference; lastKnownFileType = sourcecode.cpp.cpp; name = "Test_v3cross.cpp"; path = "../../test/Bullet2/Source/Tests/Test_v3cross.cpp"; sourceTree = "<group>"; };
		10EA0D37451A302B6EF46C94 /* Test_v3cross.h */ = {isa = PBXFileReference; lastKnownFileType = sourcecode.c.h; name = "Test_v3cross.h"; path = "../../test/Bullet2/Source/Tests/Test_v3cross.h"; sourceTree = "<group>"; };
		1CAA6E0C7A74150A44972069 /* Test_v3div.cpp */ = {isa = PBXFileReference; lastKnownFileType = sourcecode.cpp.cpp; name = "Test_v3div.cpp"; path = "../../test/Bullet2/Source/Tests/Test_v3div.cpp"; sourceTree = "<group>"; };
		1F9849022D02761644250A6C /* Test_v3div.h */ = {isa = PBXFileReference; lastKnownFileType = sourcecode.c.h; name = "Test_v3div.h"; path = "../../test/Bullet2/Source/Tests/Test_v3div.h"; sourceTree = "<group>"; };
		770117A50F1A093E4F395A9F /* Test_v3dot.cpp */ = {isa = PBXFileReference; lastKnownFileType = sourcecode.cpp.cpp; name = "Test_v3dot.cpp"; path = "../../test/Bullet2/Source/Tests/Test_v3dot.cpp"; sourceTree = "<group>"; };
		4FC47C59611826534D107693 /* Test_v3dot.h */ = {isa = PBXFileReference; lastKnownFileType = sourcecode.c.h; name = "Test_v3dot.h"; path = "../../test/Bullet2/Source/Tests/Test_v3dot.h"; sourceTree = "<group>"; };
		47ED225A5FFF6F555F17014C /* Test_v3interp.cpp */ = {isa = PBXFileReference; lastKnownFileType = sourcecode.cpp.cpp; name = "Test_v3interp.cpp"; path = "../../test/Bullet2/Source/Tests/Test_v3interp.cpp"; sourceTree = "<group>"; };
		08FA60DB723329D101A30FDA /* Test_v3interp.h */ = {isa = PBXFileReference; lastKnownFileType = sourcecode.c.h; name = "Test_v3interp.h"; path = "../../test/Bullet2/Source/Tests/Test_v3interp.h"; sourceTree = "<group>"; };
		67EB287B63917A456D570C17 /* Test_v3lerp.cpp */ = {isa = PBXFileReference; lastKnownFileType = sourcecode.cpp.cpp; name = "Test_v3lerp.cpp"; path = "../../test/Bullet2/Source/Tests/Test_v3lerp.cpp"; sourceTree = "<group>"; };
		4DBA081877E905FD3ED51D7D /* Test_v3lerp.h */ = {isa = PBXFileReference; lastKnownFileType = sourcecode.c.h; name = "Test_v3lerp.h"; path = "../../test/Bullet2/Source/Tests/Test_v3lerp.h"; sourceTree = "<group>"; };
		3AD118D83050124872AC32D3 /* Test_v3norm.cpp */ = {isa = PBXFileReference; lastKnownFileType = sourcecode.cpp.cpp; name = "Test_v3norm.cpp"; path = "../../test/Bullet2/Source/Tests/Test_v3norm.cpp"; sourceTree = "<group>"; };
		5CB6545E6BAD3A281B090118 /* Test_v3norm.h */ = {isa = PBXFileReference; lastKnownFileType = sourcecode.c.h; name = "Test_v3norm.h"; path = "../../test/Bullet2/Source/Tests/Test_v3norm.h"; sourceTree = "<group>"; };
		73170C541DAE169F5A402CDA /* Test_v3rotate.cpp */ = {isa = PBXFileReference; lastKnownFileType = sourcecode.cpp.cpp; name = "Test_v3rotate.cpp"; path = "../../test/Bullet2/Source/Tests/Test_v3rotate.cpp"; sourceTree = "<group>"; };
		4F3B35455DD7532121CB296A /* Test_v3rotate.h */ = {isa = PBXFileReference; lastKnownFileType = sourcecode.c.h; name = "Test_v3rotate.h"; path = "../../test/Bullet2/Source/Tests/Test_v3rotate.h"; sourceTree = "<group>"; };
		09A1432E34CE6977178E026C /* Test_v3sdiv.cpp */ = {isa = PBXFileReference; lastKnownFileType = sourcecode.cpp.cpp; name = "Test_v3sdiv.cpp"; path = "../../test/Bullet2/Source/Tests/Test_v3sdiv.cpp"; sourceTree = "<group>"; };
		2C0A74590DCC7A4E405F41F4 /* Test_v3sdiv.h */ = {isa = PBXFileReference; lastKnownFileType = sourcecode.c.h; name = "Test_v3sdiv.h"; path = "../../test/Bullet2/Source/Tests/Test_v3sdiv.h"; sourceTree = "<group>"; };
		03BB2AFC2A0548AA2EBE58A4 /* Test_v3skew.cpp */ = {isa = PBXFileReference; lastKnownFileType = sourcecode.cpp.cpp; name = "Test_v3skew.cpp"; path = "../../test/Bullet2/Source/Tests/Test_v3skew.cpp"; sourceTree = "<group>"; };
		38767682566C581D7CA8130B /* Test_v3skew.h */ = {isa = PBXFileReference; lastKnownFileType = sourcecode.c.h; name = "Test_v3skew.h"; path = "../../test/Bullet2/Source/Tests/Test_v3skew.h"; sourceTree = "<group>"; };
		78113DA402FE29ED1AD60538 /* Test_v3triple.cpp */ = {isa = PBXFileReference; lastKnownFileType = sourcecode.cpp.cpp; name = "Test_v3triple.cpp"; path = "../../test/Bullet2/Source/Tests/Test_v3triple.cpp"; sourceTree = "<group>"; };
		78717680788160FB3B5B640C /* Test_v3triple.h */ = {isa = PBXFileReference; lastKnownFileType = sourcecode.c.h; name = "Test_v3triple.h"; path = "../../test/Bullet2/Source/Tests/Test_v3triple.h"; sourceTree = "<group>"; };
		78D44F5A3F8E338968115B30 /* Utils.cpp */ = {isa = PBXFileReference; lastKnownFileType = sourcecode.cpp.cpp; name = "Utils.cpp"; path = "../../test/Bullet2/Source/Utils.cpp"; sourceTree = "<group>"; };
		2C051A4C7A8A150528C93BAF /* Utils.h */ = {isa = PBXFileReference; lastKnownFileType = sourcecode.c.h; name = "Utils.h"; path = "../../test/Bullet2/Source/Utils.h"; sourceTree = "<group>"; };
		1A562B395440634F75D6403D /* btIntDefines.h */ = {isa = PBXFileReference; lastKnownFileType = sourcecode.c.h; name = "btIntDefines.h"; path = "../../test/Bullet2/Source/btIntDefines.h"; sourceTree = "<group>"; };
		72A811B26A2F5F5A1C04624C /* main.cpp */ = {isa = PBXFileReference; lastKnownFileType = sourcecode.cpp.cpp; name = "main.cpp"; path = "../../test/Bullet2/Source/main.cpp"; sourceTree = "<group>"; };
		687824416671146E60260709 /* main.h */ = {isa = PBXFileReference; lastKnownFileType = sourcecode.c.h; name = "main.h"; path = "../../test/Bullet2/Source/main.h"; sourceTree = "<group>"; };
		705709AB5CC526C366753AD1 /* vector.h */ = {isa = PBXFileReference; lastKnownFileType = sourcecode.c.h; name = "vector.h"; path = "../../test/Bullet2/Source/vector.h"; sourceTree = "<group>"; };
		071471FF40C01FDE43D64DAC /* Test_LinearMath_xcode4_x64_release */ = {isa = PBXFileReference; explicitFileType = "compiled.mach-o.executable"; includeInIndex = 0; name = "Test_LinearMath_xcode4_x64_release"; path = "Test_LinearMath_xcode4_x64_release"; sourceTree = BUILT_PRODUCTS_DIR; };
		1A6A62FE128D74CC00D52B09 /* BulletDynamics.xcodeproj */ = {isa = PBXFileReference; lastKnownFileType = "wrapper.pb-project"; name = "BulletDynamics.xcodeproj"; path = "BulletDynamics.xcodeproj"; sourceTree = SOURCE_ROOT; };
		49F05B221EB37A9E3E304159 /* BulletCollision.xcodeproj */ = {isa = PBXFileReference; lastKnownFileType = "wrapper.pb-project"; name = "BulletCollision.xcodeproj"; path = "BulletCollision.xcodeproj"; sourceTree = SOURCE_ROOT; };
		20AF42EC40B73085771C5D47 /* LinearMath.xcodeproj */ = {isa = PBXFileReference; lastKnownFileType = "wrapper.pb-project"; name = "LinearMath.xcodeproj"; path = "LinearMath.xcodeproj"; sourceTree = SOURCE_ROOT; };
/* End PBXFileReference section */

/* Begin PBXFrameworksBuildPhase section */
		05C81895079564126CBE358E /* Frameworks */ = {
			isa = PBXFrameworksBuildPhase;
			buildActionMask = 2147483647;
			files = (
				7E27643223A674CD68E46978 /* libBulletDynamics.a in Frameworks */,
				73D728E770E84DB464AE5FBD /* libBulletCollision.a in Frameworks */,
				47AF731901735ACA21826F19 /* libLinearMath.a in Frameworks */,
			);
			runOnlyForDeploymentPostprocessing = 0;
		};
/* End PBXFrameworksBuildPhase section */

/* Begin PBXGroup section */
		513A6C657BC547AC0E1E13F8 /* Test_LinearMath */ = {
			isa = PBXGroup;
			children = (
				3EAB578718F469E54FE441B9 /* test */,
				2EE54318020C64844D4F14DF /* Products */,
				5E7D20D261BE10892C6A0A11 /* Projects */,
			);
			name = "Test_LinearMath";
			sourceTree = "<group>";
		};
		3EAB578718F469E54FE441B9 /* test */ = {
			isa = PBXGroup;
			children = (
				06C70B2E08F001AA5DFA6CF5 /* Bullet2 */,
			);
			name = "test";
			sourceTree = "<group>";
		};
		06C70B2E08F001AA5DFA6CF5 /* Bullet2 */ = {
			isa = PBXGroup;
			children = (
				6A2B304112A6692C016D4478 /* Source */,
			);
			name = "Bullet2";
			sourceTree = "<group>";
		};
		6A2B304112A6692C016D4478 /* Source */ = {
			isa = PBXGroup;
			children = (
				44782CB522EF284811187285 /* TestList.cpp */,
				47E1082201AC7398350E6024 /* TestList.h */,
				133843F4043A2203022C3ED9 /* Tests */,
				78D44F5A3F8E338968115B30 /* Utils.cpp */,
				2C051A4C7A8A150528C93BAF /* Utils.h */,
				1A562B395440634F75D6403D /* btIntDefines.h */,
				72A811B26A2F5F5A1C04624C /* main.cpp */,
				687824416671146E60260709 /* main.h */,
				705709AB5CC526C366753AD1 /* vector.h */,
			);
			name = "Source";
			sourceTree = "<group>";
		};
		133843F4043A2203022C3ED9 /* Tests */ = {
			isa = PBXGroup;
			children = (
				44C83AB75AA326842BEB6B4F /* Test_3x3getRot.cpp */,
				5071388731447D32128A30F5 /* Test_3x3getRot.h */,
				2514647A17A014FD070456F4 /* Test_3x3mulM.cpp */,
				1B5F396A72E95A4B262F70EA /* Test_3x3mulM.h */,
				25ED7664522919275E194AC8 /* Test_3x3mulM1M2.cpp */,
				33DD032F2338555F01897BD7 /* Test_3x3mulM1M2.h */,
				7CDA6DB64D7963B30E5C5D7B /* Test_3x3mulMV.cpp */,
				7184408E46773C024EED3382 /* Test_3x3mulMV.h */,
				5C2314FC440A29B61532285B /* Test_3x3mulVM.cpp */,
				5BA148664F003AE07AA91D5D /* Test_3x3mulVM.h */,
				77DA416E2A7052AD170A2139 /* Test_3x3setRot.cpp */,
				31F03BAD6416772A72533CC1 /* Test_3x3setRot.h */,
				524158F614D751AB658277C7 /* Test_3x3timesTranspose.cpp */,
				5BB75C1C6307678234BB7C9F /* Test_3x3timesTranspose.h */,
				34494D5B36BC7D0B5E391122 /* Test_3x3transpose.cpp */,
				5975155908CF0138283565D3 /* Test_3x3transpose.h */,
				073F55C905C22063563A2857 /* Test_3x3transposeTimes.cpp */,
				731717DD502E3AFC12700CC0 /* Test_3x3transposeTimes.h */,
				34373D0E6CC86F752342776D /* Test_btDbvt.cpp */,
				5A2B65067BCE2B847FC77419 /* Test_btDbvt.h */,
				17BF08D43E8C60022E0D7418 /* Test_dot3.cpp */,
				7EB273AB70EC30C841306CF4 /* Test_dot3.h */,
				1331113D5E362DE5503C23C3 /* Test_maxdot.cpp */,
				7861598202A94D1476976078 /* Test_maxdot.h */,
				040260773B4D4E026FCB297F /* Test_mindot.cpp */,
				494854D3236C31327D291B78 /* Test_mindot.h */,
				24663C7D4BE87F8105912C46 /* Test_qtdot.cpp */,
				2B380E1F2BB501D81ED07F0B /* Test_qtdot.h */,
				573A364B121F3285541B5FD3 /* Test_qtmul.cpp */,
				2E9833BF66A61D306C177D49 /* Test_qtmul.h */,
				781A7B93103C5A681AB5752B /* Test_qtmulQV3.cpp */,
				7212224E6DA8645316FF0046 /* Test_qtmulQV3.h */,
				2DD44A5B3DF0660971B46D68 /* Test_qtmulV3Q.cpp */,
				53C749843468577E3FBD4713 /* Test_qtmulV3Q.h */,
				6C3E0C372A0279AE252E041A /* Test_qtnorm.cpp */,
				083C3F2E739C252F6074019F /* Test_qtnorm.h */,
				2BF7781538436056333B763C /* Test_quat_aos_neon.cpp */,
				41A47C3F2BED0B4E5088226E /* Test_quat_aos_neon.h */,
				75E66D3332D7718965474663 /* Test_v3cross.cpp */,
				10EA0D37451A302B6EF46C94 /* Test_v3cross.h */,
				1CAA6E0C7A74150A44972069 /* Test_v3div.cpp */,
				1F9849022D02761644250A6C /* Test_v3div.h */,
				770117A50F1A093E4F395A9F /* Test_v3dot.cpp */,
				4FC47C59611826534D107693 /* Test_v3dot.h */,
				47ED225A5FFF6F555F17014C /* Test_v3interp.cpp */,
				08FA60DB723329D101A30FDA /* Test_v3interp.h */,
				67EB287B63917A456D570C17 /* Test_v3lerp.cpp */,
				4DBA081877E905FD3ED51D7D /* Test_v3lerp.h */,
				3AD118D83050124872AC32D3 /* Test_v3norm.cpp */,
				5CB6545E6BAD3A281B090118 /* Test_v3norm.h */,
				73170C541DAE169F5A402CDA /* Test_v3rotate.cpp */,
				4F3B35455DD7532121CB296A /* Test_v3rotate.h */,
				09A1432E34CE6977178E026C /* Test_v3sdiv.cpp */,
				2C0A74590DCC7A4E405F41F4 /* Test_v3sdiv.h */,
				03BB2AFC2A0548AA2EBE58A4 /* Test_v3skew.cpp */,
				38767682566C581D7CA8130B /* Test_v3skew.h */,
				78113DA402FE29ED1AD60538 /* Test_v3triple.cpp */,
				78717680788160FB3B5B640C /* Test_v3triple.h */,
			);
			name = "Tests";
			sourceTree = "<group>";
		};
		2EE54318020C64844D4F14DF /* Products */ = {
			isa = PBXGroup;
			children = (
				071471FF40C01FDE43D64DAC /* Test_LinearMath_xcode4_x64_release */,
			);
			name = "Products";
			sourceTree = "<group>";
		};
		5E7D20D261BE10892C6A0A11 /* Projects */ = {
			isa = PBXGroup;
			children = (
				1A6A62FE128D74CC00D52B09 /* BulletDynamics.xcodeproj */,
				49F05B221EB37A9E3E304159 /* BulletCollision.xcodeproj */,
				20AF42EC40B73085771C5D47 /* LinearMath.xcodeproj */,
			);
			name = "Projects";
			sourceTree = "<group>";
		};
		3A7968D3188761EC523D3334 /* Products */ = {
			isa = PBXGroup;
			children = (
				099336FA058249475CF83813 /* libBulletDynamics.a */,
			);
			name = Products;
			sourceTree = "<group>";
		};
		5F2D1CC370936689442D7C36 /* Products */ = {
			isa = PBXGroup;
			children = (
				732A00F0474524E22C220040 /* libBulletCollision.a */,
			);
			name = Products;
			sourceTree = "<group>";
		};
		78047C5975863E441339216F /* Products */ = {
			isa = PBXGroup;
			children = (
				6107136D685B63D82E7108E0 /* libLinearMath.a */,
			);
			name = Products;
			sourceTree = "<group>";
		};
/* End PBXGroup section */

/* Begin PBXNativeTarget section */
		067D2F2F6D78014F6E0B174F /* Test_LinearMath */ = {
			isa = PBXNativeTarget;
			buildConfigurationList = 621A5A647D6118735B21740F /* Build configuration list for PBXNativeTarget "Test_LinearMath" */;
			buildPhases = (
				06A8129908AA54C5013A0D25 /* Resources */,
				34AC0BF0664011CD2E4B6BCB /* Sources */,
				05C81895079564126CBE358E /* Frameworks */,
			);
			buildRules = (
			);
			dependencies = (
				756369B117E53C3900FE486A /* PBXTargetDependency */,
				5F9A37513F0B102E713D6C6F /* PBXTargetDependency */,
				3D155D7E0F7427447C120D99 /* PBXTargetDependency */,
			);
			name = "Test_LinearMath";
			productInstallPath = "$(HOME)/bin";
			productName = "Test_LinearMath";
			productReference = 071471FF40C01FDE43D64DAC /* Test_LinearMath_xcode4_x64_release */;
			productType = "com.apple.product-type.tool";
		};
/* End PBXNativeTarget section */

/* Begin PBXProject section */
		08FB7793FE84155DC02AAC07 /* Project object */ = {
			isa = PBXProject;
			buildConfigurationList = 1DEB928908733DD80010E9CD /* Build configuration list for PBXProject "Test_LinearMath" */;
			compatibilityVersion = "Xcode 3.2";
			hasScannedForEncodings = 1;
			mainGroup = 513A6C657BC547AC0E1E13F8 /* Test_LinearMath */;
			projectDirPath = "";
			projectReferences = (
				{
					ProductGroup = 3A7968D3188761EC523D3334 /* Products */;
					ProjectRef = 1A6A62FE128D74CC00D52B09 /* BulletDynamics.xcodeproj */;
				},
				{
					ProductGroup = 5F2D1CC370936689442D7C36 /* Products */;
					ProjectRef = 49F05B221EB37A9E3E304159 /* BulletCollision.xcodeproj */;
				},
				{
					ProductGroup = 78047C5975863E441339216F /* Products */;
					ProjectRef = 20AF42EC40B73085771C5D47 /* LinearMath.xcodeproj */;
				},
			);
			projectRoot = "";
			targets = (
				067D2F2F6D78014F6E0B174F /* Test_LinearMath_xcode4_x64_release */,
			);
		};
/* End PBXProject section */

/* Begin PBXReferenceProxy section */
		099336FA058249475CF83813 /* libBulletDynamics.a */ = {
			isa = PBXReferenceProxy;
			fileType = archive.ar;
			path = "../../bin/libBulletDynamics.a";
			remoteRef = 247738E812A52B1526470EFB /* PBXContainerItemProxy */;
			sourceTree = BUILT_PRODUCTS_DIR;
		};
		732A00F0474524E22C220040 /* libBulletCollision.a */ = {
			isa = PBXReferenceProxy;
			fileType = archive.ar;
			path = "../../bin/libBulletCollision.a";
			remoteRef = 7D1C61194A1F6BC17C5540E8 /* PBXContainerItemProxy */;
			sourceTree = BUILT_PRODUCTS_DIR;
		};
		6107136D685B63D82E7108E0 /* libLinearMath.a */ = {
			isa = PBXReferenceProxy;
			fileType = archive.ar;
			path = "../../bin/libLinearMath.a";
			remoteRef = 1BFD085604B44CD423512A9F /* PBXContainerItemProxy */;
			sourceTree = BUILT_PRODUCTS_DIR;
		};
/* End PBXReferenceProxy section */

/* Begin PBXResourcesBuildPhase section */
		06A8129908AA54C5013A0D25 /* Resources */ = {
			isa = PBXResourcesBuildPhase;
			buildActionMask = 2147483647;
			files = (
			);
			runOnlyForDeploymentPostprocessing = 0;
		};
/* End PBXResourcesBuildPhase section */

/* Begin PBXSourcesBuildPhase section */
		34AC0BF0664011CD2E4B6BCB /* Sources */ = {
			isa = PBXSourcesBuildPhase;
			buildActionMask = 2147483647;
			files = (
				1765246A4E8459F164C20F17 /* TestList.cpp in Sources */,
				4C7A64C83995084D1A712C11 /* Test_3x3getRot.cpp in Sources */,
				368E5F77089C67D301C00086 /* Test_3x3mulM.cpp in Sources */,
				3A88413929A32DBB03BD20E3 /* Test_3x3mulM1M2.cpp in Sources */,
				49085FD27D475DDB7AF668EE /* Test_3x3mulMV.cpp in Sources */,
				285C51A55A343BC2684A601E /* Test_3x3mulVM.cpp in Sources */,
				43301DF7006A6D26688327CB /* Test_3x3setRot.cpp in Sources */,
				39F9316F2A717A4954396F90 /* Test_3x3timesTranspose.cpp in Sources */,
				6F4A20E742582DFB3BDF54A3 /* Test_3x3transpose.cpp in Sources */,
				7B952B3B3F7C7CD7172E64DB /* Test_3x3transposeTimes.cpp in Sources */,
				547028FC6183139D59E6221A /* Test_btDbvt.cpp in Sources */,
				13603762259C49D57B1E0353 /* Test_dot3.cpp in Sources */,
				0982515E0A332BE00CC252AB /* Test_maxdot.cpp in Sources */,
				0C1A0614464E2F0A44B63611 /* Test_mindot.cpp in Sources */,
				43D02AD6720328957E551CC8 /* Test_qtdot.cpp in Sources */,
				29F3221674E3792505912A8B /* Test_qtmul.cpp in Sources */,
				7CDA0C472CB728EC2E604B7E /* Test_qtmulQV3.cpp in Sources */,
				4FA65AC413EB3F172C902C9E /* Test_qtmulV3Q.cpp in Sources */,
				56786C16387714920FE533BA /* Test_qtnorm.cpp in Sources */,
				1331273E7B551D5F70414182 /* Test_quat_aos_neon.cpp in Sources */,
				0F9D3D3C5396582C6B03191C /* Test_v3cross.cpp in Sources */,
				797D3079131D10EF5A8C470A /* Test_v3div.cpp in Sources */,
				014E56F83C715FDF56B54096 /* Test_v3dot.cpp in Sources */,
				4F6F0899103F4DCD616F4521 /* Test_v3interp.cpp in Sources */,
				6C615A6C6BE46C6D78FB5510 /* Test_v3lerp.cpp in Sources */,
				6F8924A238D5399044EF3BAE /* Test_v3norm.cpp in Sources */,
				43F26D190A4A10CD13FD5639 /* Test_v3rotate.cpp in Sources */,
				08FA13257A937AA8653840D2 /* Test_v3sdiv.cpp in Sources */,
				0635129F2CD6366D65AA226B /* Test_v3skew.cpp in Sources */,
				608A3DC5721345206C6F0E89 /* Test_v3triple.cpp in Sources */,
				556F14561D312AF35B21549D /* Utils.cpp in Sources */,
				18F84B8E69C5158C4A741E1C /* main.cpp in Sources */,
			);
			runOnlyForDeploymentPostprocessing = 0;
		};
/* End PBXSourcesBuildPhase section */

/* Begin PBXVariantGroup section */
/* End PBXVariantGroup section */

/* Begin PBXTargetDependency section */
		756369B117E53C3900FE486A /* PBXTargetDependency */ = {
			isa = PBXTargetDependency;
			name = "libBulletDynamics.a";
			targetProxy = 332A37CB175E3EA40C980D3E /* PBXContainerItemProxy */;
		};
		5F9A37513F0B102E713D6C6F /* PBXTargetDependency */ = {
			isa = PBXTargetDependency;
			name = "libBulletCollision.a";
			targetProxy = 51EE68C775214ED32780003B /* PBXContainerItemProxy */;
		};
		3D155D7E0F7427447C120D99 /* PBXTargetDependency */ = {
			isa = PBXTargetDependency;
			name = "libLinearMath.a";
			targetProxy = 4E433E432BB048AB72DE540F /* PBXContainerItemProxy */;
		};
/* End PBXTargetDependency section */

/* Begin XCBuildConfiguration section */
		5D03769C312A600D79312830 /* Release */ = {
			isa = XCBuildConfiguration;
			buildSettings = {
				ARCHS = "$(ARCHS_STANDARD_32_BIT) $(ARCHS_STANDARD_64_BIT)";
				VALID_ARCHS = "x86_64 i386";
				ALWAYS_SEARCH_USER_PATHS = NO;
				DEBUG_INFORMATION_FORMAT = "dwarf-with-dsym";
				CONFIGURATION_BUILD_DIR = "../../bin";
				GCC_DYNAMIC_NO_PIC = NO;
				GCC_MODEL_TUNING = G5;
				INSTALL_PATH = /usr/local/bin;
				PRODUCT_NAME = "Test_LinearMath_xcode4_x64_release";
			};
			name = "Release";
		};
		04206E1605AA1CB6084B7DB3 /* Debug */ = {
			isa = XCBuildConfiguration;
			buildSettings = {
				ARCHS = "$(ARCHS_STANDARD_32_BIT) $(ARCHS_STANDARD_64_BIT)";
				VALID_ARCHS = "x86_64 i386";
				ALWAYS_SEARCH_USER_PATHS = NO;
				CONFIGURATION_BUILD_DIR = "../../bin";
				GCC_DYNAMIC_NO_PIC = NO;
				GCC_MODEL_TUNING = G5;
				INSTALL_PATH = /usr/local/bin;
				PRODUCT_NAME = "Test_LinearMath_xcode4_x64_debug";
			};
			name = "Debug";
		};
		12946B217C806C6B71F272CD /* Release */ = {
			isa = XCBuildConfiguration;
			buildSettings = {
				ARCHS = "$(ARCHS_STANDARD_32_BIT) $(ARCHS_STANDARD_64_BIT)";
				VALID_ARCHS = "x86_64 i386";
				SDKROOT = macosx;
				ARCHS = "x86_64";
				CONFIGURATION_BUILD_DIR = "$(SYMROOT)";
				CONFIGURATION_TEMP_DIR = "$(OBJROOT)";
				GCC_C_LANGUAGE_STANDARD = gnu99;
				GCC_OPTIMIZATION_LEVEL = s;
				GCC_SYMBOLS_PRIVATE_EXTERN = NO;
				GCC_WARN_ABOUT_RETURN_TYPE = YES;
				GCC_WARN_UNUSED_VARIABLE = YES;
				HEADER_SEARCH_PATHS = (
					"../../src",
					"../../test/Bullet2/Source",
					"../../test/Bullet2/Source/Tests",
				);
				OBJROOT = "obj/x64/Release/Test_LinearMath";
				ONLY_ACTIVE_ARCH = NO;
				OTHER_CFLAGS = (
					"-ffast-math",
				);
				STANDARD_C_PLUS_PLUS_LIBRARY_TYPE = static;
				SYMROOT = "../../bin";
			};
			name = "Release";
		};
		02B62A4E6A6C72600BA91B81 /* Debug */ = {
			isa = XCBuildConfiguration;
			buildSettings = {
				ARCHS = "$(ARCHS_STANDARD_32_BIT) $(ARCHS_STANDARD_64_BIT)";
				VALID_ARCHS = "x86_64 i386";
				SDKROOT = macosx;
				ARCHS = "x86_64";
				CONFIGURATION_BUILD_DIR = "$(SYMROOT)";
				CONFIGURATION_TEMP_DIR = "$(OBJROOT)";
				COPY_PHASE_STRIP = NO;
				GCC_C_LANGUAGE_STANDARD = gnu99;
				GCC_OPTIMIZATION_LEVEL = 0;
				GCC_PREPROCESSOR_DEFINITIONS = (
					"_DEBUG=1",
				);
				GCC_SYMBOLS_PRIVATE_EXTERN = NO;
				GCC_WARN_ABOUT_RETURN_TYPE = YES;
				GCC_WARN_UNUSED_VARIABLE = YES;
				HEADER_SEARCH_PATHS = (
					"../../src",
					"../../test/Bullet2/Source",
					"../../test/Bullet2/Source/Tests",
				);
				OBJROOT = "obj/x64/Debug/Test_LinearMath";
				ONLY_ACTIVE_ARCH = YES;
				OTHER_CFLAGS = (
					"-ffast-math",
				);
				STANDARD_C_PLUS_PLUS_LIBRARY_TYPE = static;
				SYMROOT = "../../bin";
			};
			name = "Debug";
		};
/* End XCBuildConfiguration section */

/* Begin XCConfigurationList section */
		621A5A647D6118735B21740F /* Build configuration list for PBXNativeTarget "Test_LinearMath_xcode4_x64_release" */ = {
			isa = XCConfigurationList;
			buildConfigurations = (
				5D03769C312A600D79312830 /* Release */,
				04206E1605AA1CB6084B7DB3 /* Debug */,
			);
			defaultConfigurationIsVisible = 0;
			defaultConfigurationName = "Release";
		};
		1DEB928908733DD80010E9CD /* Build configuration list for PBXProject "Test_LinearMath" */ = {
			isa = XCConfigurationList;
			buildConfigurations = (
				12946B217C806C6B71F272CD /* Release */,
				02B62A4E6A6C72600BA91B81 /* Debug */,
			);
			defaultConfigurationIsVisible = 0;
			defaultConfigurationName = "Release";
		};
/* End XCConfigurationList section */

	};
	rootObject = 08FB7793FE84155DC02AAC07 /* Project object */;
}
