// !$*UTF8*$!
{
	archiveVersion = 1;
	classes = {
	};
	objectVersion = 45;
	objects = {

/* Begin PBXBuildFile section */
		124C715B1FDE34CA74626DEC /* LoadMeshFromCollada.cpp in Sources */ = {isa = PBXBuildFile; fileRef = 518E41FD567B65B217C32880 /* LoadMeshFromCollada.cpp */; };
		24B03BA553837EBC0A1C4E5F /* LoadMeshFromObj.cpp in Sources */ = {isa = PBXBuildFile; fileRef = 56DC43FD235B39AE63644517 /* LoadMeshFromObj.cpp */; };
		2AC9107A77313FFA36CE414A /* Wavefront2GLInstanceGraphicsShape.cpp in Sources */ = {isa = PBXBuildFile; fileRef = 002B1516636C6D341DF21FF3 /* Wavefront2GLInstanceGraphicsShape.cpp */; };
		063F476431867F8F0A8D5C7C /* BulletUrdfImporter.cpp in Sources */ = {isa = PBXBuildFile; fileRef = 5BD85F4A148674A66BA54D14 /* BulletUrdfImporter.cpp */; };
		58DC5FFD0FED2C6B55D25983 /* MyMultiBodyCreator.cpp in Sources */ = {isa = PBXBuildFile; fileRef = 111D268368B62E6F26D029B9 /* MyMultiBodyCreator.cpp */; };
		64965B9E6CAE379145B71CC8 /* URDF2Bullet.cpp in Sources */ = {isa = PBXBuildFile; fileRef = 30C5722B161A058A5ABF64E0 /* URDF2Bullet.cpp */; };
		5FDC774C4D6826B00E605628 /* UrdfParser.cpp in Sources */ = {isa = PBXBuildFile; fileRef = 32144F1B1B95777348597E5A /* UrdfParser.cpp */; };
		1D2100CC74996FE07D415F9F /* urdfStringSplit.cpp in Sources */ = {isa = PBXBuildFile; fileRef = 0EE9793674AD23115DB8045F /* urdfStringSplit.cpp */; };
		77A853BD3FD372373436454D /* PhysicsClient.cpp in Sources */ = {isa = PBXBuildFile; fileRef = 04130D460D1F21814A195735 /* PhysicsClient.cpp */; };
		175E3DC70DC104ED77E316DF /* PhysicsClientC_API.cpp in Sources */ = {isa = PBXBuildFile; fileRef = 4C1F30D84A1805B413722E2F /* PhysicsClientC_API.cpp */; };
		7BB13E7046E5717D59E5719E /* PhysicsClientSharedMemory.cpp in Sources */ = {isa = PBXBuildFile; fileRef = 59B5003C6AE706007B841EE1 /* PhysicsClientSharedMemory.cpp */; };
		7B83066432607AE432456DEB /* PhysicsLoopBack.cpp in Sources */ = {isa = PBXBuildFile; fileRef = 15BC1496140A3333153356AD /* PhysicsLoopBack.cpp */; };
		7CE5595D7845180A46206B25 /* PhysicsLoopBackC_API.cpp in Sources */ = {isa = PBXBuildFile; fileRef = 305E27A9028F1E6D0D853DB8 /* PhysicsLoopBackC_API.cpp */; };
		0BBE7FF761EC662C6F6B09A0 /* PhysicsServer.cpp in Sources */ = {isa = PBXBuildFile; fileRef = 6F3B1AC657A1312659EB7D6F /* PhysicsServer.cpp */; };
		2A3931B2540F4C4354682603 /* PhysicsServerCommandProcessor.cpp in Sources */ = {isa = PBXBuildFile; fileRef = 71E63EC52D893D2906E56006 /* PhysicsServerCommandProcessor.cpp */; };
		284F1AAF1308177C6834332E /* PhysicsServerSharedMemory.cpp in Sources */ = {isa = PBXBuildFile; fileRef = 0BC746706AAF39083E31189A /* PhysicsServerSharedMemory.cpp */; };
		398A414E7C58251654736911 /* PosixSharedMemory.cpp in Sources */ = {isa = PBXBuildFile; fileRef = 2C8768A12306672534B55960 /* PosixSharedMemory.cpp */; };
		309944CA4D62616A1ACA776C /* Win32SharedMemory.cpp in Sources */ = {isa = PBXBuildFile; fileRef = 155D27F379737D4B4CD01903 /* Win32SharedMemory.cpp */; };
		1C69366D652B0359549737BA /* tiny_obj_loader.cpp in Sources */ = {isa = PBXBuildFile; fileRef = 7DC86BCA4039107D0EB529E1 /* tiny_obj_loader.cpp */; };
		678E216E61E936652A292358 /* tinystr.cpp in Sources */ = {isa = PBXBuildFile; fileRef = 00245C6256247ADB6F1824AD /* tinystr.cpp */; };
		10D34404762B3DA0650A7FAC /* tinyxml.cpp in Sources */ = {isa = PBXBuildFile; fileRef = 14974E58259E54C23ED24EE8 /* tinyxml.cpp */; };
		2F077B065406055A5B701776 /* tinyxmlerror.cpp in Sources */ = {isa = PBXBuildFile; fileRef = 368968DE708566A106BA248B /* tinyxmlerror.cpp */; };
		6DF710716FD67EF65E1F057E /* tinyxmlparser.cpp in Sources */ = {isa = PBXBuildFile; fileRef = 725C32110300171770F42D27 /* tinyxmlparser.cpp */; };
		251C78C9724A1220120709A0 /* b3ResourcePath.cpp in Sources */ = {isa = PBXBuildFile; fileRef = 2FE162582F171A604E4A145C /* b3ResourcePath.cpp */; };
		1F90481A330921D805396D56 /* test.c in Sources */ = {isa = PBXBuildFile; fileRef = 634B69AA2E5A2FCC2A9115E9 /* test.c */; };
		11E4443702343B30094A6965 /* libBulletFileLoader.a in Frameworks */ = {isa = PBXBuildFile; fileRef = 6F182DF165F80F9119154B31 /* libBulletFileLoader.a */; };
		39BA02C2419868FF5B7B6F16 /* libBulletWorldImporter.a in Frameworks */ = {isa = PBXBuildFile; fileRef = 01A92DF56CDB3323733A01C1 /* libBulletWorldImporter.a */; };
		25320C683CAC7F9E1DDC77CA /* libBullet3Common.a in Frameworks */ = {isa = PBXBuildFile; fileRef = 5A4E432C159F1A697E5A4C3E /* libBullet3Common.a */; };
		3DB2767A5E9931BE31D11E75 /* libBulletDynamics.a in Frameworks */ = {isa = PBXBuildFile; fileRef = 065E0A11684319EA01221146 /* libBulletDynamics.a */; };
		63FF23755AA665451F0D1738 /* libBulletCollision.a in Frameworks */ = {isa = PBXBuildFile; fileRef = 06F6340B3EAE1821318A7F67 /* libBulletCollision.a */; };
		57422EDC056D51BB71735825 /* libLinearMath.a in Frameworks */ = {isa = PBXBuildFile; fileRef = 0E322FC5495109A81D292AA5 /* libLinearMath.a */; };
/* End PBXBuildFile section */

/* Begin PBXContainerItemProxy section */
		5FAB68F148615D5463D75FE3 /* PBXContainerItemProxy */ = {
			isa = PBXContainerItemProxy;
			containerPortal = 1664277E5DE25DD1044E537A /* BulletFileLoader.xcodeproj */;
			proxyType = 2;
			remoteGlobalIDString = 424430302AFF753A4E8451A9;
			remoteInfo = "libBulletFileLoader_xcode4_x64_release.a";
		};
		445062656CAF08C20329210C /* PBXContainerItemProxy */ = {
			isa = PBXContainerItemProxy;
			containerPortal = 1664277E5DE25DD1044E537A /* BulletFileLoader.xcodeproj */;
			proxyType = 1;
			remoteGlobalIDString = 3F7724642E061AD20C580422;
			remoteInfo = "libBulletFileLoader_xcode4_x64_release.a";
		};
		55961FD967D019027B0D17AC /* PBXContainerItemProxy */ = {
			isa = PBXContainerItemProxy;
			containerPortal = 10C65A9B7F0E14475ACD7A4F /* BulletWorldImporter.xcodeproj */;
			proxyType = 2;
			remoteGlobalIDString = 759A57F07D45405944C640CA;
			remoteInfo = "libBulletWorldImporter_xcode4_x64_release.a";
		};
		5C6C4F23117D3C1E75EE0554 /* PBXContainerItemProxy */ = {
			isa = PBXContainerItemProxy;
			containerPortal = 10C65A9B7F0E14475ACD7A4F /* BulletWorldImporter.xcodeproj */;
			proxyType = 1;
			remoteGlobalIDString = 1F3849DF048D5E7309967E5A;
			remoteInfo = "libBulletWorldImporter_xcode4_x64_release.a";
		};
		675875D924AF73C710D66EA1 /* PBXContainerItemProxy */ = {
			isa = PBXContainerItemProxy;
			containerPortal = 109B3C5E5FF64D991523347A /* Bullet3Common.xcodeproj */;
			proxyType = 2;
			remoteGlobalIDString = 7286400C7A6B293022187975;
			remoteInfo = "libBullet3Common_xcode4_x64_release.a";
		};
		425F72026F44178C02CF1083 /* PBXContainerItemProxy */ = {
			isa = PBXContainerItemProxy;
			containerPortal = 109B3C5E5FF64D991523347A /* Bullet3Common.xcodeproj */;
			proxyType = 1;
			remoteGlobalIDString = 21A04AE25B811749672F45CC;
			remoteInfo = "libBullet3Common_xcode4_x64_release.a";
		};
		100E3C0D1A095DA925192CCF /* PBXContainerItemProxy */ = {
			isa = PBXContainerItemProxy;
			containerPortal = 0C694DE706B430622BCC0C2D /* BulletDynamics.xcodeproj */;
			proxyType = 2;
			remoteGlobalIDString = 1FF31C047FD466150A2F2FD1;
			remoteInfo = "libBulletDynamics_xcode4_x64_release.a";
		};
		58E96777515A121826574F34 /* PBXContainerItemProxy */ = {
			isa = PBXContainerItemProxy;
			containerPortal = 0C694DE706B430622BCC0C2D /* BulletDynamics.xcodeproj */;
			proxyType = 1;
			remoteGlobalIDString = 4E8F23C7082008DA21894E5C;
			remoteInfo = "libBulletDynamics_xcode4_x64_release.a";
		};
		17B51CC03EED56E7025B5A9D /* PBXContainerItemProxy */ = {
			isa = PBXContainerItemProxy;
			containerPortal = 27D92B436FF1729F558A78A8 /* BulletCollision.xcodeproj */;
			proxyType = 2;
			remoteGlobalIDString = 356C502E0A8C03B3091960DD;
			remoteInfo = "libBulletCollision_xcode4_x64_release.a";
		};
		1DB76CD47C0C05E84FAE56AA /* PBXContainerItemProxy */ = {
			isa = PBXContainerItemProxy;
			containerPortal = 27D92B436FF1729F558A78A8 /* BulletCollision.xcodeproj */;
			proxyType = 1;
			remoteGlobalIDString = 0EC95E1E15B267834BEE31C3;
			remoteInfo = "libBulletCollision_xcode4_x64_release.a";
		};
		2D44791B61200C9F52F91915 /* PBXContainerItemProxy */ = {
			isa = PBXContainerItemProxy;
			containerPortal = 75E318C964220E66748C1FD5 /* LinearMath.xcodeproj */;
			proxyType = 2;
			remoteGlobalIDString = 1D277880288E092B250C5202;
			remoteInfo = "libLinearMath_xcode4_x64_release.a";
		};
		31C110EE19EE7C8D37E72165 /* PBXContainerItemProxy */ = {
			isa = PBXContainerItemProxy;
			containerPortal = 75E318C964220E66748C1FD5 /* LinearMath.xcodeproj */;
			proxyType = 1;
			remoteGlobalIDString = 2FE65F4C3695056D50052CF8;
			remoteInfo = "libLinearMath_xcode4_x64_release.a";
		};
/* End PBXContainerItemProxy section */

/* Begin PBXFileReference section */
		518E41FD567B65B217C32880 /* LoadMeshFromCollada.cpp */ = {isa = PBXFileReference; lastKnownFileType = sourcecode.cpp.cpp; name = "LoadMeshFromCollada.cpp"; path = "../../examples/Importers/ImportColladaDemo/LoadMeshFromCollada.cpp"; sourceTree = "<group>"; };
		56DC43FD235B39AE63644517 /* LoadMeshFromObj.cpp */ = {isa = PBXFileReference; lastKnownFileType = sourcecode.cpp.cpp; name = "LoadMeshFromObj.cpp"; path = "../../examples/Importers/ImportObjDemo/LoadMeshFromObj.cpp"; sourceTree = "<group>"; };
		002B1516636C6D341DF21FF3 /* Wavefront2GLInstanceGraphicsShape.cpp */ = {isa = PBXFileReference; lastKnownFileType = sourcecode.cpp.cpp; name = "Wavefront2GLInstanceGraphicsShape.cpp"; path = "../../examples/Importers/ImportObjDemo/Wavefront2GLInstanceGraphicsShape.cpp"; sourceTree = "<group>"; };
		5BD85F4A148674A66BA54D14 /* BulletUrdfImporter.cpp */ = {isa = PBXFileReference; lastKnownFileType = sourcecode.cpp.cpp; name = "BulletUrdfImporter.cpp"; path = "../../examples/Importers/ImportURDFDemo/BulletUrdfImporter.cpp"; sourceTree = "<group>"; };
		111D268368B62E6F26D029B9 /* MyMultiBodyCreator.cpp */ = {isa = PBXFileReference; lastKnownFileType = sourcecode.cpp.cpp; name = "MyMultiBodyCreator.cpp"; path = "../../examples/Importers/ImportURDFDemo/MyMultiBodyCreator.cpp"; sourceTree = "<group>"; };
		30C5722B161A058A5ABF64E0 /* URDF2Bullet.cpp */ = {isa = PBXFileReference; lastKnownFileType = sourcecode.cpp.cpp; name = "URDF2Bullet.cpp"; path = "../../examples/Importers/ImportURDFDemo/URDF2Bullet.cpp"; sourceTree = "<group>"; };
		32144F1B1B95777348597E5A /* UrdfParser.cpp */ = {isa = PBXFileReference; lastKnownFileType = sourcecode.cpp.cpp; name = "UrdfParser.cpp"; path = "../../examples/Importers/ImportURDFDemo/UrdfParser.cpp"; sourceTree = "<group>"; };
		0EE9793674AD23115DB8045F /* urdfStringSplit.cpp */ = {isa = PBXFileReference; lastKnownFileType = sourcecode.cpp.cpp; name = "urdfStringSplit.cpp"; path = "../../examples/Importers/ImportURDFDemo/urdfStringSplit.cpp"; sourceTree = "<group>"; };
		04130D460D1F21814A195735 /* PhysicsClient.cpp */ = {isa = PBXFileReference; lastKnownFileType = sourcecode.cpp.cpp; name = "PhysicsClient.cpp"; path = "../../examples/SharedMemory/PhysicsClient.cpp"; sourceTree = "<group>"; };
		5877070963D833CD07A047A5 /* PhysicsClient.h */ = {isa = PBXFileReference; lastKnownFileType = sourcecode.c.h; name = "PhysicsClient.h"; path = "../../examples/SharedMemory/PhysicsClient.h"; sourceTree = "<group>"; };
		4C1F30D84A1805B413722E2F /* PhysicsClientC_API.cpp */ = {isa = PBXFileReference; lastKnownFileType = sourcecode.cpp.cpp; name = "PhysicsClientC_API.cpp"; path = "../../examples/SharedMemory/PhysicsClientC_API.cpp"; sourceTree = "<group>"; };
		0CE407936E76066B6BD265F1 /* PhysicsClientC_API.h */ = {isa = PBXFileReference; lastKnownFileType = sourcecode.c.h; name = "PhysicsClientC_API.h"; path = "../../examples/SharedMemory/PhysicsClientC_API.h"; sourceTree = "<group>"; };
		59B5003C6AE706007B841EE1 /* PhysicsClientSharedMemory.cpp */ = {isa = PBXFileReference; lastKnownFileType = sourcecode.cpp.cpp; name = "PhysicsClientSharedMemory.cpp"; path = "../../examples/SharedMemory/PhysicsClientSharedMemory.cpp"; sourceTree = "<group>"; };
		55C6611556A1008203E80B5B /* PhysicsClientSharedMemory.h */ = {isa = PBXFileReference; lastKnownFileType = sourcecode.c.h; name = "PhysicsClientSharedMemory.h"; path = "../../examples/SharedMemory/PhysicsClientSharedMemory.h"; sourceTree = "<group>"; };
		15BC1496140A3333153356AD /* PhysicsLoopBack.cpp */ = {isa = PBXFileReference; lastKnownFileType = sourcecode.cpp.cpp; name = "PhysicsLoopBack.cpp"; path = "../../examples/SharedMemory/PhysicsLoopBack.cpp"; sourceTree = "<group>"; };
		03556ADF125656DA164E74C3 /* PhysicsLoopBack.h */ = {isa = PBXFileReference; lastKnownFileType = sourcecode.c.h; name = "PhysicsLoopBack.h"; path = "../../examples/SharedMemory/PhysicsLoopBack.h"; sourceTree = "<group>"; };
		305E27A9028F1E6D0D853DB8 /* PhysicsLoopBackC_API.cpp */ = {isa = PBXFileReference; lastKnownFileType = sourcecode.cpp.cpp; name = "PhysicsLoopBackC_API.cpp"; path = "../../examples/SharedMemory/PhysicsLoopBackC_API.cpp"; sourceTree = "<group>"; };
		78993B415CD154A3385B1441 /* PhysicsLoopBackC_API.h */ = {isa = PBXFileReference; lastKnownFileType = sourcecode.c.h; name = "PhysicsLoopBackC_API.h"; path = "../../examples/SharedMemory/PhysicsLoopBackC_API.h"; sourceTree = "<group>"; };
		6F3B1AC657A1312659EB7D6F /* PhysicsServer.cpp */ = {isa = PBXFileReference; lastKnownFileType = sourcecode.cpp.cpp; name = "PhysicsServer.cpp"; path = "../../examples/SharedMemory/PhysicsServer.cpp"; sourceTree = "<group>"; };
		0FD0572833E5384D6C4B5C05 /* PhysicsServer.h */ = {isa = PBXFileReference; lastKnownFileType = sourcecode.c.h; name = "PhysicsServer.h"; path = "../../examples/SharedMemory/PhysicsServer.h"; sourceTree = "<group>"; };
		71E63EC52D893D2906E56006 /* PhysicsServerCommandProcessor.cpp */ = {isa = PBXFileReference; lastKnownFileType = sourcecode.cpp.cpp; name = "PhysicsServerCommandProcessor.cpp"; path = "../../examples/SharedMemory/PhysicsServerCommandProcessor.cpp"; sourceTree = "<group>"; };
		284F767D4747342B29C07E4F /* PhysicsServerCommandProcessor.h */ = {isa = PBXFileReference; lastKnownFileType = sourcecode.c.h; name = "PhysicsServerCommandProcessor.h"; path = "../../examples/SharedMemory/PhysicsServerCommandProcessor.h"; sourceTree = "<group>"; };
		0BC746706AAF39083E31189A /* PhysicsServerSharedMemory.cpp */ = {isa = PBXFileReference; lastKnownFileType = sourcecode.cpp.cpp; name = "PhysicsServerSharedMemory.cpp"; path = "../../examples/SharedMemory/PhysicsServerSharedMemory.cpp"; sourceTree = "<group>"; };
		273728DF72810D4F6FFC40BC /* PhysicsServerSharedMemory.h */ = {isa = PBXFileReference; lastKnownFileType = sourcecode.c.h; name = "PhysicsServerSharedMemory.h"; path = "../../examples/SharedMemory/PhysicsServerSharedMemory.h"; sourceTree = "<group>"; };
		2C8768A12306672534B55960 /* PosixSharedMemory.cpp */ = {isa = PBXFileReference; lastKnownFileType = sourcecode.cpp.cpp; name = "PosixSharedMemory.cpp"; path = "../../examples/SharedMemory/PosixSharedMemory.cpp"; sourceTree = "<group>"; };
		7974562F5E5F4B6D143215E3 /* PosixSharedMemory.h */ = {isa = PBXFileReference; lastKnownFileType = sourcecode.c.h; name = "PosixSharedMemory.h"; path = "../../examples/SharedMemory/PosixSharedMemory.h"; sourceTree = "<group>"; };
		155D27F379737D4B4CD01903 /* Win32SharedMemory.cpp */ = {isa = PBXFileReference; lastKnownFileType = sourcecode.cpp.cpp; name = "Win32SharedMemory.cpp"; path = "../../examples/SharedMemory/Win32SharedMemory.cpp"; sourceTree = "<group>"; };
		587C60A639687F8C6829650B /* Win32SharedMemory.h */ = {isa = PBXFileReference; lastKnownFileType = sourcecode.c.h; name = "Win32SharedMemory.h"; path = "../../examples/SharedMemory/Win32SharedMemory.h"; sourceTree = "<group>"; };
		7DC86BCA4039107D0EB529E1 /* tiny_obj_loader.cpp */ = {isa = PBXFileReference; lastKnownFileType = sourcecode.cpp.cpp; name = "tiny_obj_loader.cpp"; path = "../../examples/ThirdPartyLibs/Wavefront/tiny_obj_loader.cpp"; sourceTree = "<group>"; };
		36180AD551E3374800E56FDC /* tiny_obj_loader.h */ = {isa = PBXFileReference; lastKnownFileType = sourcecode.c.h; name = "tiny_obj_loader.h"; path = "../../examples/ThirdPartyLibs/Wavefront/tiny_obj_loader.h"; sourceTree = "<group>"; };
		00245C6256247ADB6F1824AD /* tinystr.cpp */ = {isa = PBXFileReference; lastKnownFileType = sourcecode.cpp.cpp; name = "tinystr.cpp"; path = "../../examples/ThirdPartyLibs/tinyxml/tinystr.cpp"; sourceTree = "<group>"; };
		14974E58259E54C23ED24EE8 /* tinyxml.cpp */ = {isa = PBXFileReference; lastKnownFileType = sourcecode.cpp.cpp; name = "tinyxml.cpp"; path = "../../examples/ThirdPartyLibs/tinyxml/tinyxml.cpp"; sourceTree = "<group>"; };
		368968DE708566A106BA248B /* tinyxmlerror.cpp */ = {isa = PBXFileReference; lastKnownFileType = sourcecode.cpp.cpp; name = "tinyxmlerror.cpp"; path = "../../examples/ThirdPartyLibs/tinyxml/tinyxmlerror.cpp"; sourceTree = "<group>"; };
		725C32110300171770F42D27 /* tinyxmlparser.cpp */ = {isa = PBXFileReference; lastKnownFileType = sourcecode.cpp.cpp; name = "tinyxmlparser.cpp"; path = "../../examples/ThirdPartyLibs/tinyxml/tinyxmlparser.cpp"; sourceTree = "<group>"; };
		2FE162582F171A604E4A145C /* b3ResourcePath.cpp */ = {isa = PBXFileReference; lastKnownFileType = sourcecode.cpp.cpp; name = "b3ResourcePath.cpp"; path = "../../examples/Utils/b3ResourcePath.cpp"; sourceTree = "<group>"; };
		725553E25924699E04FE7C09 /* b3ResourcePath.h */ = {isa = PBXFileReference; lastKnownFileType = sourcecode.c.h; name = "b3ResourcePath.h"; path = "../../examples/Utils/b3ResourcePath.h"; sourceTree = "<group>"; };
		634B69AA2E5A2FCC2A9115E9 /* test.c */ = {isa = PBXFileReference; lastKnownFileType = sourcecode.c.c; name = "test.c"; path = "../../test/SharedMemory/test.c"; sourceTree = "<group>"; };
		585D533955E742BD350D2493 /* Test_PhysicsServerLoopBack_xcode4_x64_release */ = {isa = PBXFileReference; explicitFileType = "compiled.mach-o.executable"; includeInIndex = 0; name = "Test_PhysicsServerLoopBack_xcode4_x64_release"; path = "Test_PhysicsServerLoopBack_xcode4_x64_release"; sourceTree = BUILT_PRODUCTS_DIR; };
		1664277E5DE25DD1044E537A /* BulletFileLoader.xcodeproj */ = {isa = PBXFileReference; lastKnownFileType = "wrapper.pb-project"; name = "BulletFileLoader.xcodeproj"; path = "BulletFileLoader.xcodeproj"; sourceTree = SOURCE_ROOT; };
		10C65A9B7F0E14475ACD7A4F /* BulletWorldImporter.xcodeproj */ = {isa = PBXFileReference; lastKnownFileType = "wrapper.pb-project"; name = "BulletWorldImporter.xcodeproj"; path = "BulletWorldImporter.xcodeproj"; sourceTree = SOURCE_ROOT; };
		109B3C5E5FF64D991523347A /* Bullet3Common.xcodeproj */ = {isa = PBXFileReference; lastKnownFileType = "wrapper.pb-project"; name = "Bullet3Common.xcodeproj"; path = "Bullet3Common.xcodeproj"; sourceTree = SOURCE_ROOT; };
		0C694DE706B430622BCC0C2D /* BulletDynamics.xcodeproj */ = {isa = PBXFileReference; lastKnownFileType = "wrapper.pb-project"; name = "BulletDynamics.xcodeproj"; path = "BulletDynamics.xcodeproj"; sourceTree = SOURCE_ROOT; };
		27D92B436FF1729F558A78A8 /* BulletCollision.xcodeproj */ = {isa = PBXFileReference; lastKnownFileType = "wrapper.pb-project"; name = "BulletCollision.xcodeproj"; path = "BulletCollision.xcodeproj"; sourceTree = SOURCE_ROOT; };
		75E318C964220E66748C1FD5 /* LinearMath.xcodeproj */ = {isa = PBXFileReference; lastKnownFileType = "wrapper.pb-project"; name = "LinearMath.xcodeproj"; path = "LinearMath.xcodeproj"; sourceTree = SOURCE_ROOT; };
/* End PBXFileReference section */

/* Begin PBXFrameworksBuildPhase section */
		648E553F4F6F3AE6045668B0 /* Frameworks */ = {
			isa = PBXFrameworksBuildPhase;
			buildActionMask = 2147483647;
			files = (
				11E4443702343B30094A6965 /* libBulletFileLoader.a in Frameworks */,
				39BA02C2419868FF5B7B6F16 /* libBulletWorldImporter.a in Frameworks */,
				25320C683CAC7F9E1DDC77CA /* libBullet3Common.a in Frameworks */,
				3DB2767A5E9931BE31D11E75 /* libBulletDynamics.a in Frameworks */,
				63FF23755AA665451F0D1738 /* libBulletCollision.a in Frameworks */,
				57422EDC056D51BB71735825 /* libLinearMath.a in Frameworks */,
			);
			runOnlyForDeploymentPostprocessing = 0;
		};
/* End PBXFrameworksBuildPhase section */

/* Begin PBXGroup section */
		0AAF14386E3C5A00498436C4 /* Test_PhysicsServerLoopBack */ = {
			isa = PBXGroup;
			children = (
				296818B11BDD7D68433F091D /* examples */,
				34F8171F2BC133477C526C42 /* test */,
				3DDA3DBE35B32CD6548465BC /* Products */,
				3167752353E246B0623E0446 /* Projects */,
			);
			name = "Test_PhysicsServerLoopBack";
			sourceTree = "<group>";
		};
		296818B11BDD7D68433F091D /* examples */ = {
			isa = PBXGroup;
			children = (
				7FC42D562649383F4679444B /* Importers */,
				65FE28F05BF737BF11F32212 /* SharedMemory */,
				5DD1691E4AE37DEF115F7B03 /* ThirdPartyLibs */,
				368212D65F2B069664AF3F7D /* Utils */,
			);
			name = "examples";
			sourceTree = "<group>";
		};
		7FC42D562649383F4679444B /* Importers */ = {
			isa = PBXGroup;
			children = (
				45907C8728C079994EBC3B59 /* ImportColladaDemo */,
				38CA587D1F221FF251284985 /* ImportObjDemo */,
				67D7718D20DD4099199453A6 /* ImportURDFDemo */,
			);
			name = "Importers";
			sourceTree = "<group>";
		};
		45907C8728C079994EBC3B59 /* ImportColladaDemo */ = {
			isa = PBXGroup;
			children = (
				518E41FD567B65B217C32880 /* LoadMeshFromCollada.cpp */,
			);
			name = "ImportColladaDemo";
			sourceTree = "<group>";
		};
		38CA587D1F221FF251284985 /* ImportObjDemo */ = {
			isa = PBXGroup;
			children = (
				56DC43FD235B39AE63644517 /* LoadMeshFromObj.cpp */,
				002B1516636C6D341DF21FF3 /* Wavefront2GLInstanceGraphicsShape.cpp */,
			);
			name = "ImportObjDemo";
			sourceTree = "<group>";
		};
		67D7718D20DD4099199453A6 /* ImportURDFDemo */ = {
			isa = PBXGroup;
			children = (
				5BD85F4A148674A66BA54D14 /* BulletUrdfImporter.cpp */,
				111D268368B62E6F26D029B9 /* MyMultiBodyCreator.cpp */,
				30C5722B161A058A5ABF64E0 /* URDF2Bullet.cpp */,
				32144F1B1B95777348597E5A /* UrdfParser.cpp */,
				0EE9793674AD23115DB8045F /* urdfStringSplit.cpp */,
			);
			name = "ImportURDFDemo";
			sourceTree = "<group>";
		};
		65FE28F05BF737BF11F32212 /* SharedMemory */ = {
			isa = PBXGroup;
			children = (
				04130D460D1F21814A195735 /* PhysicsClient.cpp */,
				5877070963D833CD07A047A5 /* PhysicsClient.h */,
				4C1F30D84A1805B413722E2F /* PhysicsClientC_API.cpp */,
				0CE407936E76066B6BD265F1 /* PhysicsClientC_API.h */,
				59B5003C6AE706007B841EE1 /* PhysicsClientSharedMemory.cpp */,
				55C6611556A1008203E80B5B /* PhysicsClientSharedMemory.h */,
				15BC1496140A3333153356AD /* PhysicsLoopBack.cpp */,
				03556ADF125656DA164E74C3 /* PhysicsLoopBack.h */,
				305E27A9028F1E6D0D853DB8 /* PhysicsLoopBackC_API.cpp */,
				78993B415CD154A3385B1441 /* PhysicsLoopBackC_API.h */,
				6F3B1AC657A1312659EB7D6F /* PhysicsServer.cpp */,
				0FD0572833E5384D6C4B5C05 /* PhysicsServer.h */,
				71E63EC52D893D2906E56006 /* PhysicsServerCommandProcessor.cpp */,
				284F767D4747342B29C07E4F /* PhysicsServerCommandProcessor.h */,
				0BC746706AAF39083E31189A /* PhysicsServerSharedMemory.cpp */,
				273728DF72810D4F6FFC40BC /* PhysicsServerSharedMemory.h */,
				2C8768A12306672534B55960 /* PosixSharedMemory.cpp */,
				7974562F5E5F4B6D143215E3 /* PosixSharedMemory.h */,
				155D27F379737D4B4CD01903 /* Win32SharedMemory.cpp */,
				587C60A639687F8C6829650B /* Win32SharedMemory.h */,
			);
			name = "SharedMemory";
			sourceTree = "<group>";
		};
		5DD1691E4AE37DEF115F7B03 /* ThirdPartyLibs */ = {
			isa = PBXGroup;
			children = (
				2CD82DD442942D92043A3194 /* Wavefront */,
				673759380682724E1E5E602A /* tinyxml */,
			);
			name = "ThirdPartyLibs";
			sourceTree = "<group>";
		};
		2CD82DD442942D92043A3194 /* Wavefront */ = {
			isa = PBXGroup;
			children = (
				7DC86BCA4039107D0EB529E1 /* tiny_obj_loader.cpp */,
				36180AD551E3374800E56FDC /* tiny_obj_loader.h */,
			);
			name = "Wavefront";
			sourceTree = "<group>";
		};
		673759380682724E1E5E602A /* tinyxml */ = {
			isa = PBXGroup;
			children = (
				00245C6256247ADB6F1824AD /* tinystr.cpp */,
				14974E58259E54C23ED24EE8 /* tinyxml.cpp */,
				368968DE708566A106BA248B /* tinyxmlerror.cpp */,
				725C32110300171770F42D27 /* tinyxmlparser.cpp */,
			);
			name = "tinyxml";
			sourceTree = "<group>";
		};
		368212D65F2B069664AF3F7D /* Utils */ = {
			isa = PBXGroup;
			children = (
				2FE162582F171A604E4A145C /* b3ResourcePath.cpp */,
				725553E25924699E04FE7C09 /* b3ResourcePath.h */,
			);
			name = "Utils";
			sourceTree = "<group>";
		};
		34F8171F2BC133477C526C42 /* test */ = {
			isa = PBXGroup;
			children = (
				6CE47B992AC9063F33BD5F9F /* SharedMemory */,
			);
			name = "test";
			sourceTree = "<group>";
		};
		6CE47B992AC9063F33BD5F9F /* SharedMemory */ = {
			isa = PBXGroup;
			children = (
				634B69AA2E5A2FCC2A9115E9 /* test.c */,
			);
			name = "SharedMemory";
			sourceTree = "<group>";
		};
		3DDA3DBE35B32CD6548465BC /* Products */ = {
			isa = PBXGroup;
			children = (
				585D533955E742BD350D2493 /* Test_PhysicsServerLoopBack_xcode4_x64_release */,
			);
			name = "Products";
			sourceTree = "<group>";
		};
		3167752353E246B0623E0446 /* Projects */ = {
			isa = PBXGroup;
			children = (
				1664277E5DE25DD1044E537A /* BulletFileLoader.xcodeproj */,
				10C65A9B7F0E14475ACD7A4F /* BulletWorldImporter.xcodeproj */,
				109B3C5E5FF64D991523347A /* Bullet3Common.xcodeproj */,
				0C694DE706B430622BCC0C2D /* BulletDynamics.xcodeproj */,
				27D92B436FF1729F558A78A8 /* BulletCollision.xcodeproj */,
				75E318C964220E66748C1FD5 /* LinearMath.xcodeproj */,
			);
			name = "Projects";
			sourceTree = "<group>";
		};
		5C9973E952192718216914B0 /* Products */ = {
			isa = PBXGroup;
			children = (
				6F182DF165F80F9119154B31 /* libBulletFileLoader.a */,
			);
			name = Products;
			sourceTree = "<group>";
		};
		77A26DCF5A3171C201273C54 /* Products */ = {
			isa = PBXGroup;
			children = (
				01A92DF56CDB3323733A01C1 /* libBulletWorldImporter.a */,
			);
			name = Products;
			sourceTree = "<group>";
		};
		658C6E166C353A2D6EF12732 /* Products */ = {
			isa = PBXGroup;
			children = (
				5A4E432C159F1A697E5A4C3E /* libBullet3Common.a */,
			);
			name = Products;
			sourceTree = "<group>";
		};
		5E3F206A458D52FD7F5007CA /* Products */ = {
			isa = PBXGroup;
			children = (
				065E0A11684319EA01221146 /* libBulletDynamics.a */,
			);
			name = Products;
			sourceTree = "<group>";
		};
		741860CF44B20BE0303C33C6 /* Products */ = {
			isa = PBXGroup;
			children = (
				06F6340B3EAE1821318A7F67 /* libBulletCollision.a */,
			);
			name = Products;
			sourceTree = "<group>";
		};
		122E24196E465CCF36A458F4 /* Products */ = {
			isa = PBXGroup;
			children = (
				0E322FC5495109A81D292AA5 /* libLinearMath.a */,
			);
			name = Products;
			sourceTree = "<group>";
		};
/* End PBXGroup section */

/* Begin PBXNativeTarget section */
		53395D1663B26E1C22070FE0 /* Test_PhysicsServerLoopBack */ = {
			isa = PBXNativeTarget;
			buildConfigurationList = 7832293F080B434C57864B9D /* Build configuration list for PBXNativeTarget "Test_PhysicsServerLoopBack" */;
			buildPhases = (
				6C6A30E8672A2DA8000810D1 /* Resources */,
				264A58B7585B59DC32767AC2 /* Sources */,
				648E553F4F6F3AE6045668B0 /* Frameworks */,
			);
			buildRules = (
			);
			dependencies = (
				58785E9061A2550213FE483C /* PBXTargetDependency */,
				545E7E6D5AE731913D7D6270 /* PBXTargetDependency */,
				2ECC67C133AD56605D2E14C0 /* PBXTargetDependency */,
				7D361AA54E1F67AE77042B9D /* PBXTargetDependency */,
				5761515D40D167105F1B12E9 /* PBXTargetDependency */,
				221D32F701BB22A32307582D /* PBXTargetDependency */,
			);
			name = "Test_PhysicsServerLoopBack";
			productInstallPath = "$(HOME)/bin";
			productName = "Test_PhysicsServerLoopBack";
			productReference = 585D533955E742BD350D2493 /* Test_PhysicsServerLoopBack_xcode4_x64_release */;
			productType = "com.apple.product-type.tool";
		};
/* End PBXNativeTarget section */

/* Begin PBXProject section */
		08FB7793FE84155DC02AAC07 /* Project object */ = {
			isa = PBXProject;
			buildConfigurationList = 1DEB928908733DD80010E9CD /* Build configuration list for PBXProject "Test_PhysicsServerLoopBack" */;
			compatibilityVersion = "Xcode 3.2";
			hasScannedForEncodings = 1;
			mainGroup = 0AAF14386E3C5A00498436C4 /* Test_PhysicsServerLoopBack */;
			projectDirPath = "";
			projectReferences = (
				{
					ProductGroup = 5C9973E952192718216914B0 /* Products */;
					ProjectRef = 1664277E5DE25DD1044E537A /* BulletFileLoader.xcodeproj */;
				},
				{
					ProductGroup = 77A26DCF5A3171C201273C54 /* Products */;
					ProjectRef = 10C65A9B7F0E14475ACD7A4F /* BulletWorldImporter.xcodeproj */;
				},
				{
					ProductGroup = 658C6E166C353A2D6EF12732 /* Products */;
					ProjectRef = 109B3C5E5FF64D991523347A /* Bullet3Common.xcodeproj */;
				},
				{
					ProductGroup = 5E3F206A458D52FD7F5007CA /* Products */;
					ProjectRef = 0C694DE706B430622BCC0C2D /* BulletDynamics.xcodeproj */;
				},
				{
					ProductGroup = 741860CF44B20BE0303C33C6 /* Products */;
					ProjectRef = 27D92B436FF1729F558A78A8 /* BulletCollision.xcodeproj */;
				},
				{
					ProductGroup = 122E24196E465CCF36A458F4 /* Products */;
					ProjectRef = 75E318C964220E66748C1FD5 /* LinearMath.xcodeproj */;
				},
			);
			projectRoot = "";
			targets = (
				53395D1663B26E1C22070FE0 /* Test_PhysicsServerLoopBack_xcode4_x64_release */,
			);
		};
/* End PBXProject section */

/* Begin PBXReferenceProxy section */
		6F182DF165F80F9119154B31 /* libBulletFileLoader.a */ = {
			isa = PBXReferenceProxy;
			fileType = archive.ar;
			path = "../../bin/libBulletFileLoader.a";
			remoteRef = 5FAB68F148615D5463D75FE3 /* PBXContainerItemProxy */;
			sourceTree = BUILT_PRODUCTS_DIR;
		};
		01A92DF56CDB3323733A01C1 /* libBulletWorldImporter.a */ = {
			isa = PBXReferenceProxy;
			fileType = archive.ar;
			path = "../../bin/libBulletWorldImporter.a";
			remoteRef = 55961FD967D019027B0D17AC /* PBXContainerItemProxy */;
			sourceTree = BUILT_PRODUCTS_DIR;
		};
		5A4E432C159F1A697E5A4C3E /* libBullet3Common.a */ = {
			isa = PBXReferenceProxy;
			fileType = archive.ar;
			path = "../../bin/libBullet3Common.a";
			remoteRef = 675875D924AF73C710D66EA1 /* PBXContainerItemProxy */;
			sourceTree = BUILT_PRODUCTS_DIR;
		};
		065E0A11684319EA01221146 /* libBulletDynamics.a */ = {
			isa = PBXReferenceProxy;
			fileType = archive.ar;
			path = "../../bin/libBulletDynamics.a";
			remoteRef = 100E3C0D1A095DA925192CCF /* PBXContainerItemProxy */;
			sourceTree = BUILT_PRODUCTS_DIR;
		};
		06F6340B3EAE1821318A7F67 /* libBulletCollision.a */ = {
			isa = PBXReferenceProxy;
			fileType = archive.ar;
			path = "../../bin/libBulletCollision.a";
			remoteRef = 17B51CC03EED56E7025B5A9D /* PBXContainerItemProxy */;
			sourceTree = BUILT_PRODUCTS_DIR;
		};
		0E322FC5495109A81D292AA5 /* libLinearMath.a */ = {
			isa = PBXReferenceProxy;
			fileType = archive.ar;
			path = "../../bin/libLinearMath.a";
			remoteRef = 2D44791B61200C9F52F91915 /* PBXContainerItemProxy */;
			sourceTree = BUILT_PRODUCTS_DIR;
		};
/* End PBXReferenceProxy section */

/* Begin PBXResourcesBuildPhase section */
		6C6A30E8672A2DA8000810D1 /* Resources */ = {
			isa = PBXResourcesBuildPhase;
			buildActionMask = 2147483647;
			files = (
			);
			runOnlyForDeploymentPostprocessing = 0;
		};
/* End PBXResourcesBuildPhase section */

/* Begin PBXSourcesBuildPhase section */
		264A58B7585B59DC32767AC2 /* Sources */ = {
			isa = PBXSourcesBuildPhase;
			buildActionMask = 2147483647;
			files = (
				124C715B1FDE34CA74626DEC /* LoadMeshFromCollada.cpp in Sources */,
				24B03BA553837EBC0A1C4E5F /* LoadMeshFromObj.cpp in Sources */,
				2AC9107A77313FFA36CE414A /* Wavefront2GLInstanceGraphicsShape.cpp in Sources */,
				063F476431867F8F0A8D5C7C /* BulletUrdfImporter.cpp in Sources */,
				58DC5FFD0FED2C6B55D25983 /* MyMultiBodyCreator.cpp in Sources */,
				64965B9E6CAE379145B71CC8 /* URDF2Bullet.cpp in Sources */,
				5FDC774C4D6826B00E605628 /* UrdfParser.cpp in Sources */,
				1D2100CC74996FE07D415F9F /* urdfStringSplit.cpp in Sources */,
				77A853BD3FD372373436454D /* PhysicsClient.cpp in Sources */,
				175E3DC70DC104ED77E316DF /* PhysicsClientC_API.cpp in Sources */,
				7BB13E7046E5717D59E5719E /* PhysicsClientSharedMemory.cpp in Sources */,
				7B83066432607AE432456DEB /* PhysicsLoopBack.cpp in Sources */,
				7CE5595D7845180A46206B25 /* PhysicsLoopBackC_API.cpp in Sources */,
				0BBE7FF761EC662C6F6B09A0 /* PhysicsServer.cpp in Sources */,
				2A3931B2540F4C4354682603 /* PhysicsServerCommandProcessor.cpp in Sources */,
				284F1AAF1308177C6834332E /* PhysicsServerSharedMemory.cpp in Sources */,
				398A414E7C58251654736911 /* PosixSharedMemory.cpp in Sources */,
				309944CA4D62616A1ACA776C /* Win32SharedMemory.cpp in Sources */,
				1C69366D652B0359549737BA /* tiny_obj_loader.cpp in Sources */,
				678E216E61E936652A292358 /* tinystr.cpp in Sources */,
				10D34404762B3DA0650A7FAC /* tinyxml.cpp in Sources */,
				2F077B065406055A5B701776 /* tinyxmlerror.cpp in Sources */,
				6DF710716FD67EF65E1F057E /* tinyxmlparser.cpp in Sources */,
				251C78C9724A1220120709A0 /* b3ResourcePath.cpp in Sources */,
				1F90481A330921D805396D56 /* test.c in Sources */,
			);
			runOnlyForDeploymentPostprocessing = 0;
		};
/* End PBXSourcesBuildPhase section */

/* Begin PBXVariantGroup section */
/* End PBXVariantGroup section */

/* Begin PBXTargetDependency section */
		58785E9061A2550213FE483C /* PBXTargetDependency */ = {
			isa = PBXTargetDependency;
			name = "libBulletFileLoader.a";
			targetProxy = 445062656CAF08C20329210C /* PBXContainerItemProxy */;
		};
		545E7E6D5AE731913D7D6270 /* PBXTargetDependency */ = {
			isa = PBXTargetDependency;
			name = "libBulletWorldImporter.a";
			targetProxy = 5C6C4F23117D3C1E75EE0554 /* PBXContainerItemProxy */;
		};
		2ECC67C133AD56605D2E14C0 /* PBXTargetDependency */ = {
			isa = PBXTargetDependency;
			name = "libBullet3Common.a";
			targetProxy = 425F72026F44178C02CF1083 /* PBXContainerItemProxy */;
		};
		7D361AA54E1F67AE77042B9D /* PBXTargetDependency */ = {
			isa = PBXTargetDependency;
			name = "libBulletDynamics.a";
			targetProxy = 58E96777515A121826574F34 /* PBXContainerItemProxy */;
		};
		5761515D40D167105F1B12E9 /* PBXTargetDependency */ = {
			isa = PBXTargetDependency;
			name = "libBulletCollision.a";
			targetProxy = 1DB76CD47C0C05E84FAE56AA /* PBXContainerItemProxy */;
		};
		221D32F701BB22A32307582D /* PBXTargetDependency */ = {
			isa = PBXTargetDependency;
			name = "libLinearMath.a";
			targetProxy = 31C110EE19EE7C8D37E72165 /* PBXContainerItemProxy */;
		};
/* End PBXTargetDependency section */

/* Begin XCBuildConfiguration section */
		35A15EA9642C3DA46DE57077 /* Release */ = {
			isa = XCBuildConfiguration;
			buildSettings = {
				ARCHS = "$(ARCHS_STANDARD_32_BIT) $(ARCHS_STANDARD_64_BIT)";
				VALID_ARCHS = "x86_64 i386";
				ALWAYS_SEARCH_USER_PATHS = NO;
				DEBUG_INFORMATION_FORMAT = "dwarf-with-dsym";
				CONFIGURATION_BUILD_DIR = "../../bin";
				GCC_DYNAMIC_NO_PIC = NO;
				GCC_MODEL_TUNING = G5;
				INSTALL_PATH = /usr/local/bin;
				PRODUCT_NAME = "Test_PhysicsServerLoopBack_xcode4_x64_release";
			};
			name = "Release";
		};
		40CC4E4F4F637D34131C4CC9 /* Debug */ = {
			isa = XCBuildConfiguration;
			buildSettings = {
				ARCHS = "$(ARCHS_STANDARD_32_BIT) $(ARCHS_STANDARD_64_BIT)";
				VALID_ARCHS = "x86_64 i386";
				ALWAYS_SEARCH_USER_PATHS = NO;
				CONFIGURATION_BUILD_DIR = "../../bin";
				GCC_DYNAMIC_NO_PIC = NO;
				GCC_MODEL_TUNING = G5;
				INSTALL_PATH = /usr/local/bin;
				PRODUCT_NAME = "Test_PhysicsServerLoopBack_xcode4_x64_debug";
			};
			name = "Debug";
		};
		533F79D24E2A61D104CC254C /* Release */ = {
			isa = XCBuildConfiguration;
			buildSettings = {
				ARCHS = "$(ARCHS_STANDARD_32_BIT) $(ARCHS_STANDARD_64_BIT)";
				VALID_ARCHS = "x86_64 i386";
				SDKROOT = macosx;
				ARCHS = "x86_64";
				CONFIGURATION_BUILD_DIR = "$(SYMROOT)";
				CONFIGURATION_TEMP_DIR = "$(OBJROOT)";
				GCC_C_LANGUAGE_STANDARD = gnu99;
				GCC_OPTIMIZATION_LEVEL = s;
				GCC_PREPROCESSOR_DEFINITIONS = (
					"PHYSICS_LOOP_BACK",
				);
				GCC_SYMBOLS_PRIVATE_EXTERN = NO;
				GCC_WARN_ABOUT_RETURN_TYPE = YES;
				GCC_WARN_UNUSED_VARIABLE = YES;
				HEADER_SEARCH_PATHS = (
					"../../src",
					"../../examples",
					"../../examples/ThirdPartyLibs",
				);
				OBJROOT = "obj/x64/Release/Test_PhysicsServerLoopBack";
				ONLY_ACTIVE_ARCH = NO;
				OTHER_CFLAGS = (
					"-ffast-math",
				);
				STANDARD_C_PLUS_PLUS_LIBRARY_TYPE = static;
				SYMROOT = "../../bin";
			};
			name = "Release";
		};
		3A351E3A190B3D897F804924 /* Debug */ = {
			isa = XCBuildConfiguration;
			buildSettings = {
				ARCHS = "$(ARCHS_STANDARD_32_BIT) $(ARCHS_STANDARD_64_BIT)";
				VALID_ARCHS = "x86_64 i386";
				SDKROOT = macosx;
				ARCHS = "x86_64";
				CONFIGURATION_BUILD_DIR = "$(SYMROOT)";
				CONFIGURATION_TEMP_DIR = "$(OBJROOT)";
				COPY_PHASE_STRIP = NO;
				GCC_C_LANGUAGE_STANDARD = gnu99;
				GCC_OPTIMIZATION_LEVEL = 0;
				GCC_PREPROCESSOR_DEFINITIONS = (
					"_DEBUG=1",
					"PHYSICS_LOOP_BACK",
				);
				GCC_SYMBOLS_PRIVATE_EXTERN = NO;
				GCC_WARN_ABOUT_RETURN_TYPE = YES;
				GCC_WARN_UNUSED_VARIABLE = YES;
				HEADER_SEARCH_PATHS = (
					"../../src",
					"../../examples",
					"../../examples/ThirdPartyLibs",
				);
				OBJROOT = "obj/x64/Debug/Test_PhysicsServerLoopBack";
				ONLY_ACTIVE_ARCH = YES;
				OTHER_CFLAGS = (
					"-ffast-math",
				);
				STANDARD_C_PLUS_PLUS_LIBRARY_TYPE = static;
				SYMROOT = "../../bin";
			};
			name = "Debug";
		};
/* End XCBuildConfiguration section */

/* Begin XCConfigurationList section */
		7832293F080B434C57864B9D /* Build configuration list for PBXNativeTarget "Test_PhysicsServerLoopBack_xcode4_x64_release" */ = {
			isa = XCConfigurationList;
			buildConfigurations = (
				35A15EA9642C3DA46DE57077 /* Release */,
				40CC4E4F4F637D34131C4CC9 /* Debug */,
			);
			defaultConfigurationIsVisible = 0;
			defaultConfigurationName = "Release";
		};
		1DEB928908733DD80010E9CD /* Build configuration list for PBXProject "Test_PhysicsServerLoopBack" */ = {
			isa = XCConfigurationList;
			buildConfigurations = (
				533F79D24E2A61D104CC254C /* Release */,
				3A351E3A190B3D897F804924 /* Debug */,
			);
			defaultConfigurationIsVisible = 0;
			defaultConfigurationName = "Release";
		};
/* End XCConfigurationList section */

	};
	rootObject = 08FB7793FE84155DC02AAC07 /* Project object */;
}
