// !$*UTF8*$!
{
	archiveVersion = 1;
	classes = {
	};
	objectVersion = 45;
	objects = {

/* Begin PBXBuildFile section */
		69F41A53707D602F375F4F31 /* b3BulletFile.cpp in Sources */ = {isa = PBXBuildFile; fileRef = 72CC3D0D20826C5F7FAC1D59 /* b3BulletFile.cpp */; };
		52E96DEF6B682304783178D6 /* b3Chunk.cpp in Sources */ = {isa = PBXBuildFile; fileRef = 1B5B78E47E714205680533FF /* b3Chunk.cpp */; };
		44A66F1836F40E2746071B34 /* b3DNA.cpp in Sources */ = {isa = PBXBuildFile; fileRef = 03891C6A14BF2B0963A43E7A /* b3DNA.cpp */; };
		394A542F11C861C211772F51 /* b3File.cpp in Sources */ = {isa = PBXBuildFile; fileRef = 4EC52208487B14E40D3A0DC3 /* b3File.cpp */; };
		7A8E280F133054E107710EC8 /* b3Serializer.cpp in Sources */ = {isa = PBXBuildFile; fileRef = 19EF40135EE46B384A114972 /* b3Serializer.cpp */; };
/* End PBXBuildFile section */

/* Begin PBXFileReference section */
		2D5536BB42ED0C7A5B540EEF /* bullet2.h */ = {isa = PBXFileReference; lastKnownFileType = sourcecode.c.h; name = "bullet2.h"; path = "../../src/Bullet3Serialize/Bullet2FileLoader/autogenerated/bullet2.h"; sourceTree = "<group>"; };
		72CC3D0D20826C5F7FAC1D59 /* b3BulletFile.cpp */ = {isa = PBXFileReference; lastKnownFileType = sourcecode.cpp.cpp; name = "b3BulletFile.cpp"; path = "../../src/Bullet3Serialize/Bullet2FileLoader/b3BulletFile.cpp"; sourceTree = "<group>"; };
		4FC73B9676BF0B5844A54BFE /* b3BulletFile.h */ = {isa = PBXFileReference; lastKnownFileType = sourcecode.c.h; name = "b3BulletFile.h"; path = "../../src/Bullet3Serialize/Bullet2FileLoader/b3BulletFile.h"; sourceTree = "<group>"; };
		1B5B78E47E714205680533FF /* b3Chunk.cpp */ = {isa = PBXFileReference; lastKnownFileType = sourcecode.cpp.cpp; name = "b3Chunk.cpp"; path = "../../src/Bullet3Serialize/Bullet2FileLoader/b3Chunk.cpp"; sourceTree = "<group>"; };
		50BD53BC6FFA12C96E7F7FC0 /* b3Chunk.h */ = {isa = PBXFileReference; lastKnownFileType = sourcecode.c.h; name = "b3Chunk.h"; path = "../../src/Bullet3Serialize/Bullet2FileLoader/b3Chunk.h"; sourceTree = "<group>"; };
		2C7804C2734B637402DD0FD5 /* b3Common.h */ = {isa = PBXFileReference; lastKnownFileType = sourcecode.c.h; name = "b3Common.h"; path = "../../src/Bullet3Serialize/Bullet2FileLoader/b3Common.h"; sourceTree = "<group>"; };
		03891C6A14BF2B0963A43E7A /* b3DNA.cpp */ = {isa = PBXFileReference; lastKnownFileType = sourcecode.cpp.cpp; name = "b3DNA.cpp"; path = "../../src/Bullet3Serialize/Bullet2FileLoader/b3DNA.cpp"; sourceTree = "<group>"; };
		2E4572C45F860AC734D948F1 /* b3DNA.h */ = {isa = PBXFileReference; lastKnownFileType = sourcecode.c.h; name = "b3DNA.h"; path = "../../src/Bullet3Serialize/Bullet2FileLoader/b3DNA.h"; sourceTree = "<group>"; };
		676F667E093A006D0CB57238 /* b3Defines.h */ = {isa = PBXFileReference; lastKnownFileType = sourcecode.c.h; name = "b3Defines.h"; path = "../../src/Bullet3Serialize/Bullet2FileLoader/b3Defines.h"; sourceTree = "<group>"; };
		4EC52208487B14E40D3A0DC3 /* b3File.cpp */ = {isa = PBXFileReference; lastKnownFileType = sourcecode.cpp.cpp; name = "b3File.cpp"; path = "../../src/Bullet3Serialize/Bullet2FileLoader/b3File.cpp"; sourceTree = "<group>"; };
		195A05295BE13DDC511213F4 /* b3File.h */ = {isa = PBXFileReference; lastKnownFileType = sourcecode.c.h; name = "b3File.h"; path = "../../src/Bullet3Serialize/Bullet2FileLoader/b3File.h"; sourceTree = "<group>"; };
		19EF40135EE46B384A114972 /* b3Serializer.cpp */ = {isa = PBXFileReference; lastKnownFileType = sourcecode.cpp.cpp; name = "b3Serializer.cpp"; path = "../../src/Bullet3Serialize/Bullet2FileLoader/b3Serializer.cpp"; sourceTree = "<group>"; };
		0F96760D7428013361EC0231 /* b3Serializer.h */ = {isa = PBXFileReference; lastKnownFileType = sourcecode.c.h; name = "b3Serializer.h"; path = "../../src/Bullet3Serialize/Bullet2FileLoader/b3Serializer.h"; sourceTree = "<group>"; };
		1CAF300345A577EC328F7D60 /* libBullet2FileLoader_xcode4_x64_release.a */ = {isa = PBXFileReference; explicitFileType = archive.ar; includeInIndex = 0; name = "libBullet2FileLoader_xcode4_x64_release.a"; path = "libBullet2FileLoader_xcode4_x64_release.a"; sourceTree = BUILT_PRODUCTS_DIR; };
/* End PBXFileReference section */

/* Begin PBXFrameworksBuildPhase section */
		06872B1A6DFD3BF16AF503C6 /* Frameworks */ = {
			isa = PBXFrameworksBuildPhase;
			buildActionMask = 2147483647;
			files = (
			);
			runOnlyForDeploymentPostprocessing = 0;
		};
/* End PBXFrameworksBuildPhase section */

/* Begin PBXGroup section */
		043158E21EF45DF3052D7CE6 /* Bullet2FileLoader */ = {
			isa = PBXGroup;
			children = (
				0728076E76FA23D6611938A1 /* src */,
				0E950E4B03615B4E74D82993 /* Products */,
			);
			name = "Bullet2FileLoader";
			sourceTree = "<group>";
		};
		0728076E76FA23D6611938A1 /* src */ = {
			isa = PBXGroup;
			children = (
				07BF2C6402317EE4493E3C09 /* Bullet3Serialize */,
			);
			name = "src";
			sourceTree = "<group>";
		};
		07BF2C6402317EE4493E3C09 /* Bullet3Serialize */ = {
			isa = PBXGroup;
			children = (
				7AC00E9A2A223564739200D9 /* Bullet2FileLoader */,
			);
			name = "Bullet3Serialize";
			sourceTree = "<group>";
		};
		7AC00E9A2A223564739200D9 /* Bullet2FileLoader */ = {
			isa = PBXGroup;
			children = (
				3B3D320E60437FC646D70C7A /* autogenerated */,
				72CC3D0D20826C5F7FAC1D59 /* b3BulletFile.cpp */,
				4FC73B9676BF0B5844A54BFE /* b3BulletFile.h */,
				1B5B78E47E714205680533FF /* b3Chunk.cpp */,
				50BD53BC6FFA12C96E7F7FC0 /* b3Chunk.h */,
				2C7804C2734B637402DD0FD5 /* b3Common.h */,
				03891C6A14BF2B0963A43E7A /* b3DNA.cpp */,
				2E4572C45F860AC734D948F1 /* b3DNA.h */,
				676F667E093A006D0CB57238 /* b3Defines.h */,
				4EC52208487B14E40D3A0DC3 /* b3File.cpp */,
				195A05295BE13DDC511213F4 /* b3File.h */,
				19EF40135EE46B384A114972 /* b3Serializer.cpp */,
				0F96760D7428013361EC0231 /* b3Serializer.h */,
			);
			name = "Bullet2FileLoader";
			sourceTree = "<group>";
		};
		3B3D320E60437FC646D70C7A /* autogenerated */ = {
			isa = PBXGroup;
			children = (
				2D5536BB42ED0C7A5B540EEF /* bullet2.h */,
			);
			name = "autogenerated";
			sourceTree = "<group>";
		};
		0E950E4B03615B4E74D82993 /* Products */ = {
			isa = PBXGroup;
			children = (
				1CAF300345A577EC328F7D60 /* libBullet2FileLoader_xcode4_x64_release.a */,
			);
			name = "Products";
			sourceTree = "<group>";
		};
/* End PBXGroup section */

/* Begin PBXNativeTarget section */
		2B1D243E70004CE22A541A44 /* Bullet2FileLoader */ = {
			isa = PBXNativeTarget;
			buildConfigurationList = 2F7E28CA17A836A879BE346B /* Build configuration list for PBXNativeTarget "Bullet2FileLoader" */;
			buildPhases = (
				0902101249780DC87DC80EB7 /* Resources */,
				26DE66090469187F65E54555 /* Sources */,
				06872B1A6DFD3BF16AF503C6 /* Frameworks */,
			);
			buildRules = (
			);
			dependencies = (
			);
			name = "Bullet2FileLoader";
			productName = "Bullet2FileLoader";
			productReference = 1CAF300345A577EC328F7D60 /* libBullet2FileLoader_xcode4_x64_release.a */;
			productType = "com.apple.product-type.library.static";
		};
/* End PBXNativeTarget section */

/* Begin PBXProject section */
		08FB7793FE84155DC02AAC07 /* Project object */ = {
			isa = PBXProject;
			buildConfigurationList = 1DEB928908733DD80010E9CD /* Build configuration list for PBXProject "Bullet2FileLoader" */;
			compatibilityVersion = "Xcode 3.2";
			hasScannedForEncodings = 1;
			mainGroup = 043158E21EF45DF3052D7CE6 /* Bullet2FileLoader */;
			projectDirPath = "";
			projectRoot = "";
			targets = (
				2B1D243E70004CE22A541A44 /* libBullet2FileLoader_xcode4_x64_release.a */,
			);
		};
/* End PBXProject section */

/* Begin PBXResourcesBuildPhase section */
		0902101249780DC87DC80EB7 /* Resources */ = {
			isa = PBXResourcesBuildPhase;
			buildActionMask = 2147483647;
			files = (
			);
			runOnlyForDeploymentPostprocessing = 0;
		};
/* End PBXResourcesBuildPhase section */

/* Begin PBXSourcesBuildPhase section */
		26DE66090469187F65E54555 /* Sources */ = {
			isa = PBXSourcesBuildPhase;
			buildActionMask = 2147483647;
			files = (
				69F41A53707D602F375F4F31 /* b3BulletFile.cpp in Sources */,
				52E96DEF6B682304783178D6 /* b3Chunk.cpp in Sources */,
				44A66F1836F40E2746071B34 /* b3DNA.cpp in Sources */,
				394A542F11C861C211772F51 /* b3File.cpp in Sources */,
				7A8E280F133054E107710EC8 /* b3Serializer.cpp in Sources */,
			);
			runOnlyForDeploymentPostprocessing = 0;
		};
/* End PBXSourcesBuildPhase section */

/* Begin PBXVariantGroup section */
/* End PBXVariantGroup section */

/* Begin XCBuildConfiguration section */
		60354DD646693AEC76020D36 /* Release */ = {
			isa = XCBuildConfiguration;
			buildSettings = {
				ARCHS = "$(ARCHS_STANDARD_32_BIT) $(ARCHS_STANDARD_64_BIT)";
				VALID_ARCHS = "x86_64 i386";
				ALWAYS_SEARCH_USER_PATHS = NO;
				DEBUG_INFORMATION_FORMAT = "dwarf-with-dsym";
				CONFIGURATION_BUILD_DIR = "../../bin";
				GCC_DYNAMIC_NO_PIC = NO;
				GCC_MODEL_TUNING = G5;
				INSTALL_PATH = /usr/local/lib;
				PRODUCT_NAME = "Bullet2FileLoader_xcode4_x64_release";
			};
			name = "Release";
		};
		50C756C8736E3F044BF70231 /* Debug */ = {
			isa = XCBuildConfiguration;
			buildSettings = {
				ARCHS = "$(ARCHS_STANDARD_32_BIT) $(ARCHS_STANDARD_64_BIT)";
				VALID_ARCHS = "x86_64 i386";
				ALWAYS_SEARCH_USER_PATHS = NO;
				CONFIGURATION_BUILD_DIR = "../../bin";
				GCC_DYNAMIC_NO_PIC = NO;
				GCC_MODEL_TUNING = G5;
				INSTALL_PATH = /usr/local/lib;
				PRODUCT_NAME = "Bullet2FileLoader_xcode4_x64_debug";
			};
			name = "Debug";
		};
		738959BF1E5901B06C9335FC /* Release */ = {
			isa = XCBuildConfiguration;
			buildSettings = {
				ARCHS = "$(ARCHS_STANDARD_32_BIT) $(ARCHS_STANDARD_64_BIT)";
				VALID_ARCHS = "x86_64 i386";
				SDKROOT = macosx;
				ARCHS = "x86_64";
				CONFIGURATION_BUILD_DIR = "$(SYMROOT)";
				CONFIGURATION_TEMP_DIR = "$(OBJROOT)";
				GCC_C_LANGUAGE_STANDARD = gnu99;
				GCC_OPTIMIZATION_LEVEL = s;
				GCC_SYMBOLS_PRIVATE_EXTERN = NO;
				GCC_WARN_ABOUT_RETURN_TYPE = YES;
				GCC_WARN_UNUSED_VARIABLE = YES;
				HEADER_SEARCH_PATHS = (
					"../../src",
				);
				OBJROOT = "obj/x64/Release/Bullet2FileLoader";
				ONLY_ACTIVE_ARCH = NO;
				OTHER_CFLAGS = (
					"-ffast-math",
				);
				STANDARD_C_PLUS_PLUS_LIBRARY_TYPE = static;
				SYMROOT = "../../bin";
			};
			name = "Release";
		};
		6413271F7510728E77B26558 /* Debug */ = {
			isa = XCBuildConfiguration;
			buildSettings = {
				ARCHS = "$(ARCHS_STANDARD_32_BIT) $(ARCHS_STANDARD_64_BIT)";
				VALID_ARCHS = "x86_64 i386";
				SDKROOT = macosx;
				ARCHS = "x86_64";
				CONFIGURATION_BUILD_DIR = "$(SYMROOT)";
				CONFIGURATION_TEMP_DIR = "$(OBJROOT)";
				COPY_PHASE_STRIP = NO;
				GCC_C_LANGUAGE_STANDARD = gnu99;
				GCC_OPTIMIZATION_LEVEL = 0;
				GCC_PREPROCESSOR_DEFINITIONS = (
					"_DEBUG=1",
				);
				GCC_SYMBOLS_PRIVATE_EXTERN = NO;
				GCC_WARN_ABOUT_RETURN_TYPE = YES;
				GCC_WARN_UNUSED_VARIABLE = YES;
				HEADER_SEARCH_PATHS = (
					"../../src",
				);
				OBJROOT = "obj/x64/Debug/Bullet2FileLoader";
				ONLY_ACTIVE_ARCH = YES;
				OTHER_CFLAGS = (
					"-ffast-math",
				);
				STANDARD_C_PLUS_PLUS_LIBRARY_TYPE = static;
				SYMROOT = "../../bin";
			};
			name = "Debug";
		};
/* End XCBuildConfiguration section */

/* Begin XCConfigurationList section */
		2F7E28CA17A836A879BE346B /* Build configuration list for PBXNativeTarget "libBullet2FileLoader_xcode4_x64_release.a" */ = {
			isa = XCConfigurationList;
			buildConfigurations = (
				60354DD646693AEC76020D36 /* Release */,
				50C756C8736E3F044BF70231 /* Debug */,
			);
			defaultConfigurationIsVisible = 0;
			defaultConfigurationName = "Release";
		};
		1DEB928908733DD80010E9CD /* Build configuration list for PBXProject "Bullet2FileLoader" */ = {
			isa = XCConfigurationList;
			buildConfigurations = (
				738959BF1E5901B06C9335FC /* Release */,
				6413271F7510728E77B26558 /* Debug */,
			);
			defaultConfigurationIsVisible = 0;
			defaultConfigurationName = "Release";
		};
/* End XCConfigurationList section */

	};
	rootObject = 08FB7793FE84155DC02AAC07 /* Project object */;
}
